// !$*UTF8*$!
{
	archiveVersion = 1;
	classes = {
	};
	objectVersion = 50;
	objects = {

/* Begin PBXBuildFile section */
		3004AE4C21A426960020629B /* RulePeekView.swift in Sources */ = {isa = PBXBuildFile; fileRef = 3004AE4A21A426960020629B /* RulePeekView.swift */; };
		3004AE4F21A427210020629B /* RulePeekView.xib in Resources */ = {isa = PBXBuildFile; fileRef = 3004AE4E21A427210020629B /* RulePeekView.xib */; };
		3004AE5121A436160020629B /* RuleDetailViewController.swift in Sources */ = {isa = PBXBuildFile; fileRef = 3004AE5021A436160020629B /* RuleDetailViewController.swift */; };
		3004AE5321A436230020629B /* RuleDetail.storyboard in Resources */ = {isa = PBXBuildFile; fileRef = 3004AE5221A436230020629B /* RuleDetail.storyboard */; };
		3004AE5621A44E3E0020629B /* CreatorProfileView.swift in Sources */ = {isa = PBXBuildFile; fileRef = 3004AE5421A44E3E0020629B /* CreatorProfileView.swift */; };
		3004AE5721A44E3E0020629B /* CreatorProfileView.xib in Resources */ = {isa = PBXBuildFile; fileRef = 3004AE5521A44E3E0020629B /* CreatorProfileView.xib */; };
		300A58A621A57772000160DF /* RuleCreate.storyboard in Resources */ = {isa = PBXBuildFile; fileRef = 300A58A521A57772000160DF /* RuleCreate.storyboard */; };
		300A58A821A57791000160DF /* RuleCreateViewController.swift in Sources */ = {isa = PBXBuildFile; fileRef = 300A58A721A57791000160DF /* RuleCreateViewController.swift */; };
		300A58AA21A586A8000160DF /* XibView.swift in Sources */ = {isa = PBXBuildFile; fileRef = 300A58A921A586A8000160DF /* XibView.swift */; };
		300A58AE21A5995F000160DF /* PromptView.swift in Sources */ = {isa = PBXBuildFile; fileRef = 300A58AD21A5995F000160DF /* PromptView.swift */; };
		300A58B021A5996D000160DF /* PromptView.xib in Resources */ = {isa = PBXBuildFile; fileRef = 300A58AF21A5996D000160DF /* PromptView.xib */; };
		300A58B421A5A32B000160DF /* UIAlertController.swift in Sources */ = {isa = PBXBuildFile; fileRef = 300A58B321A5A32B000160DF /* UIAlertController.swift */; };
		300A5C4421AC1B0700C6013D /* XibView.xib in Resources */ = {isa = PBXBuildFile; fileRef = 300A5C4321AC1B0700C6013D /* XibView.xib */; };
		300A5C4621AC1FCC00C6013D /* RuleCreateDelegate.swift in Sources */ = {isa = PBXBuildFile; fileRef = 300A5C4521AC1FCC00C6013D /* RuleCreateDelegate.swift */; };
		3065BCFD21A2E6E30005339A /* AppDelegate.swift in Sources */ = {isa = PBXBuildFile; fileRef = 3065BCFC21A2E6E30005339A /* AppDelegate.swift */; };
		3065BCFF21A2E6E30005339A /* ViewController.swift in Sources */ = {isa = PBXBuildFile; fileRef = 3065BCFE21A2E6E30005339A /* ViewController.swift */; };
		3065BD0221A2E6E30005339A /* Main.storyboard in Resources */ = {isa = PBXBuildFile; fileRef = 3065BD0021A2E6E30005339A /* Main.storyboard */; };
		3065BD0521A2E6E30005339A /* RuleOfThumb.xcdatamodeld in Sources */ = {isa = PBXBuildFile; fileRef = 3065BD0321A2E6E30005339A /* RuleOfThumb.xcdatamodeld */; };
		3065BD0721A2E6E50005339A /* Assets.xcassets in Resources */ = {isa = PBXBuildFile; fileRef = 3065BD0621A2E6E50005339A /* Assets.xcassets */; };
		3065BD0A21A2E6E50005339A /* LaunchScreen.storyboard in Resources */ = {isa = PBXBuildFile; fileRef = 3065BD0821A2E6E50005339A /* LaunchScreen.storyboard */; };
		3065BD1521A2E6E50005339A /* RuleOfThumbTests.swift in Sources */ = {isa = PBXBuildFile; fileRef = 3065BD1421A2E6E50005339A /* RuleOfThumbTests.swift */; };
		3065BD2021A2E6E50005339A /* RuleOfThumbUITests.swift in Sources */ = {isa = PBXBuildFile; fileRef = 3065BD1F21A2E6E50005339A /* RuleOfThumbUITests.swift */; };
		3065BD3C21A2EEBF0005339A /* CloudKit.framework in Frameworks */ = {isa = PBXBuildFile; fileRef = 3065BD3B21A2EEBF0005339A /* CloudKit.framework */; };
		3065BD4021A2F3220005339A /* RuleList.storyboard in Resources */ = {isa = PBXBuildFile; fileRef = 3065BD3F21A2F3220005339A /* RuleList.storyboard */; };
		3065BD4221A2F42B0005339A /* RuleListViewController.swift in Sources */ = {isa = PBXBuildFile; fileRef = 3065BD4121A2F42B0005339A /* RuleListViewController.swift */; };
		3065BD4621A2FD3E0005339A /* RuleTableViewCell.swift in Sources */ = {isa = PBXBuildFile; fileRef = 3065BD4421A2FD3E0005339A /* RuleTableViewCell.swift */; };
		3065BD4721A2FD3E0005339A /* RuleTableViewCell.xib in Resources */ = {isa = PBXBuildFile; fileRef = 3065BD4521A2FD3E0005339A /* RuleTableViewCell.xib */; };
		308EE4EB21A6E20E00C17310 /* RuleVotingCardViewCell.swift in Sources */ = {isa = PBXBuildFile; fileRef = 308EE4EA21A6E20E00C17310 /* RuleVotingCardViewCell.swift */; };
		308EE4ED21A6E22800C17310 /* RuleVotingCardViewCell.xib in Resources */ = {isa = PBXBuildFile; fileRef = 308EE4EC21A6E22800C17310 /* RuleVotingCardViewCell.xib */; };
		308EE4EF21A6E62800C17310 /* VotingPromptView.xib in Resources */ = {isa = PBXBuildFile; fileRef = 308EE4EE21A6E62800C17310 /* VotingPromptView.xib */; };
		308EE4F121A6E63700C17310 /* VotingPromptView.swift in Sources */ = {isa = PBXBuildFile; fileRef = 308EE4F021A6E63700C17310 /* VotingPromptView.swift */; };
		308EE4F321A6E8FC00C17310 /* VotingStatusView.swift in Sources */ = {isa = PBXBuildFile; fileRef = 308EE4F221A6E8FC00C17310 /* VotingStatusView.swift */; };
		308EE4F721A6E91900C17310 /* VotingStatusView.xib in Resources */ = {isa = PBXBuildFile; fileRef = 308EE4F621A6E91900C17310 /* VotingStatusView.xib */; };
		308EE4F921A6EC0900C17310 /* OpenVotesTableViewCell.swift in Sources */ = {isa = PBXBuildFile; fileRef = 308EE4F821A6EC0900C17310 /* OpenVotesTableViewCell.swift */; };
		308EE4FB21A6EC1C00C17310 /* OpenVotesTableViewCell.xib in Resources */ = {isa = PBXBuildFile; fileRef = 308EE4FA21A6EC1C00C17310 /* OpenVotesTableViewCell.xib */; };
		308EE4FD21A6F61A00C17310 /* VotingPromptViewDelegate.swift in Sources */ = {isa = PBXBuildFile; fileRef = 308EE4FC21A6F61A00C17310 /* VotingPromptViewDelegate.swift */; };
		5D08B56221A5968E00FBF73A /* Repository.swift in Sources */ = {isa = PBXBuildFile; fileRef = 5D08B56121A5968E00FBF73A /* Repository.swift */; };
		5D08B56521A598C900FBF73A /* Rule.swift in Sources */ = {isa = PBXBuildFile; fileRef = 5D08B56421A598C900FBF73A /* Rule.swift */; };
		5D08B56721A59A4B00FBF73A /* House.swift in Sources */ = {isa = PBXBuildFile; fileRef = 5D08B56621A59A4B00FBF73A /* House.swift */; };
		5D08B56D21A5A39E00FBF73A /* CloudKitRepository.swift in Sources */ = {isa = PBXBuildFile; fileRef = 5D08B56C21A5A39E00FBF73A /* CloudKitRepository.swift */; };
		5D08B56F21A6D62300FBF73A /* CKManagedObject.swift in Sources */ = {isa = PBXBuildFile; fileRef = 5D08B56E21A6D62300FBF73A /* CKManagedObject.swift */; };
		5D128D3021AD6CBF008E0AF8 /* CloudKitRulesTests.swift in Sources */ = {isa = PBXBuildFile; fileRef = 5D128D2F21AD6CBF008E0AF8 /* CloudKitRulesTests.swift */; };
		5D97832F21AC39160085C305 /* NotificationManager.swift in Sources */ = {isa = PBXBuildFile; fileRef = 5D97832E21AC39160085C305 /* NotificationManager.swift */; };
/* End PBXBuildFile section */

/* Begin PBXContainerItemProxy section */
		3065BD1121A2E6E50005339A /* PBXContainerItemProxy */ = {
			isa = PBXContainerItemProxy;
			containerPortal = 3065BCF121A2E6E30005339A /* Project object */;
			proxyType = 1;
			remoteGlobalIDString = 3065BCF821A2E6E30005339A;
			remoteInfo = RuleOfThumb;
		};
		3065BD1C21A2E6E50005339A /* PBXContainerItemProxy */ = {
			isa = PBXContainerItemProxy;
			containerPortal = 3065BCF121A2E6E30005339A /* Project object */;
			proxyType = 1;
			remoteGlobalIDString = 3065BCF821A2E6E30005339A;
			remoteInfo = RuleOfThumb;
		};
/* End PBXContainerItemProxy section */

/* Begin PBXFileReference section */
		3004AE4A21A426960020629B /* RulePeekView.swift */ = {isa = PBXFileReference; lastKnownFileType = sourcecode.swift; path = RulePeekView.swift; sourceTree = "<group>"; };
		3004AE4E21A427210020629B /* RulePeekView.xib */ = {isa = PBXFileReference; lastKnownFileType = file.xib; path = RulePeekView.xib; sourceTree = "<group>"; };
		3004AE5021A436160020629B /* RuleDetailViewController.swift */ = {isa = PBXFileReference; lastKnownFileType = sourcecode.swift; path = RuleDetailViewController.swift; sourceTree = "<group>"; };
		3004AE5221A436230020629B /* RuleDetail.storyboard */ = {isa = PBXFileReference; lastKnownFileType = file.storyboard; path = RuleDetail.storyboard; sourceTree = "<group>"; };
		3004AE5421A44E3E0020629B /* CreatorProfileView.swift */ = {isa = PBXFileReference; lastKnownFileType = sourcecode.swift; path = CreatorProfileView.swift; sourceTree = "<group>"; };
		3004AE5521A44E3E0020629B /* CreatorProfileView.xib */ = {isa = PBXFileReference; lastKnownFileType = file.xib; path = CreatorProfileView.xib; sourceTree = "<group>"; };
		300A58A521A57772000160DF /* RuleCreate.storyboard */ = {isa = PBXFileReference; lastKnownFileType = file.storyboard; path = RuleCreate.storyboard; sourceTree = "<group>"; };
		300A58A721A57791000160DF /* RuleCreateViewController.swift */ = {isa = PBXFileReference; lastKnownFileType = sourcecode.swift; path = RuleCreateViewController.swift; sourceTree = "<group>"; };
		300A58A921A586A8000160DF /* XibView.swift */ = {isa = PBXFileReference; lastKnownFileType = sourcecode.swift; path = XibView.swift; sourceTree = "<group>"; };
		300A58AD21A5995F000160DF /* PromptView.swift */ = {isa = PBXFileReference; lastKnownFileType = sourcecode.swift; path = PromptView.swift; sourceTree = "<group>"; };
		300A58AF21A5996D000160DF /* PromptView.xib */ = {isa = PBXFileReference; lastKnownFileType = file.xib; path = PromptView.xib; sourceTree = "<group>"; };
		300A58B321A5A32B000160DF /* UIAlertController.swift */ = {isa = PBXFileReference; lastKnownFileType = sourcecode.swift; path = UIAlertController.swift; sourceTree = "<group>"; };
		300A5C4321AC1B0700C6013D /* XibView.xib */ = {isa = PBXFileReference; lastKnownFileType = file.xib; path = XibView.xib; sourceTree = "<group>"; };
		300A5C4521AC1FCC00C6013D /* RuleCreateDelegate.swift */ = {isa = PBXFileReference; lastKnownFileType = sourcecode.swift; path = RuleCreateDelegate.swift; sourceTree = "<group>"; };
		3065BCF921A2E6E30005339A /* RuleOfThumb.app */ = {isa = PBXFileReference; explicitFileType = wrapper.application; includeInIndex = 0; path = RuleOfThumb.app; sourceTree = BUILT_PRODUCTS_DIR; };
		3065BCFC21A2E6E30005339A /* AppDelegate.swift */ = {isa = PBXFileReference; lastKnownFileType = sourcecode.swift; path = AppDelegate.swift; sourceTree = "<group>"; };
		3065BCFE21A2E6E30005339A /* ViewController.swift */ = {isa = PBXFileReference; lastKnownFileType = sourcecode.swift; path = ViewController.swift; sourceTree = "<group>"; };
		3065BD0121A2E6E30005339A /* Base */ = {isa = PBXFileReference; lastKnownFileType = file.storyboard; name = Base; path = Base.lproj/Main.storyboard; sourceTree = "<group>"; };
		3065BD0421A2E6E30005339A /* RuleOfThumb.xcdatamodel */ = {isa = PBXFileReference; lastKnownFileType = wrapper.xcdatamodel; path = RuleOfThumb.xcdatamodel; sourceTree = "<group>"; };
		3065BD0621A2E6E50005339A /* Assets.xcassets */ = {isa = PBXFileReference; lastKnownFileType = folder.assetcatalog; path = Assets.xcassets; sourceTree = "<group>"; };
		3065BD0921A2E6E50005339A /* Base */ = {isa = PBXFileReference; lastKnownFileType = file.storyboard; name = Base; path = Base.lproj/LaunchScreen.storyboard; sourceTree = "<group>"; };
		3065BD0B21A2E6E50005339A /* Info.plist */ = {isa = PBXFileReference; lastKnownFileType = text.plist.xml; path = Info.plist; sourceTree = "<group>"; };
		3065BD1021A2E6E50005339A /* RuleOfThumbTests.xctest */ = {isa = PBXFileReference; explicitFileType = wrapper.cfbundle; includeInIndex = 0; path = RuleOfThumbTests.xctest; sourceTree = BUILT_PRODUCTS_DIR; };
		3065BD1421A2E6E50005339A /* RuleOfThumbTests.swift */ = {isa = PBXFileReference; lastKnownFileType = sourcecode.swift; path = RuleOfThumbTests.swift; sourceTree = "<group>"; };
		3065BD1621A2E6E50005339A /* Info.plist */ = {isa = PBXFileReference; lastKnownFileType = text.plist.xml; path = Info.plist; sourceTree = "<group>"; };
		3065BD1B21A2E6E50005339A /* RuleOfThumbUITests.xctest */ = {isa = PBXFileReference; explicitFileType = wrapper.cfbundle; includeInIndex = 0; path = RuleOfThumbUITests.xctest; sourceTree = BUILT_PRODUCTS_DIR; };
		3065BD1F21A2E6E50005339A /* RuleOfThumbUITests.swift */ = {isa = PBXFileReference; lastKnownFileType = sourcecode.swift; path = RuleOfThumbUITests.swift; sourceTree = "<group>"; };
		3065BD2121A2E6E50005339A /* Info.plist */ = {isa = PBXFileReference; lastKnownFileType = text.plist.xml; path = Info.plist; sourceTree = "<group>"; };
		3065BD3121A2EB990005339A /* .gitkeep */ = {isa = PBXFileReference; lastKnownFileType = text; path = .gitkeep; sourceTree = "<group>"; };
		3065BD3521A2EC0D0005339A /* .gitkeep */ = {isa = PBXFileReference; lastKnownFileType = text; path = .gitkeep; sourceTree = "<group>"; };
		3065BD3721A2EC1B0005339A /* .gitkeep */ = {isa = PBXFileReference; lastKnownFileType = text; path = .gitkeep; sourceTree = "<group>"; };
		3065BD3921A2EEBD0005339A /* RuleOfThumb.entitlements */ = {isa = PBXFileReference; lastKnownFileType = text.plist.entitlements; path = RuleOfThumb.entitlements; sourceTree = "<group>"; };
		3065BD3B21A2EEBF0005339A /* CloudKit.framework */ = {isa = PBXFileReference; lastKnownFileType = wrapper.framework; name = CloudKit.framework; path = System/Library/Frameworks/CloudKit.framework; sourceTree = SDKROOT; };
		3065BD3F21A2F3220005339A /* RuleList.storyboard */ = {isa = PBXFileReference; lastKnownFileType = file.storyboard; path = RuleList.storyboard; sourceTree = "<group>"; };
		3065BD4121A2F42B0005339A /* RuleListViewController.swift */ = {isa = PBXFileReference; lastKnownFileType = sourcecode.swift; path = RuleListViewController.swift; sourceTree = "<group>"; };
		3065BD4421A2FD3E0005339A /* RuleTableViewCell.swift */ = {isa = PBXFileReference; lastKnownFileType = sourcecode.swift; path = RuleTableViewCell.swift; sourceTree = "<group>"; };
		3065BD4521A2FD3E0005339A /* RuleTableViewCell.xib */ = {isa = PBXFileReference; lastKnownFileType = file.xib; path = RuleTableViewCell.xib; sourceTree = "<group>"; };
		308EE4EA21A6E20E00C17310 /* RuleVotingCardViewCell.swift */ = {isa = PBXFileReference; lastKnownFileType = sourcecode.swift; path = RuleVotingCardViewCell.swift; sourceTree = "<group>"; };
		308EE4EC21A6E22800C17310 /* RuleVotingCardViewCell.xib */ = {isa = PBXFileReference; lastKnownFileType = file.xib; path = RuleVotingCardViewCell.xib; sourceTree = "<group>"; };
		308EE4EE21A6E62800C17310 /* VotingPromptView.xib */ = {isa = PBXFileReference; lastKnownFileType = file.xib; path = VotingPromptView.xib; sourceTree = "<group>"; };
		308EE4F021A6E63700C17310 /* VotingPromptView.swift */ = {isa = PBXFileReference; lastKnownFileType = sourcecode.swift; path = VotingPromptView.swift; sourceTree = "<group>"; };
		308EE4F221A6E8FC00C17310 /* VotingStatusView.swift */ = {isa = PBXFileReference; lastKnownFileType = sourcecode.swift; path = VotingStatusView.swift; sourceTree = "<group>"; };
		308EE4F621A6E91900C17310 /* VotingStatusView.xib */ = {isa = PBXFileReference; lastKnownFileType = file.xib; path = VotingStatusView.xib; sourceTree = "<group>"; };
		308EE4F821A6EC0900C17310 /* OpenVotesTableViewCell.swift */ = {isa = PBXFileReference; lastKnownFileType = sourcecode.swift; path = OpenVotesTableViewCell.swift; sourceTree = "<group>"; };
		308EE4FA21A6EC1C00C17310 /* OpenVotesTableViewCell.xib */ = {isa = PBXFileReference; lastKnownFileType = file.xib; path = OpenVotesTableViewCell.xib; sourceTree = "<group>"; };
		308EE4FC21A6F61A00C17310 /* VotingPromptViewDelegate.swift */ = {isa = PBXFileReference; lastKnownFileType = sourcecode.swift; path = VotingPromptViewDelegate.swift; sourceTree = "<group>"; };
		5D08B56121A5968E00FBF73A /* Repository.swift */ = {isa = PBXFileReference; lastKnownFileType = sourcecode.swift; path = Repository.swift; sourceTree = "<group>"; };
		5D08B56421A598C900FBF73A /* Rule.swift */ = {isa = PBXFileReference; lastKnownFileType = sourcecode.swift; path = Rule.swift; sourceTree = "<group>"; };
		5D08B56621A59A4B00FBF73A /* House.swift */ = {isa = PBXFileReference; lastKnownFileType = sourcecode.swift; path = House.swift; sourceTree = "<group>"; };
		5D08B56C21A5A39E00FBF73A /* CloudKitRepository.swift */ = {isa = PBXFileReference; lastKnownFileType = sourcecode.swift; path = CloudKitRepository.swift; sourceTree = "<group>"; };
		5D08B56E21A6D62300FBF73A /* CKManagedObject.swift */ = {isa = PBXFileReference; lastKnownFileType = sourcecode.swift; path = CKManagedObject.swift; sourceTree = "<group>"; };
		5D128D2F21AD6CBF008E0AF8 /* CloudKitRulesTests.swift */ = {isa = PBXFileReference; lastKnownFileType = sourcecode.swift; path = CloudKitRulesTests.swift; sourceTree = "<group>"; };
		5D97832E21AC39160085C305 /* NotificationManager.swift */ = {isa = PBXFileReference; fileEncoding = 4; lastKnownFileType = sourcecode.swift; path = NotificationManager.swift; sourceTree = "<group>"; };
/* End PBXFileReference section */

/* Begin PBXFrameworksBuildPhase section */
		3065BCF621A2E6E30005339A /* Frameworks */ = {
			isa = PBXFrameworksBuildPhase;
			buildActionMask = 2147483647;
			files = (
				3065BD3C21A2EEBF0005339A /* CloudKit.framework in Frameworks */,
			);
			runOnlyForDeploymentPostprocessing = 0;
		};
		3065BD0D21A2E6E50005339A /* Frameworks */ = {
			isa = PBXFrameworksBuildPhase;
			buildActionMask = 2147483647;
			files = (
			);
			runOnlyForDeploymentPostprocessing = 0;
		};
		3065BD1821A2E6E50005339A /* Frameworks */ = {
			isa = PBXFrameworksBuildPhase;
			buildActionMask = 2147483647;
			files = (
			);
			runOnlyForDeploymentPostprocessing = 0;
		};
/* End PBXFrameworksBuildPhase section */

/* Begin PBXGroup section */
		300A58B121A59C88000160DF /* Shared */ = {
			isa = PBXGroup;
			children = (
				5D08B56321A598AB00FBF73A /* Entities */,
				5D08B56021A5965F00FBF73A /* CloudKit */,
				5D08B56121A5968E00FBF73A /* Repository.swift */,
				300A58B521A5A332000160DF /* Class Extensions */,
				300A58B221A59C8E000160DF /* Views */,
			);
			path = Shared;
			sourceTree = "<group>";
		};
		300A58B221A59C8E000160DF /* Views */ = {
			isa = PBXGroup;
			children = (
				3004AE5421A44E3E0020629B /* CreatorProfileView.swift */,
				3004AE5521A44E3E0020629B /* CreatorProfileView.xib */,
				300A58AD21A5995F000160DF /* PromptView.swift */,
				300A58AF21A5996D000160DF /* PromptView.xib */,
				300A58A921A586A8000160DF /* XibView.swift */,
				300A5C4321AC1B0700C6013D /* XibView.xib */,
			);
			path = Views;
			sourceTree = "<group>";
		};
		300A58B521A5A332000160DF /* Class Extensions */ = {
			isa = PBXGroup;
			children = (
				300A58B321A5A32B000160DF /* UIAlertController.swift */,
			);
			path = "Class Extensions";
			sourceTree = "<group>";
		};
		3065BCF021A2E6E30005339A = {
			isa = PBXGroup;
			children = (
				3065BCFB21A2E6E30005339A /* RuleOfThumb */,
				3065BD1321A2E6E50005339A /* RuleOfThumbTests */,
				3065BD1E21A2E6E50005339A /* RuleOfThumbUITests */,
				3065BCFA21A2E6E30005339A /* Products */,
				3065BD3A21A2EEBF0005339A /* Frameworks */,
			);
			sourceTree = "<group>";
		};
		3065BCFA21A2E6E30005339A /* Products */ = {
			isa = PBXGroup;
			children = (
				3065BCF921A2E6E30005339A /* RuleOfThumb.app */,
				3065BD1021A2E6E50005339A /* RuleOfThumbTests.xctest */,
				3065BD1B21A2E6E50005339A /* RuleOfThumbUITests.xctest */,
			);
			name = Products;
			sourceTree = "<group>";
		};
		3065BCFB21A2E6E30005339A /* RuleOfThumb */ = {
			isa = PBXGroup;
			children = (
				300A58B121A59C88000160DF /* Shared */,
				3065BD3921A2EEBD0005339A /* RuleOfThumb.entitlements */,
				3065BD3021A2EB430005339A /* Meetings */,
				3065BD2F21A2EB240005339A /* Notifications */,
				3065BD2E21A2EB1D0005339A /* Rules */,
				3065BD2D21A2EB0E0005339A /* Profile */,
				3065BCFC21A2E6E30005339A /* AppDelegate.swift */,
				3065BCFE21A2E6E30005339A /* ViewController.swift */,
				3065BD0021A2E6E30005339A /* Main.storyboard */,
				3065BD0621A2E6E50005339A /* Assets.xcassets */,
				3065BD0821A2E6E50005339A /* LaunchScreen.storyboard */,
				3065BD0B21A2E6E50005339A /* Info.plist */,
				3065BD0321A2E6E30005339A /* RuleOfThumb.xcdatamodeld */,
			);
			path = RuleOfThumb;
			sourceTree = "<group>";
		};
		3065BD1321A2E6E50005339A /* RuleOfThumbTests */ = {
			isa = PBXGroup;
			children = (
				5D128D2E21AD6C8D008E0AF8 /* Cloudkit */,
				3065BD1421A2E6E50005339A /* RuleOfThumbTests.swift */,
				3065BD1621A2E6E50005339A /* Info.plist */,
			);
			path = RuleOfThumbTests;
			sourceTree = "<group>";
		};
		3065BD1E21A2E6E50005339A /* RuleOfThumbUITests */ = {
			isa = PBXGroup;
			children = (
				3065BD1F21A2E6E50005339A /* RuleOfThumbUITests.swift */,
				3065BD2121A2E6E50005339A /* Info.plist */,
			);
			path = RuleOfThumbUITests;
			sourceTree = "<group>";
		};
		3065BD2D21A2EB0E0005339A /* Profile */ = {
			isa = PBXGroup;
			children = (
				3065BD3721A2EC1B0005339A /* .gitkeep */,
			);
			path = Profile;
			sourceTree = "<group>";
		};
		3065BD2E21A2EB1D0005339A /* Rules */ = {
			isa = PBXGroup;
			children = (
				3065BD4121A2F42B0005339A /* RuleListViewController.swift */,
				3065BD3F21A2F3220005339A /* RuleList.storyboard */,
				300A58A721A57791000160DF /* RuleCreateViewController.swift */,
				300A58A521A57772000160DF /* RuleCreate.storyboard */,
				300A5C4521AC1FCC00C6013D /* RuleCreateDelegate.swift */,
				3004AE5021A436160020629B /* RuleDetailViewController.swift */,
				3004AE5221A436230020629B /* RuleDetail.storyboard */,
				3065BD3521A2EC0D0005339A /* .gitkeep */,
				3065BD4421A2FD3E0005339A /* RuleTableViewCell.swift */,
				3065BD4521A2FD3E0005339A /* RuleTableViewCell.xib */,
				308EE4EA21A6E20E00C17310 /* RuleVotingCardViewCell.swift */,
				308EE4EC21A6E22800C17310 /* RuleVotingCardViewCell.xib */,
				3004AE4A21A426960020629B /* RulePeekView.swift */,
				3004AE4E21A427210020629B /* RulePeekView.xib */,
				308EE4F021A6E63700C17310 /* VotingPromptView.swift */,
				308EE4EE21A6E62800C17310 /* VotingPromptView.xib */,
				308EE4FC21A6F61A00C17310 /* VotingPromptViewDelegate.swift */,
				308EE4F221A6E8FC00C17310 /* VotingStatusView.swift */,
				308EE4F621A6E91900C17310 /* VotingStatusView.xib */,
				308EE4F821A6EC0900C17310 /* OpenVotesTableViewCell.swift */,
				308EE4FA21A6EC1C00C17310 /* OpenVotesTableViewCell.xib */,
			);
			path = Rules;
			sourceTree = "<group>";
		};
		3065BD2F21A2EB240005339A /* Notifications */ = {
			isa = PBXGroup;
			children = (
				5D97832E21AC39160085C305 /* NotificationManager.swift */,
			);
			path = Notifications;
			sourceTree = "<group>";
		};
		3065BD3021A2EB430005339A /* Meetings */ = {
			isa = PBXGroup;
			children = (
				3065BD3121A2EB990005339A /* .gitkeep */,
			);
			path = Meetings;
			sourceTree = "<group>";
		};
		3065BD3A21A2EEBF0005339A /* Frameworks */ = {
			isa = PBXGroup;
			children = (
				3065BD3B21A2EEBF0005339A /* CloudKit.framework */,
			);
			name = Frameworks;
			sourceTree = "<group>";
		};
		5D08B56021A5965F00FBF73A /* CloudKit */ = {
			isa = PBXGroup;
			children = (
				5D08B56C21A5A39E00FBF73A /* CloudKitRepository.swift */,
			);
			path = CloudKit;
			sourceTree = "<group>";
		};
		5D08B56321A598AB00FBF73A /* Entities */ = {
			isa = PBXGroup;
			children = (
				5D08B56421A598C900FBF73A /* Rule.swift */,
				5D08B56621A59A4B00FBF73A /* House.swift */,
				5D08B56E21A6D62300FBF73A /* CKManagedObject.swift */,
			);
			path = Entities;
			sourceTree = "<group>";
		};
		5D128D2E21AD6C8D008E0AF8 /* Cloudkit */ = {
			isa = PBXGroup;
			children = (
				5D128D2F21AD6CBF008E0AF8 /* CloudKitRulesTests.swift */,
			);
			path = Cloudkit;
			sourceTree = "<group>";
		};
/* End PBXGroup section */

/* Begin PBXNativeTarget section */
		3065BCF821A2E6E30005339A /* RuleOfThumb */ = {
			isa = PBXNativeTarget;
			buildConfigurationList = 3065BD2421A2E6E50005339A /* Build configuration list for PBXNativeTarget "RuleOfThumb" */;
			buildPhases = (
				3065BCF521A2E6E30005339A /* Sources */,
				3065BCF621A2E6E30005339A /* Frameworks */,
				3065BCF721A2E6E30005339A /* Resources */,
			);
			buildRules = (
			);
			dependencies = (
			);
			name = RuleOfThumb;
			productName = RuleOfThumb;
			productReference = 3065BCF921A2E6E30005339A /* RuleOfThumb.app */;
			productType = "com.apple.product-type.application";
		};
		3065BD0F21A2E6E50005339A /* RuleOfThumbTests */ = {
			isa = PBXNativeTarget;
			buildConfigurationList = 3065BD2721A2E6E50005339A /* Build configuration list for PBXNativeTarget "RuleOfThumbTests" */;
			buildPhases = (
				3065BD0C21A2E6E50005339A /* Sources */,
				3065BD0D21A2E6E50005339A /* Frameworks */,
				3065BD0E21A2E6E50005339A /* Resources */,
			);
			buildRules = (
			);
			dependencies = (
				3065BD1221A2E6E50005339A /* PBXTargetDependency */,
			);
			name = RuleOfThumbTests;
			productName = RuleOfThumbTests;
			productReference = 3065BD1021A2E6E50005339A /* RuleOfThumbTests.xctest */;
			productType = "com.apple.product-type.bundle.unit-test";
		};
		3065BD1A21A2E6E50005339A /* RuleOfThumbUITests */ = {
			isa = PBXNativeTarget;
			buildConfigurationList = 3065BD2A21A2E6E50005339A /* Build configuration list for PBXNativeTarget "RuleOfThumbUITests" */;
			buildPhases = (
				3065BD1721A2E6E50005339A /* Sources */,
				3065BD1821A2E6E50005339A /* Frameworks */,
				3065BD1921A2E6E50005339A /* Resources */,
			);
			buildRules = (
			);
			dependencies = (
				3065BD1D21A2E6E50005339A /* PBXTargetDependency */,
			);
			name = RuleOfThumbUITests;
			productName = RuleOfThumbUITests;
			productReference = 3065BD1B21A2E6E50005339A /* RuleOfThumbUITests.xctest */;
			productType = "com.apple.product-type.bundle.ui-testing";
		};
/* End PBXNativeTarget section */

/* Begin PBXProject section */
		3065BCF121A2E6E30005339A /* Project object */ = {
			isa = PBXProject;
			attributes = {
				LastSwiftUpdateCheck = 1000;
				LastUpgradeCheck = 1000;
				ORGANIZATIONNAME = "So Many Deadlines";
				TargetAttributes = {
					3065BCF821A2E6E30005339A = {
						CreatedOnToolsVersion = 10.0;
						SystemCapabilities = {
							com.apple.Push = {
								enabled = 1;
							};
							com.apple.iCloud = {
								enabled = 1;
							};
						};
					};
					3065BD0F21A2E6E50005339A = {
						CreatedOnToolsVersion = 10.0;
						TestTargetID = 3065BCF821A2E6E30005339A;
					};
					3065BD1A21A2E6E50005339A = {
						CreatedOnToolsVersion = 10.0;
						TestTargetID = 3065BCF821A2E6E30005339A;
					};
				};
			};
			buildConfigurationList = 3065BCF421A2E6E30005339A /* Build configuration list for PBXProject "RuleOfThumb" */;
			compatibilityVersion = "Xcode 9.3";
			developmentRegion = en;
			hasScannedForEncodings = 0;
			knownRegions = (
				en,
				Base,
			);
			mainGroup = 3065BCF021A2E6E30005339A;
			productRefGroup = 3065BCFA21A2E6E30005339A /* Products */;
			projectDirPath = "";
			projectRoot = "";
			targets = (
				3065BCF821A2E6E30005339A /* RuleOfThumb */,
				3065BD0F21A2E6E50005339A /* RuleOfThumbTests */,
				3065BD1A21A2E6E50005339A /* RuleOfThumbUITests */,
			);
		};
/* End PBXProject section */

/* Begin PBXResourcesBuildPhase section */
		3065BCF721A2E6E30005339A /* Resources */ = {
			isa = PBXResourcesBuildPhase;
			buildActionMask = 2147483647;
			files = (
				308EE4FB21A6EC1C00C17310 /* OpenVotesTableViewCell.xib in Resources */,
				3065BD0A21A2E6E50005339A /* LaunchScreen.storyboard in Resources */,
				3065BD0721A2E6E50005339A /* Assets.xcassets in Resources */,
				3065BD0221A2E6E30005339A /* Main.storyboard in Resources */,
				3004AE5721A44E3E0020629B /* CreatorProfileView.xib in Resources */,
				3065BD0221A2E6E30005339A /* Main.storyboard in Resources */,
				300A58B021A5996D000160DF /* PromptView.xib in Resources */,
				308EE4EF21A6E62800C17310 /* VotingPromptView.xib in Resources */,
				3004AE4F21A427210020629B /* RulePeekView.xib in Resources */,
				3004AE5321A436230020629B /* RuleDetail.storyboard in Resources */,
				3065BD4721A2FD3E0005339A /* RuleTableViewCell.xib in Resources */,
				308EE4ED21A6E22800C17310 /* RuleVotingCardViewCell.xib in Resources */,
				300A58A621A57772000160DF /* RuleCreate.storyboard in Resources */,
				308EE4F721A6E91900C17310 /* VotingStatusView.xib in Resources */,
				300A5C4421AC1B0700C6013D /* XibView.xib in Resources */,
				3065BD4021A2F3220005339A /* RuleList.storyboard in Resources */,
			);
			runOnlyForDeploymentPostprocessing = 0;
		};
		3065BD0E21A2E6E50005339A /* Resources */ = {
			isa = PBXResourcesBuildPhase;
			buildActionMask = 2147483647;
			files = (
			);
			runOnlyForDeploymentPostprocessing = 0;
		};
		3065BD1921A2E6E50005339A /* Resources */ = {
			isa = PBXResourcesBuildPhase;
			buildActionMask = 2147483647;
			files = (
			);
			runOnlyForDeploymentPostprocessing = 0;
		};
/* End PBXResourcesBuildPhase section */

/* Begin PBXSourcesBuildPhase section */
		3065BCF521A2E6E30005339A /* Sources */ = {
			isa = PBXSourcesBuildPhase;
			buildActionMask = 2147483647;
			files = (
				308EE4F321A6E8FC00C17310 /* VotingStatusView.swift in Sources */,
				3065BD4621A2FD3E0005339A /* RuleTableViewCell.swift in Sources */,
				308EE4F921A6EC0900C17310 /* OpenVotesTableViewCell.swift in Sources */,
				308EE4EB21A6E20E00C17310 /* RuleVotingCardViewCell.swift in Sources */,
				300A5C4621AC1FCC00C6013D /* RuleCreateDelegate.swift in Sources */,
				3004AE5621A44E3E0020629B /* CreatorProfileView.swift in Sources */,
				5D97832F21AC39160085C305 /* NotificationManager.swift in Sources */,
				3065BCFF21A2E6E30005339A /* ViewController.swift in Sources */,
				5D08B56521A598C900FBF73A /* Rule.swift in Sources */,
				5D08B56F21A6D62300FBF73A /* CKManagedObject.swift in Sources */,
				5D08B56D21A5A39E00FBF73A /* CloudKitRepository.swift in Sources */,
				3065BD0521A2E6E30005339A /* RuleOfThumb.xcdatamodeld in Sources */,
				300A58B421A5A32B000160DF /* UIAlertController.swift in Sources */,
				300A58AE21A5995F000160DF /* PromptView.swift in Sources */,
				3004AE4C21A426960020629B /* RulePeekView.swift in Sources */,
				300A58A821A57791000160DF /* RuleCreateViewController.swift in Sources */,
				3065BD4221A2F42B0005339A /* RuleListViewController.swift in Sources */,
				3065BCFD21A2E6E30005339A /* AppDelegate.swift in Sources */,
				5D08B56721A59A4B00FBF73A /* House.swift in Sources */,
				5D08B56221A5968E00FBF73A /* Repository.swift in Sources */,
				308EE4F121A6E63700C17310 /* VotingPromptView.swift in Sources */,
				308EE4FD21A6F61A00C17310 /* VotingPromptViewDelegate.swift in Sources */,
				300A58AA21A586A8000160DF /* XibView.swift in Sources */,
				3004AE5121A436160020629B /* RuleDetailViewController.swift in Sources */,
			);
			runOnlyForDeploymentPostprocessing = 0;
		};
		3065BD0C21A2E6E50005339A /* Sources */ = {
			isa = PBXSourcesBuildPhase;
			buildActionMask = 2147483647;
			files = (
				5D128D3021AD6CBF008E0AF8 /* CloudKitRulesTests.swift in Sources */,
				3065BD1521A2E6E50005339A /* RuleOfThumbTests.swift in Sources */,
			);
			runOnlyForDeploymentPostprocessing = 0;
		};
		3065BD1721A2E6E50005339A /* Sources */ = {
			isa = PBXSourcesBuildPhase;
			buildActionMask = 2147483647;
			files = (
				3065BD2021A2E6E50005339A /* RuleOfThumbUITests.swift in Sources */,
			);
			runOnlyForDeploymentPostprocessing = 0;
		};
/* End PBXSourcesBuildPhase section */

/* Begin PBXTargetDependency section */
		3065BD1221A2E6E50005339A /* PBXTargetDependency */ = {
			isa = PBXTargetDependency;
			target = 3065BCF821A2E6E30005339A /* RuleOfThumb */;
			targetProxy = 3065BD1121A2E6E50005339A /* PBXContainerItemProxy */;
		};
		3065BD1D21A2E6E50005339A /* PBXTargetDependency */ = {
			isa = PBXTargetDependency;
			target = 3065BCF821A2E6E30005339A /* RuleOfThumb */;
			targetProxy = 3065BD1C21A2E6E50005339A /* PBXContainerItemProxy */;
		};
/* End PBXTargetDependency section */

/* Begin PBXVariantGroup section */
		3065BD0021A2E6E30005339A /* Main.storyboard */ = {
			isa = PBXVariantGroup;
			children = (
				3065BD0121A2E6E30005339A /* Base */,
			);
			name = Main.storyboard;
			sourceTree = "<group>";
		};
		3065BD0821A2E6E50005339A /* LaunchScreen.storyboard */ = {
			isa = PBXVariantGroup;
			children = (
				3065BD0921A2E6E50005339A /* Base */,
			);
			name = LaunchScreen.storyboard;
			sourceTree = "<group>";
		};
/* End PBXVariantGroup section */

/* Begin XCBuildConfiguration section */
		3065BD2221A2E6E50005339A /* Debug */ = {
			isa = XCBuildConfiguration;
			buildSettings = {
				ALWAYS_SEARCH_USER_PATHS = NO;
				CLANG_ANALYZER_NONNULL = YES;
				CLANG_ANALYZER_NUMBER_OBJECT_CONVERSION = YES_AGGRESSIVE;
				CLANG_CXX_LANGUAGE_STANDARD = "gnu++14";
				CLANG_CXX_LIBRARY = "libc++";
				CLANG_ENABLE_MODULES = YES;
				CLANG_ENABLE_OBJC_ARC = YES;
				CLANG_ENABLE_OBJC_WEAK = YES;
				CLANG_WARN_BLOCK_CAPTURE_AUTORELEASING = YES;
				CLANG_WARN_BOOL_CONVERSION = YES;
				CLANG_WARN_COMMA = YES;
				CLANG_WARN_CONSTANT_CONVERSION = YES;
				CLANG_WARN_DEPRECATED_OBJC_IMPLEMENTATIONS = YES;
				CLANG_WARN_DIRECT_OBJC_ISA_USAGE = YES_ERROR;
				CLANG_WARN_DOCUMENTATION_COMMENTS = YES;
				CLANG_WARN_EMPTY_BODY = YES;
				CLANG_WARN_ENUM_CONVERSION = YES;
				CLANG_WARN_INFINITE_RECURSION = YES;
				CLANG_WARN_INT_CONVERSION = YES;
				CLANG_WARN_NON_LITERAL_NULL_CONVERSION = YES;
				CLANG_WARN_OBJC_IMPLICIT_RETAIN_SELF = YES;
				CLANG_WARN_OBJC_LITERAL_CONVERSION = YES;
				CLANG_WARN_OBJC_ROOT_CLASS = YES_ERROR;
				CLANG_WARN_RANGE_LOOP_ANALYSIS = YES;
				CLANG_WARN_STRICT_PROTOTYPES = YES;
				CLANG_WARN_SUSPICIOUS_MOVE = YES;
				CLANG_WARN_UNGUARDED_AVAILABILITY = YES_AGGRESSIVE;
				CLANG_WARN_UNREACHABLE_CODE = YES;
				CLANG_WARN__DUPLICATE_METHOD_MATCH = YES;
				CODE_SIGN_IDENTITY = "iPhone Developer";
				COPY_PHASE_STRIP = NO;
				DEBUG_INFORMATION_FORMAT = dwarf;
				ENABLE_STRICT_OBJC_MSGSEND = YES;
				ENABLE_TESTABILITY = YES;
				GCC_C_LANGUAGE_STANDARD = gnu11;
				GCC_DYNAMIC_NO_PIC = NO;
				GCC_NO_COMMON_BLOCKS = YES;
				GCC_OPTIMIZATION_LEVEL = 0;
				GCC_PREPROCESSOR_DEFINITIONS = (
					"DEBUG=1",
					"$(inherited)",
				);
				GCC_WARN_64_TO_32_BIT_CONVERSION = YES;
				GCC_WARN_ABOUT_RETURN_TYPE = YES_ERROR;
				GCC_WARN_UNDECLARED_SELECTOR = YES;
				GCC_WARN_UNINITIALIZED_AUTOS = YES_AGGRESSIVE;
				GCC_WARN_UNUSED_FUNCTION = YES;
				GCC_WARN_UNUSED_VARIABLE = YES;
				IPHONEOS_DEPLOYMENT_TARGET = 12.0;
				MTL_ENABLE_DEBUG_INFO = INCLUDE_SOURCE;
				MTL_FAST_MATH = YES;
				ONLY_ACTIVE_ARCH = YES;
				SDKROOT = iphoneos;
				SWIFT_ACTIVE_COMPILATION_CONDITIONS = DEBUG;
				SWIFT_OPTIMIZATION_LEVEL = "-Onone";
			};
			name = Debug;
		};
		3065BD2321A2E6E50005339A /* Release */ = {
			isa = XCBuildConfiguration;
			buildSettings = {
				ALWAYS_SEARCH_USER_PATHS = NO;
				CLANG_ANALYZER_NONNULL = YES;
				CLANG_ANALYZER_NUMBER_OBJECT_CONVERSION = YES_AGGRESSIVE;
				CLANG_CXX_LANGUAGE_STANDARD = "gnu++14";
				CLANG_CXX_LIBRARY = "libc++";
				CLANG_ENABLE_MODULES = YES;
				CLANG_ENABLE_OBJC_ARC = YES;
				CLANG_ENABLE_OBJC_WEAK = YES;
				CLANG_WARN_BLOCK_CAPTURE_AUTORELEASING = YES;
				CLANG_WARN_BOOL_CONVERSION = YES;
				CLANG_WARN_COMMA = YES;
				CLANG_WARN_CONSTANT_CONVERSION = YES;
				CLANG_WARN_DEPRECATED_OBJC_IMPLEMENTATIONS = YES;
				CLANG_WARN_DIRECT_OBJC_ISA_USAGE = YES_ERROR;
				CLANG_WARN_DOCUMENTATION_COMMENTS = YES;
				CLANG_WARN_EMPTY_BODY = YES;
				CLANG_WARN_ENUM_CONVERSION = YES;
				CLANG_WARN_INFINITE_RECURSION = YES;
				CLANG_WARN_INT_CONVERSION = YES;
				CLANG_WARN_NON_LITERAL_NULL_CONVERSION = YES;
				CLANG_WARN_OBJC_IMPLICIT_RETAIN_SELF = YES;
				CLANG_WARN_OBJC_LITERAL_CONVERSION = YES;
				CLANG_WARN_OBJC_ROOT_CLASS = YES_ERROR;
				CLANG_WARN_RANGE_LOOP_ANALYSIS = YES;
				CLANG_WARN_STRICT_PROTOTYPES = YES;
				CLANG_WARN_SUSPICIOUS_MOVE = YES;
				CLANG_WARN_UNGUARDED_AVAILABILITY = YES_AGGRESSIVE;
				CLANG_WARN_UNREACHABLE_CODE = YES;
				CLANG_WARN__DUPLICATE_METHOD_MATCH = YES;
				CODE_SIGN_IDENTITY = "iPhone Developer";
				COPY_PHASE_STRIP = NO;
				DEBUG_INFORMATION_FORMAT = "dwarf-with-dsym";
				ENABLE_NS_ASSERTIONS = NO;
				ENABLE_STRICT_OBJC_MSGSEND = YES;
				GCC_C_LANGUAGE_STANDARD = gnu11;
				GCC_NO_COMMON_BLOCKS = YES;
				GCC_WARN_64_TO_32_BIT_CONVERSION = YES;
				GCC_WARN_ABOUT_RETURN_TYPE = YES_ERROR;
				GCC_WARN_UNDECLARED_SELECTOR = YES;
				GCC_WARN_UNINITIALIZED_AUTOS = YES_AGGRESSIVE;
				GCC_WARN_UNUSED_FUNCTION = YES;
				GCC_WARN_UNUSED_VARIABLE = YES;
				IPHONEOS_DEPLOYMENT_TARGET = 12.0;
				MTL_ENABLE_DEBUG_INFO = NO;
				MTL_FAST_MATH = YES;
				SDKROOT = iphoneos;
				SWIFT_COMPILATION_MODE = wholemodule;
				SWIFT_OPTIMIZATION_LEVEL = "-O";
				VALIDATE_PRODUCT = YES;
			};
			name = Release;
		};
		3065BD2521A2E6E50005339A /* Debug */ = {
			isa = XCBuildConfiguration;
			buildSettings = {
				ASSETCATALOG_COMPILER_APPICON_NAME = AppIcon;
				CODE_SIGN_ENTITLEMENTS = RuleOfThumb/RuleOfThumb.entitlements;
				CODE_SIGN_STYLE = Automatic;
				DEVELOPMENT_TEAM = Y93JMM3H2T;
				INFOPLIST_FILE = RuleOfThumb/Info.plist;
				LD_RUNPATH_SEARCH_PATHS = (
					"$(inherited)",
					"@executable_path/Frameworks",
				);
				PRODUCT_BUNDLE_IDENTIFIER = "somanydeadlines.RuleOfThumb-Matheus";
				PRODUCT_NAME = "$(TARGET_NAME)";
				SWIFT_VERSION = 4.2;
				TARGETED_DEVICE_FAMILY = "1,2";
			};
			name = Debug;
		};
		3065BD2621A2E6E50005339A /* Release */ = {
			isa = XCBuildConfiguration;
			buildSettings = {
				ASSETCATALOG_COMPILER_APPICON_NAME = AppIcon;
				CODE_SIGN_ENTITLEMENTS = RuleOfThumb/RuleOfThumb.entitlements;
				CODE_SIGN_STYLE = Automatic;
				DEVELOPMENT_TEAM = Y93JMM3H2T;
				INFOPLIST_FILE = RuleOfThumb/Info.plist;
				LD_RUNPATH_SEARCH_PATHS = (
					"$(inherited)",
					"@executable_path/Frameworks",
				);
				PRODUCT_BUNDLE_IDENTIFIER = "somanydeadlines.RuleOfThumb-Matheus";
				PRODUCT_NAME = "$(TARGET_NAME)";
				SWIFT_VERSION = 4.2;
				TARGETED_DEVICE_FAMILY = "1,2";
			};
			name = Release;
		};
		3065BD2821A2E6E50005339A /* Debug */ = {
			isa = XCBuildConfiguration;
			buildSettings = {
				ALWAYS_EMBED_SWIFT_STANDARD_LIBRARIES = YES;
				BUNDLE_LOADER = "$(TEST_HOST)";
				CODE_SIGN_STYLE = Automatic;
				DEVELOPMENT_TEAM = U3BJSYBS9R;
				INFOPLIST_FILE = RuleOfThumbTests/Info.plist;
				LD_RUNPATH_SEARCH_PATHS = (
					"$(inherited)",
					"@executable_path/Frameworks",
					"@loader_path/Frameworks",
				);
				PRODUCT_BUNDLE_IDENTIFIER = somanydeadlines.RuleOfThumbTests;
				PRODUCT_NAME = "$(TARGET_NAME)";
				SWIFT_VERSION = 4.2;
				TARGETED_DEVICE_FAMILY = "1,2";
				TEST_HOST = "$(BUILT_PRODUCTS_DIR)/RuleOfThumb.app/RuleOfThumb";
			};
			name = Debug;
		};
		3065BD2921A2E6E50005339A /* Release */ = {
			isa = XCBuildConfiguration;
			buildSettings = {
				ALWAYS_EMBED_SWIFT_STANDARD_LIBRARIES = YES;
				BUNDLE_LOADER = "$(TEST_HOST)";
				CODE_SIGN_STYLE = Automatic;
				DEVELOPMENT_TEAM = U3BJSYBS9R;
				INFOPLIST_FILE = RuleOfThumbTests/Info.plist;
				LD_RUNPATH_SEARCH_PATHS = (
					"$(inherited)",
					"@executable_path/Frameworks",
					"@loader_path/Frameworks",
				);
				PRODUCT_BUNDLE_IDENTIFIER = somanydeadlines.RuleOfThumbTests;
				PRODUCT_NAME = "$(TARGET_NAME)";
				SWIFT_VERSION = 4.2;
				TARGETED_DEVICE_FAMILY = "1,2";
				TEST_HOST = "$(BUILT_PRODUCTS_DIR)/RuleOfThumb.app/RuleOfThumb";
			};
			name = Release;
		};
		3065BD2B21A2E6E50005339A /* Debug */ = {
			isa = XCBuildConfiguration;
			buildSettings = {
				ALWAYS_EMBED_SWIFT_STANDARD_LIBRARIES = YES;
				CODE_SIGN_STYLE = Automatic;
				DEVELOPMENT_TEAM = U3BJSYBS9R;
				INFOPLIST_FILE = RuleOfThumbUITests/Info.plist;
				LD_RUNPATH_SEARCH_PATHS = (
					"$(inherited)",
					"@executable_path/Frameworks",
					"@loader_path/Frameworks",
				);
				PRODUCT_BUNDLE_IDENTIFIER = somanydeadlines.RuleOfThumbUITests;
				PRODUCT_NAME = "$(TARGET_NAME)";
				SWIFT_VERSION = 4.2;
				TARGETED_DEVICE_FAMILY = "1,2";
				TEST_TARGET_NAME = RuleOfThumb;
			};
			name = Debug;
		};
		3065BD2C21A2E6E50005339A /* Release */ = {
			isa = XCBuildConfiguration;
			buildSettings = {
				ALWAYS_EMBED_SWIFT_STANDARD_LIBRARIES = YES;
				CODE_SIGN_STYLE = Automatic;
				DEVELOPMENT_TEAM = U3BJSYBS9R;
				INFOPLIST_FILE = RuleOfThumbUITests/Info.plist;
				LD_RUNPATH_SEARCH_PATHS = (
					"$(inherited)",
					"@executable_path/Frameworks",
					"@loader_path/Frameworks",
				);
				PRODUCT_BUNDLE_IDENTIFIER = somanydeadlines.RuleOfThumbUITests;
				PRODUCT_NAME = "$(TARGET_NAME)";
				SWIFT_VERSION = 4.2;
				TARGETED_DEVICE_FAMILY = "1,2";
				TEST_TARGET_NAME = RuleOfThumb;
			};
			name = Release;
		};
/* End XCBuildConfiguration section */

/* Begin XCConfigurationList section */
		3065BCF421A2E6E30005339A /* Build configuration list for PBXProject "RuleOfThumb" */ = {
			isa = XCConfigurationList;
			buildConfigurations = (
				3065BD2221A2E6E50005339A /* Debug */,
				3065BD2321A2E6E50005339A /* Release */,
			);
			defaultConfigurationIsVisible = 0;
			defaultConfigurationName = Release;
		};
		3065BD2421A2E6E50005339A /* Build configuration list for PBXNativeTarget "RuleOfThumb" */ = {
			isa = XCConfigurationList;
			buildConfigurations = (
				3065BD2521A2E6E50005339A /* Debug */,
				3065BD2621A2E6E50005339A /* Release */,
			);
			defaultConfigurationIsVisible = 0;
			defaultConfigurationName = Release;
		};
		3065BD2721A2E6E50005339A /* Build configuration list for PBXNativeTarget "RuleOfThumbTests" */ = {
			isa = XCConfigurationList;
			buildConfigurations = (
				3065BD2821A2E6E50005339A /* Debug */,
				3065BD2921A2E6E50005339A /* Release */,
			);
			defaultConfigurationIsVisible = 0;
			defaultConfigurationName = Release;
		};
		3065BD2A21A2E6E50005339A /* Build configuration list for PBXNativeTarget "RuleOfThumbUITests" */ = {
			isa = XCConfigurationList;
			buildConfigurations = (
				3065BD2B21A2E6E50005339A /* Debug */,
				3065BD2C21A2E6E50005339A /* Release */,
			);
			defaultConfigurationIsVisible = 0;
			defaultConfigurationName = Release;
		};
/* End XCConfigurationList section */

/* Begin XCVersionGroup section */
		3065BD0321A2E6E30005339A /* RuleOfThumb.xcdatamodeld */ = {
			isa = XCVersionGroup;
			children = (
				3065BD0421A2E6E30005339A /* RuleOfThumb.xcdatamodel */,
			);
			currentVersion = 3065BD0421A2E6E30005339A /* RuleOfThumb.xcdatamodel */;
			path = RuleOfThumb.xcdatamodeld;
			sourceTree = "<group>";
			versionGroupType = wrapper.xcdatamodel;
		};
/* End XCVersionGroup section */
	};
	rootObject = 3065BCF121A2E6E30005339A /* Project object */;
}
