// !$*UTF8*$!
{
	archiveVersion = 1;
	classes = {
	};
	objectVersion = 50;
	objects = {

/* Begin PBXBuildFile section */
		3004AE5621A44E3E0020629B /* CreatorProfileView.swift in Sources */ = {isa = PBXBuildFile; fileRef = 3004AE5421A44E3E0020629B /* CreatorProfileView.swift */; };
		3004AE5721A44E3E0020629B /* CreatorProfileView.xib in Resources */ = {isa = PBXBuildFile; fileRef = 3004AE5521A44E3E0020629B /* CreatorProfileView.xib */; };
		300A58AA21A586A8000160DF /* XibView.swift in Sources */ = {isa = PBXBuildFile; fileRef = 300A58A921A586A8000160DF /* XibView.swift */; };
		300A58AE21A5995F000160DF /* PromptView.swift in Sources */ = {isa = PBXBuildFile; fileRef = 300A58AD21A5995F000160DF /* PromptView.swift */; };
		300A58B021A5996D000160DF /* PromptView.xib in Resources */ = {isa = PBXBuildFile; fileRef = 300A58AF21A5996D000160DF /* PromptView.xib */; };
		300A58B421A5A32B000160DF /* UIAlertController.swift in Sources */ = {isa = PBXBuildFile; fileRef = 300A58B321A5A32B000160DF /* UIAlertController.swift */; };
		300A5C4421AC1B0700C6013D /* XibView.xib in Resources */ = {isa = PBXBuildFile; fileRef = 300A5C4321AC1B0700C6013D /* XibView.xib */; };
		300D159821B1578400F23AA0 /* ActionlessRuleDetailViewController.swift in Sources */ = {isa = PBXBuildFile; fileRef = 300D159721B1578400F23AA0 /* ActionlessRuleDetailViewController.swift */; };
		300D58E121AD6E8300766ECF /* SugestionViewController.swift in Sources */ = {isa = PBXBuildFile; fileRef = 300D58E021AD6E8300766ECF /* SugestionViewController.swift */; };
		300D58E321AD6FD800766ECF /* SugestionModalViewDelegate.swift in Sources */ = {isa = PBXBuildFile; fileRef = 300D58E221AD6FD800766ECF /* SugestionModalViewDelegate.swift */; };
		301995C421B5507B00D86396 /* RuleModelTests.swift in Sources */ = {isa = PBXBuildFile; fileRef = 301995C321B5507B00D86396 /* RuleModelTests.swift */; };
		301995C721B5632200D86396 /* CoreDataManager.swift in Sources */ = {isa = PBXBuildFile; fileRef = 301995C621B5632200D86396 /* CoreDataManager.swift */; };
		301CE39421B0182D006B583E /* RuleDetailDelegate.swift in Sources */ = {isa = PBXBuildFile; fileRef = 301CE39321B0182D006B583E /* RuleDetailDelegate.swift */; };
		3065BCFD21A2E6E30005339A /* AppDelegate.swift in Sources */ = {isa = PBXBuildFile; fileRef = 3065BCFC21A2E6E30005339A /* AppDelegate.swift */; };
		3065BCFF21A2E6E30005339A /* ViewController.swift in Sources */ = {isa = PBXBuildFile; fileRef = 3065BCFE21A2E6E30005339A /* ViewController.swift */; };
		3065BD0221A2E6E30005339A /* Main.storyboard in Resources */ = {isa = PBXBuildFile; fileRef = 3065BD0021A2E6E30005339A /* Main.storyboard */; };
		3065BD0521A2E6E30005339A /* RuleOfThumb.xcdatamodeld in Sources */ = {isa = PBXBuildFile; fileRef = 3065BD0321A2E6E30005339A /* RuleOfThumb.xcdatamodeld */; };
		3065BD0721A2E6E50005339A /* Assets.xcassets in Resources */ = {isa = PBXBuildFile; fileRef = 3065BD0621A2E6E50005339A /* Assets.xcassets */; };
		3065BD0A21A2E6E50005339A /* LaunchScreen.storyboard in Resources */ = {isa = PBXBuildFile; fileRef = 3065BD0821A2E6E50005339A /* LaunchScreen.storyboard */; };
		3065BD1521A2E6E50005339A /* RuleOfThumbTests.swift in Sources */ = {isa = PBXBuildFile; fileRef = 3065BD1421A2E6E50005339A /* RuleOfThumbTests.swift */; };
		3065BD2021A2E6E50005339A /* RuleOfThumbUITests.swift in Sources */ = {isa = PBXBuildFile; fileRef = 3065BD1F21A2E6E50005339A /* RuleOfThumbUITests.swift */; };
		3065BD3C21A2EEBF0005339A /* CloudKit.framework in Frameworks */ = {isa = PBXBuildFile; fileRef = 3065BD3B21A2EEBF0005339A /* CloudKit.framework */; };
		30ABEA5921B6BC6E008C03A3 /* RuleListDelegate.swift in Sources */ = {isa = PBXBuildFile; fileRef = 30ABEA5821B6BC6E008C03A3 /* RuleListDelegate.swift */; };
		5D08B56221A5968E00FBF73A /* Repository.swift in Sources */ = {isa = PBXBuildFile; fileRef = 5D08B56121A5968E00FBF73A /* Repository.swift */; };
		5D08B56521A598C900FBF73A /* Rule.swift in Sources */ = {isa = PBXBuildFile; fileRef = 5D08B56421A598C900FBF73A /* Rule.swift */; };
		5D08B56721A59A4B00FBF73A /* House.swift in Sources */ = {isa = PBXBuildFile; fileRef = 5D08B56621A59A4B00FBF73A /* House.swift */; };
		5D08B56D21A5A39E00FBF73A /* CloudKitRepository.swift in Sources */ = {isa = PBXBuildFile; fileRef = 5D08B56C21A5A39E00FBF73A /* CloudKitRepository.swift */; };
		5D08B56F21A6D62300FBF73A /* CKManagedObject.swift in Sources */ = {isa = PBXBuildFile; fileRef = 5D08B56E21A6D62300FBF73A /* CKManagedObject.swift */; };
		5D2B432821B1828400A80354 /* NotificationManager.swift in Sources */ = {isa = PBXBuildFile; fileRef = 5D2B432721B1828400A80354 /* NotificationManager.swift */; };
		5D2B432A21B1828B00A80354 /* User.swift in Sources */ = {isa = PBXBuildFile; fileRef = 5D2B432921B1828B00A80354 /* User.swift */; };
		5D2B433221B1833D00A80354 /* CloudKitRulesTests.swift in Sources */ = {isa = PBXBuildFile; fileRef = 5D2B433121B1833D00A80354 /* CloudKitRulesTests.swift */; };
		E507C5D321B0033600EEC7E7 /* RuleCreateDelegate.swift in Sources */ = {isa = PBXBuildFile; fileRef = E507C5D021B0033600EEC7E7 /* RuleCreateDelegate.swift */; };
		E507C5D421B0033600EEC7E7 /* RuleCreateViewController.swift in Sources */ = {isa = PBXBuildFile; fileRef = E507C5D121B0033600EEC7E7 /* RuleCreateViewController.swift */; };
		E507C5D521B0033600EEC7E7 /* RuleCreate.storyboard in Resources */ = {isa = PBXBuildFile; fileRef = E507C5D221B0033600EEC7E7 /* RuleCreate.storyboard */; };
		E507C5DA21B0034000EEC7E7 /* RulePeekView.swift in Sources */ = {isa = PBXBuildFile; fileRef = E507C5D621B0034000EEC7E7 /* RulePeekView.swift */; };
		E507C5DB21B0034000EEC7E7 /* RuleDetailViewController.swift in Sources */ = {isa = PBXBuildFile; fileRef = E507C5D721B0034000EEC7E7 /* RuleDetailViewController.swift */; };
		E507C5DC21B0034000EEC7E7 /* RuleDetail.storyboard in Resources */ = {isa = PBXBuildFile; fileRef = E507C5D821B0034000EEC7E7 /* RuleDetail.storyboard */; };
		E507C5DD21B0034000EEC7E7 /* RulePeekView.xib in Resources */ = {isa = PBXBuildFile; fileRef = E507C5D921B0034000EEC7E7 /* RulePeekView.xib */; };
		E507C5E221B0034800EEC7E7 /* RuleList.storyboard in Resources */ = {isa = PBXBuildFile; fileRef = E507C5DE21B0034800EEC7E7 /* RuleList.storyboard */; };
		E507C5E321B0034800EEC7E7 /* RuleListViewController.swift in Sources */ = {isa = PBXBuildFile; fileRef = E507C5DF21B0034800EEC7E7 /* RuleListViewController.swift */; };
		E507C5E421B0034800EEC7E7 /* RuleTableViewCell.swift in Sources */ = {isa = PBXBuildFile; fileRef = E507C5E021B0034800EEC7E7 /* RuleTableViewCell.swift */; };
		E507C5E521B0034800EEC7E7 /* RuleTableViewCell.xib in Resources */ = {isa = PBXBuildFile; fileRef = E507C5E121B0034800EEC7E7 /* RuleTableViewCell.xib */; };
		E507C5EF21B0035300EEC7E7 /* OpenVotesTableViewCell.xib in Resources */ = {isa = PBXBuildFile; fileRef = E507C5E621B0035300EEC7E7 /* OpenVotesTableViewCell.xib */; };
		E507C5F021B0035300EEC7E7 /* VotingStatusView.xib in Resources */ = {isa = PBXBuildFile; fileRef = E507C5E721B0035300EEC7E7 /* VotingStatusView.xib */; };
		E507C5F121B0035300EEC7E7 /* RuleVotingCardViewCell.swift in Sources */ = {isa = PBXBuildFile; fileRef = E507C5E821B0035300EEC7E7 /* RuleVotingCardViewCell.swift */; };
		E507C5F221B0035300EEC7E7 /* VotingPromptView.swift in Sources */ = {isa = PBXBuildFile; fileRef = E507C5E921B0035300EEC7E7 /* VotingPromptView.swift */; };
		E507C5F321B0035300EEC7E7 /* OpenVotesTableViewCell.swift in Sources */ = {isa = PBXBuildFile; fileRef = E507C5EA21B0035300EEC7E7 /* OpenVotesTableViewCell.swift */; };
		E507C5F421B0035300EEC7E7 /* RuleVotingCardViewCell.xib in Resources */ = {isa = PBXBuildFile; fileRef = E507C5EB21B0035300EEC7E7 /* RuleVotingCardViewCell.xib */; };
		E507C5F521B0035300EEC7E7 /* VotingPromptView.xib in Resources */ = {isa = PBXBuildFile; fileRef = E507C5EC21B0035300EEC7E7 /* VotingPromptView.xib */; };
		E507C5F621B0035300EEC7E7 /* VotingPromptViewDelegate.swift in Sources */ = {isa = PBXBuildFile; fileRef = E507C5ED21B0035300EEC7E7 /* VotingPromptViewDelegate.swift */; };
		E507C5F721B0035300EEC7E7 /* VotingStatusView.swift in Sources */ = {isa = PBXBuildFile; fileRef = E507C5EE21B0035300EEC7E7 /* VotingStatusView.swift */; };
		E507C5FB21B0035D00EEC7E7 /* OpenVotesDelegate.swift in Sources */ = {isa = PBXBuildFile; fileRef = E507C5F921B0035C00EEC7E7 /* OpenVotesDelegate.swift */; };
		E507C5FE21B01C7300EEC7E7 /* HomeCreate.storyboard in Resources */ = {isa = PBXBuildFile; fileRef = E507C5FD21B01C7300EEC7E7 /* HomeCreate.storyboard */; };
		E507C60021B02C1600EEC7E7 /* HomeCreateViewController.swift in Sources */ = {isa = PBXBuildFile; fileRef = E507C5FF21B02C1600EEC7E7 /* HomeCreateViewController.swift */; };
		E507C60421B1783500EEC7E7 /* HomeLoginViewController.swift in Sources */ = {isa = PBXBuildFile; fileRef = E507C60321B1783500EEC7E7 /* HomeLoginViewController.swift */; };
		E507C60621B1784200EEC7E7 /* HomeLogin.storyboard in Resources */ = {isa = PBXBuildFile; fileRef = E507C60521B1784200EEC7E7 /* HomeLogin.storyboard */; };
		E507C60821B5577200EEC7E7 /* Initial.storyboard in Resources */ = {isa = PBXBuildFile; fileRef = E507C60721B5577200EEC7E7 /* Initial.storyboard */; };
		E507C60A21B5620F00EEC7E7 /* InitialViewController.swift in Sources */ = {isa = PBXBuildFile; fileRef = E507C60921B5620F00EEC7E7 /* InitialViewController.swift */; };
		E507C60C21B56FBF00EEC7E7 /* IJProgressView.swift in Sources */ = {isa = PBXBuildFile; fileRef = E507C60B21B56FBF00EEC7E7 /* IJProgressView.swift */; };
		E507C60E21B605BD00EEC7E7 /* PrimaryButton.swift in Sources */ = {isa = PBXBuildFile; fileRef = E507C60D21B605BD00EEC7E7 /* PrimaryButton.swift */; };
		E597835F21A82695009FDDCF /* SugestionModalView.xib in Resources */ = {isa = PBXBuildFile; fileRef = E597835E21A82695009FDDCF /* SugestionModalView.xib */; };
		E597836121A8270D009FDDCF /* SugestionModalView.swift in Sources */ = {isa = PBXBuildFile; fileRef = E597836021A8270D009FDDCF /* SugestionModalView.swift */; };
		E597836321A837E0009FDDCF /* SugestionModal.storyboard in Resources */ = {isa = PBXBuildFile; fileRef = E597836221A837E0009FDDCF /* SugestionModal.storyboard */; };
		E597836521A83808009FDDCF /* SecondaryButton.swift in Sources */ = {isa = PBXBuildFile; fileRef = E597836421A83808009FDDCF /* SecondaryButton.swift */; };
		E597836721A839B3009FDDCF /* UIColor.swift in Sources */ = {isa = PBXBuildFile; fileRef = E597836621A839B3009FDDCF /* UIColor.swift */; };
		E597836921A83AA5009FDDCF /* FormButton.swift in Sources */ = {isa = PBXBuildFile; fileRef = E597836821A83AA5009FDDCF /* FormButton.swift */; };
/* End PBXBuildFile section */

/* Begin PBXContainerItemProxy section */
		3065BD1121A2E6E50005339A /* PBXContainerItemProxy */ = {
			isa = PBXContainerItemProxy;
			containerPortal = 3065BCF121A2E6E30005339A /* Project object */;
			proxyType = 1;
			remoteGlobalIDString = 3065BCF821A2E6E30005339A;
			remoteInfo = RuleOfThumb;
		};
		3065BD1C21A2E6E50005339A /* PBXContainerItemProxy */ = {
			isa = PBXContainerItemProxy;
			containerPortal = 3065BCF121A2E6E30005339A /* Project object */;
			proxyType = 1;
			remoteGlobalIDString = 3065BCF821A2E6E30005339A;
			remoteInfo = RuleOfThumb;
		};
/* End PBXContainerItemProxy section */

/* Begin PBXFileReference section */
		3004AE5421A44E3E0020629B /* CreatorProfileView.swift */ = {isa = PBXFileReference; lastKnownFileType = sourcecode.swift; path = CreatorProfileView.swift; sourceTree = "<group>"; };
		3004AE5521A44E3E0020629B /* CreatorProfileView.xib */ = {isa = PBXFileReference; lastKnownFileType = file.xib; path = CreatorProfileView.xib; sourceTree = "<group>"; };
		300A58A921A586A8000160DF /* XibView.swift */ = {isa = PBXFileReference; lastKnownFileType = sourcecode.swift; path = XibView.swift; sourceTree = "<group>"; };
		300A58AD21A5995F000160DF /* PromptView.swift */ = {isa = PBXFileReference; lastKnownFileType = sourcecode.swift; path = PromptView.swift; sourceTree = "<group>"; };
		300A58AF21A5996D000160DF /* PromptView.xib */ = {isa = PBXFileReference; lastKnownFileType = file.xib; path = PromptView.xib; sourceTree = "<group>"; };
		300A58B321A5A32B000160DF /* UIAlertController.swift */ = {isa = PBXFileReference; lastKnownFileType = sourcecode.swift; path = UIAlertController.swift; sourceTree = "<group>"; };
		300A5C4321AC1B0700C6013D /* XibView.xib */ = {isa = PBXFileReference; lastKnownFileType = file.xib; path = XibView.xib; sourceTree = "<group>"; };
		300D159721B1578400F23AA0 /* ActionlessRuleDetailViewController.swift */ = {isa = PBXFileReference; lastKnownFileType = sourcecode.swift; path = ActionlessRuleDetailViewController.swift; sourceTree = "<group>"; };
		300D58E021AD6E8300766ECF /* SugestionViewController.swift */ = {isa = PBXFileReference; lastKnownFileType = sourcecode.swift; path = SugestionViewController.swift; sourceTree = "<group>"; };
		300D58E221AD6FD800766ECF /* SugestionModalViewDelegate.swift */ = {isa = PBXFileReference; lastKnownFileType = sourcecode.swift; path = SugestionModalViewDelegate.swift; sourceTree = "<group>"; };
		301995C321B5507B00D86396 /* RuleModelTests.swift */ = {isa = PBXFileReference; lastKnownFileType = sourcecode.swift; path = RuleModelTests.swift; sourceTree = "<group>"; };
		301995C621B5632200D86396 /* CoreDataManager.swift */ = {isa = PBXFileReference; lastKnownFileType = sourcecode.swift; path = CoreDataManager.swift; sourceTree = "<group>"; };
		301CE39321B0182D006B583E /* RuleDetailDelegate.swift */ = {isa = PBXFileReference; lastKnownFileType = sourcecode.swift; path = RuleDetailDelegate.swift; sourceTree = "<group>"; };
		3065BCF921A2E6E30005339A /* RuleOfThumb.app */ = {isa = PBXFileReference; explicitFileType = wrapper.application; includeInIndex = 0; path = RuleOfThumb.app; sourceTree = BUILT_PRODUCTS_DIR; };
		3065BCFC21A2E6E30005339A /* AppDelegate.swift */ = {isa = PBXFileReference; lastKnownFileType = sourcecode.swift; path = AppDelegate.swift; sourceTree = "<group>"; };
		3065BCFE21A2E6E30005339A /* ViewController.swift */ = {isa = PBXFileReference; lastKnownFileType = sourcecode.swift; path = ViewController.swift; sourceTree = "<group>"; };
		3065BD0121A2E6E30005339A /* Base */ = {isa = PBXFileReference; lastKnownFileType = file.storyboard; name = Base; path = Base.lproj/Main.storyboard; sourceTree = "<group>"; };
		3065BD0421A2E6E30005339A /* RuleOfThumb.xcdatamodel */ = {isa = PBXFileReference; lastKnownFileType = wrapper.xcdatamodel; path = RuleOfThumb.xcdatamodel; sourceTree = "<group>"; };
		3065BD0621A2E6E50005339A /* Assets.xcassets */ = {isa = PBXFileReference; lastKnownFileType = folder.assetcatalog; path = Assets.xcassets; sourceTree = "<group>"; };
		3065BD0921A2E6E50005339A /* Base */ = {isa = PBXFileReference; lastKnownFileType = file.storyboard; name = Base; path = Base.lproj/LaunchScreen.storyboard; sourceTree = "<group>"; };
		3065BD0B21A2E6E50005339A /* Info.plist */ = {isa = PBXFileReference; lastKnownFileType = text.plist.xml; path = Info.plist; sourceTree = "<group>"; };
		3065BD1021A2E6E50005339A /* RuleOfThumbTests.xctest */ = {isa = PBXFileReference; explicitFileType = wrapper.cfbundle; includeInIndex = 0; path = RuleOfThumbTests.xctest; sourceTree = BUILT_PRODUCTS_DIR; };
		3065BD1421A2E6E50005339A /* RuleOfThumbTests.swift */ = {isa = PBXFileReference; lastKnownFileType = sourcecode.swift; path = RuleOfThumbTests.swift; sourceTree = "<group>"; };
		3065BD1621A2E6E50005339A /* Info.plist */ = {isa = PBXFileReference; lastKnownFileType = text.plist.xml; path = Info.plist; sourceTree = "<group>"; };
		3065BD1B21A2E6E50005339A /* RuleOfThumbUITests.xctest */ = {isa = PBXFileReference; explicitFileType = wrapper.cfbundle; includeInIndex = 0; path = RuleOfThumbUITests.xctest; sourceTree = BUILT_PRODUCTS_DIR; };
		3065BD1F21A2E6E50005339A /* RuleOfThumbUITests.swift */ = {isa = PBXFileReference; lastKnownFileType = sourcecode.swift; path = RuleOfThumbUITests.swift; sourceTree = "<group>"; };
		3065BD2121A2E6E50005339A /* Info.plist */ = {isa = PBXFileReference; lastKnownFileType = text.plist.xml; path = Info.plist; sourceTree = "<group>"; };
		3065BD3121A2EB990005339A /* .gitkeep */ = {isa = PBXFileReference; lastKnownFileType = text; path = .gitkeep; sourceTree = "<group>"; };
		3065BD3721A2EC1B0005339A /* .gitkeep */ = {isa = PBXFileReference; lastKnownFileType = text; path = .gitkeep; sourceTree = "<group>"; };
		3065BD3921A2EEBD0005339A /* RuleOfThumb.entitlements */ = {isa = PBXFileReference; lastKnownFileType = text.plist.entitlements; path = RuleOfThumb.entitlements; sourceTree = "<group>"; };
		3065BD3B21A2EEBF0005339A /* CloudKit.framework */ = {isa = PBXFileReference; lastKnownFileType = wrapper.framework; name = CloudKit.framework; path = System/Library/Frameworks/CloudKit.framework; sourceTree = SDKROOT; };
		30ABEA5821B6BC6E008C03A3 /* RuleListDelegate.swift */ = {isa = PBXFileReference; lastKnownFileType = sourcecode.swift; path = RuleListDelegate.swift; sourceTree = "<group>"; };
		5D08B56121A5968E00FBF73A /* Repository.swift */ = {isa = PBXFileReference; lastKnownFileType = sourcecode.swift; path = Repository.swift; sourceTree = "<group>"; };
		5D08B56421A598C900FBF73A /* Rule.swift */ = {isa = PBXFileReference; lastKnownFileType = sourcecode.swift; path = Rule.swift; sourceTree = "<group>"; };
		5D08B56621A59A4B00FBF73A /* House.swift */ = {isa = PBXFileReference; lastKnownFileType = sourcecode.swift; path = House.swift; sourceTree = "<group>"; };
		5D08B56C21A5A39E00FBF73A /* CloudKitRepository.swift */ = {isa = PBXFileReference; lastKnownFileType = sourcecode.swift; path = CloudKitRepository.swift; sourceTree = "<group>"; };
		5D08B56E21A6D62300FBF73A /* CKManagedObject.swift */ = {isa = PBXFileReference; lastKnownFileType = sourcecode.swift; path = CKManagedObject.swift; sourceTree = "<group>"; };
		5D2B432721B1828400A80354 /* NotificationManager.swift */ = {isa = PBXFileReference; fileEncoding = 4; lastKnownFileType = sourcecode.swift; path = NotificationManager.swift; sourceTree = "<group>"; };
		5D2B432921B1828B00A80354 /* User.swift */ = {isa = PBXFileReference; fileEncoding = 4; lastKnownFileType = sourcecode.swift; path = User.swift; sourceTree = "<group>"; };
		5D2B433121B1833D00A80354 /* CloudKitRulesTests.swift */ = {isa = PBXFileReference; fileEncoding = 4; lastKnownFileType = sourcecode.swift; path = CloudKitRulesTests.swift; sourceTree = "<group>"; };
		E507C5D021B0033600EEC7E7 /* RuleCreateDelegate.swift */ = {isa = PBXFileReference; fileEncoding = 4; lastKnownFileType = sourcecode.swift; path = RuleCreateDelegate.swift; sourceTree = "<group>"; };
		E507C5D121B0033600EEC7E7 /* RuleCreateViewController.swift */ = {isa = PBXFileReference; fileEncoding = 4; lastKnownFileType = sourcecode.swift; path = RuleCreateViewController.swift; sourceTree = "<group>"; };
		E507C5D221B0033600EEC7E7 /* RuleCreate.storyboard */ = {isa = PBXFileReference; fileEncoding = 4; lastKnownFileType = file.storyboard; path = RuleCreate.storyboard; sourceTree = "<group>"; };
		E507C5D621B0034000EEC7E7 /* RulePeekView.swift */ = {isa = PBXFileReference; fileEncoding = 4; lastKnownFileType = sourcecode.swift; path = RulePeekView.swift; sourceTree = "<group>"; };
		E507C5D721B0034000EEC7E7 /* RuleDetailViewController.swift */ = {isa = PBXFileReference; fileEncoding = 4; lastKnownFileType = sourcecode.swift; path = RuleDetailViewController.swift; sourceTree = "<group>"; };
		E507C5D821B0034000EEC7E7 /* RuleDetail.storyboard */ = {isa = PBXFileReference; fileEncoding = 4; lastKnownFileType = file.storyboard; path = RuleDetail.storyboard; sourceTree = "<group>"; };
		E507C5D921B0034000EEC7E7 /* RulePeekView.xib */ = {isa = PBXFileReference; fileEncoding = 4; lastKnownFileType = file.xib; path = RulePeekView.xib; sourceTree = "<group>"; };
		E507C5DE21B0034800EEC7E7 /* RuleList.storyboard */ = {isa = PBXFileReference; fileEncoding = 4; lastKnownFileType = file.storyboard; path = RuleList.storyboard; sourceTree = "<group>"; };
		E507C5DF21B0034800EEC7E7 /* RuleListViewController.swift */ = {isa = PBXFileReference; fileEncoding = 4; lastKnownFileType = sourcecode.swift; path = RuleListViewController.swift; sourceTree = "<group>"; };
		E507C5E021B0034800EEC7E7 /* RuleTableViewCell.swift */ = {isa = PBXFileReference; fileEncoding = 4; lastKnownFileType = sourcecode.swift; path = RuleTableViewCell.swift; sourceTree = "<group>"; };
		E507C5E121B0034800EEC7E7 /* RuleTableViewCell.xib */ = {isa = PBXFileReference; fileEncoding = 4; lastKnownFileType = file.xib; path = RuleTableViewCell.xib; sourceTree = "<group>"; };
		E507C5E621B0035300EEC7E7 /* OpenVotesTableViewCell.xib */ = {isa = PBXFileReference; fileEncoding = 4; lastKnownFileType = file.xib; path = OpenVotesTableViewCell.xib; sourceTree = "<group>"; };
		E507C5E721B0035300EEC7E7 /* VotingStatusView.xib */ = {isa = PBXFileReference; fileEncoding = 4; lastKnownFileType = file.xib; path = VotingStatusView.xib; sourceTree = "<group>"; };
		E507C5E821B0035300EEC7E7 /* RuleVotingCardViewCell.swift */ = {isa = PBXFileReference; fileEncoding = 4; lastKnownFileType = sourcecode.swift; path = RuleVotingCardViewCell.swift; sourceTree = "<group>"; };
		E507C5E921B0035300EEC7E7 /* VotingPromptView.swift */ = {isa = PBXFileReference; fileEncoding = 4; lastKnownFileType = sourcecode.swift; path = VotingPromptView.swift; sourceTree = "<group>"; };
		E507C5EA21B0035300EEC7E7 /* OpenVotesTableViewCell.swift */ = {isa = PBXFileReference; fileEncoding = 4; lastKnownFileType = sourcecode.swift; path = OpenVotesTableViewCell.swift; sourceTree = "<group>"; };
		E507C5EB21B0035300EEC7E7 /* RuleVotingCardViewCell.xib */ = {isa = PBXFileReference; fileEncoding = 4; lastKnownFileType = file.xib; path = RuleVotingCardViewCell.xib; sourceTree = "<group>"; };
		E507C5EC21B0035300EEC7E7 /* VotingPromptView.xib */ = {isa = PBXFileReference; fileEncoding = 4; lastKnownFileType = file.xib; path = VotingPromptView.xib; sourceTree = "<group>"; };
		E507C5ED21B0035300EEC7E7 /* VotingPromptViewDelegate.swift */ = {isa = PBXFileReference; fileEncoding = 4; lastKnownFileType = sourcecode.swift; path = VotingPromptViewDelegate.swift; sourceTree = "<group>"; };
		E507C5EE21B0035300EEC7E7 /* VotingStatusView.swift */ = {isa = PBXFileReference; fileEncoding = 4; lastKnownFileType = sourcecode.swift; path = VotingStatusView.swift; sourceTree = "<group>"; };
		E507C5F921B0035C00EEC7E7 /* OpenVotesDelegate.swift */ = {isa = PBXFileReference; fileEncoding = 4; lastKnownFileType = sourcecode.swift; path = OpenVotesDelegate.swift; sourceTree = "<group>"; };
		E507C5FD21B01C7300EEC7E7 /* HomeCreate.storyboard */ = {isa = PBXFileReference; lastKnownFileType = file.storyboard; path = HomeCreate.storyboard; sourceTree = "<group>"; };
		E507C5FF21B02C1600EEC7E7 /* HomeCreateViewController.swift */ = {isa = PBXFileReference; lastKnownFileType = sourcecode.swift; path = HomeCreateViewController.swift; sourceTree = "<group>"; };
		E507C60321B1783500EEC7E7 /* HomeLoginViewController.swift */ = {isa = PBXFileReference; lastKnownFileType = sourcecode.swift; path = HomeLoginViewController.swift; sourceTree = "<group>"; };
		E507C60521B1784200EEC7E7 /* HomeLogin.storyboard */ = {isa = PBXFileReference; lastKnownFileType = file.storyboard; path = HomeLogin.storyboard; sourceTree = "<group>"; };
		E507C60721B5577200EEC7E7 /* Initial.storyboard */ = {isa = PBXFileReference; lastKnownFileType = file.storyboard; path = Initial.storyboard; sourceTree = "<group>"; };
		E507C60921B5620F00EEC7E7 /* InitialViewController.swift */ = {isa = PBXFileReference; lastKnownFileType = sourcecode.swift; path = InitialViewController.swift; sourceTree = "<group>"; };
		E507C60B21B56FBF00EEC7E7 /* IJProgressView.swift */ = {isa = PBXFileReference; lastKnownFileType = sourcecode.swift; path = IJProgressView.swift; sourceTree = "<group>"; };
		E507C60D21B605BD00EEC7E7 /* PrimaryButton.swift */ = {isa = PBXFileReference; lastKnownFileType = sourcecode.swift; path = PrimaryButton.swift; sourceTree = "<group>"; };
		E597835E21A82695009FDDCF /* SugestionModalView.xib */ = {isa = PBXFileReference; lastKnownFileType = file.xib; path = SugestionModalView.xib; sourceTree = "<group>"; };
		E597836021A8270D009FDDCF /* SugestionModalView.swift */ = {isa = PBXFileReference; lastKnownFileType = sourcecode.swift; path = SugestionModalView.swift; sourceTree = "<group>"; };
		E597836221A837E0009FDDCF /* SugestionModal.storyboard */ = {isa = PBXFileReference; lastKnownFileType = file.storyboard; path = SugestionModal.storyboard; sourceTree = "<group>"; };
		E597836421A83808009FDDCF /* SecondaryButton.swift */ = {isa = PBXFileReference; lastKnownFileType = sourcecode.swift; path = SecondaryButton.swift; sourceTree = "<group>"; };
		E597836621A839B3009FDDCF /* UIColor.swift */ = {isa = PBXFileReference; lastKnownFileType = sourcecode.swift; path = UIColor.swift; sourceTree = "<group>"; };
		E597836821A83AA5009FDDCF /* FormButton.swift */ = {isa = PBXFileReference; lastKnownFileType = sourcecode.swift; path = FormButton.swift; sourceTree = "<group>"; };
/* End PBXFileReference section */

/* Begin PBXFrameworksBuildPhase section */
		3065BCF621A2E6E30005339A /* Frameworks */ = {
			isa = PBXFrameworksBuildPhase;
			buildActionMask = 2147483647;
			files = (
				3065BD3C21A2EEBF0005339A /* CloudKit.framework in Frameworks */,
			);
			runOnlyForDeploymentPostprocessing = 0;
		};
		3065BD0D21A2E6E50005339A /* Frameworks */ = {
			isa = PBXFrameworksBuildPhase;
			buildActionMask = 2147483647;
			files = (
			);
			runOnlyForDeploymentPostprocessing = 0;
		};
		3065BD1821A2E6E50005339A /* Frameworks */ = {
			isa = PBXFrameworksBuildPhase;
			buildActionMask = 2147483647;
			files = (
			);
			runOnlyForDeploymentPostprocessing = 0;
		};
/* End PBXFrameworksBuildPhase section */

/* Begin PBXGroup section */
		300A58B221A59C8E000160DF /* Views */ = {
			isa = PBXGroup;
			children = (
				3004AE5421A44E3E0020629B /* CreatorProfileView.swift */,
				3004AE5521A44E3E0020629B /* CreatorProfileView.xib */,
				300A58AD21A5995F000160DF /* PromptView.swift */,
				300A58AF21A5996D000160DF /* PromptView.xib */,
				300A58A921A586A8000160DF /* XibView.swift */,
				300A5C4321AC1B0700C6013D /* XibView.xib */,
				E597835E21A82695009FDDCF /* SugestionModalView.xib */,
				E597836021A8270D009FDDCF /* SugestionModalView.swift */,
				300D58E221AD6FD800766ECF /* SugestionModalViewDelegate.swift */,
				E597836221A837E0009FDDCF /* SugestionModal.storyboard */,
				300D58E021AD6E8300766ECF /* SugestionViewController.swift */,
				E507C60B21B56FBF00EEC7E7 /* IJProgressView.swift */,
				E597836421A83808009FDDCF /* SecondaryButton.swift */,
				E507C60D21B605BD00EEC7E7 /* PrimaryButton.swift */,
				E597836821A83AA5009FDDCF /* FormButton.swift */,
			);
			path = Views;
			sourceTree = "<group>";
		};
		300A58B521A5A332000160DF /* Class Extensions */ = {
			isa = PBXGroup;
			children = (
				300A58B321A5A32B000160DF /* UIAlertController.swift */,
				E597836621A839B3009FDDCF /* UIColor.swift */,
			);
			path = "Class Extensions";
			sourceTree = "<group>";
		};
		301995C021B5500500D86396 /* Rules */ = {
			isa = PBXGroup;
			children = (
				301995C321B5507B00D86396 /* RuleModelTests.swift */,
			);
			path = Rules;
			sourceTree = "<group>";
		};
		301995C521B562EB00D86396 /* CoreData */ = {
			isa = PBXGroup;
			children = (
				301995C621B5632200D86396 /* CoreDataManager.swift */,
			);
			path = CoreData;
			sourceTree = "<group>";
		};
		3065BCF021A2E6E30005339A = {
			isa = PBXGroup;
			children = (
				3065BCFB21A2E6E30005339A /* RuleOfThumb */,
				3065BD1321A2E6E50005339A /* RuleOfThumbTests */,
				3065BD1E21A2E6E50005339A /* RuleOfThumbUITests */,
				3065BCFA21A2E6E30005339A /* Products */,
				3065BD3A21A2EEBF0005339A /* Frameworks */,
			);
			sourceTree = "<group>";
		};
		3065BCFA21A2E6E30005339A /* Products */ = {
			isa = PBXGroup;
			children = (
				3065BCF921A2E6E30005339A /* RuleOfThumb.app */,
				3065BD1021A2E6E50005339A /* RuleOfThumbTests.xctest */,
				3065BD1B21A2E6E50005339A /* RuleOfThumbUITests.xctest */,
			);
			name = Products;
			sourceTree = "<group>";
		};
		3065BCFB21A2E6E30005339A /* RuleOfThumb */ = {
			isa = PBXGroup;
			children = (
				5D08B55F21A5965600FBF73A /* Shared */,
				3065BD3921A2EEBD0005339A /* RuleOfThumb.entitlements */,
				3065BD3021A2EB430005339A /* Meetings */,
				3065BD2F21A2EB240005339A /* Notifications */,
				3065BD2E21A2EB1D0005339A /* Rules */,
				E507C5FC21B00D2800EEC7E7 /* Homes */,
				3065BD2D21A2EB0E0005339A /* Profile */,
				3065BCFC21A2E6E30005339A /* AppDelegate.swift */,
				3065BCFE21A2E6E30005339A /* ViewController.swift */,
				3065BD0021A2E6E30005339A /* Main.storyboard */,
				3065BD0621A2E6E50005339A /* Assets.xcassets */,
				3065BD0821A2E6E50005339A /* LaunchScreen.storyboard */,
				3065BD0B21A2E6E50005339A /* Info.plist */,
				3065BD0321A2E6E30005339A /* RuleOfThumb.xcdatamodeld */,
				E507C60721B5577200EEC7E7 /* Initial.storyboard */,
				E507C60921B5620F00EEC7E7 /* InitialViewController.swift */,
			);
			path = RuleOfThumb;
			sourceTree = "<group>";
		};
		3065BD1321A2E6E50005339A /* RuleOfThumbTests */ = {
			isa = PBXGroup;
			children = (
				301995C021B5500500D86396 /* Rules */,
				5D2B433021B1832F00A80354 /* CloudKit */,
				3065BD1421A2E6E50005339A /* RuleOfThumbTests.swift */,
				3065BD1621A2E6E50005339A /* Info.plist */,
			);
			path = RuleOfThumbTests;
			sourceTree = "<group>";
		};
		3065BD1E21A2E6E50005339A /* RuleOfThumbUITests */ = {
			isa = PBXGroup;
			children = (
				3065BD1F21A2E6E50005339A /* RuleOfThumbUITests.swift */,
				3065BD2121A2E6E50005339A /* Info.plist */,
			);
			path = RuleOfThumbUITests;
			sourceTree = "<group>";
		};
		3065BD2D21A2EB0E0005339A /* Profile */ = {
			isa = PBXGroup;
			children = (
				3065BD3721A2EC1B0005339A /* .gitkeep */,
			);
			path = Profile;
			sourceTree = "<group>";
		};
		3065BD2E21A2EB1D0005339A /* Rules */ = {
			isa = PBXGroup;
			children = (
				E507C5CD21AF164D00EEC7E7 /* RuleVotes */,
				E507C5CC21AF163200EEC7E7 /* RuleDetail */,
				E507C5CB21AF162500EEC7E7 /* RuleCreate */,
				E507C5CA21AF161600EEC7E7 /* RuleList */,
			);
			path = Rules;
			sourceTree = "<group>";
		};
		3065BD2F21A2EB240005339A /* Notifications */ = {
			isa = PBXGroup;
			children = (
				5D2B432721B1828400A80354 /* NotificationManager.swift */,
			);
			path = Notifications;
			sourceTree = "<group>";
		};
		3065BD3021A2EB430005339A /* Meetings */ = {
			isa = PBXGroup;
			children = (
				3065BD3121A2EB990005339A /* .gitkeep */,
			);
			path = Meetings;
			sourceTree = "<group>";
		};
		3065BD3A21A2EEBF0005339A /* Frameworks */ = {
			isa = PBXGroup;
			children = (
				3065BD3B21A2EEBF0005339A /* CloudKit.framework */,
			);
			name = Frameworks;
			sourceTree = "<group>";
		};
		5D08B55F21A5965600FBF73A /* Shared */ = {
			isa = PBXGroup;
			children = (
				301995C521B562EB00D86396 /* CoreData */,
				300A58B521A5A332000160DF /* Class Extensions */,
				300A58B221A59C8E000160DF /* Views */,
				5D08B56321A598AB00FBF73A /* Entities */,
				5D08B56021A5965F00FBF73A /* CloudKit */,
				5D08B56121A5968E00FBF73A /* Repository.swift */,
			);
			path = Shared;
			sourceTree = "<group>";
		};
		5D08B56021A5965F00FBF73A /* CloudKit */ = {
			isa = PBXGroup;
			children = (
				5D08B56C21A5A39E00FBF73A /* CloudKitRepository.swift */,
			);
			path = CloudKit;
			sourceTree = "<group>";
		};
		5D08B56321A598AB00FBF73A /* Entities */ = {
			isa = PBXGroup;
			children = (
				5D2B432921B1828B00A80354 /* User.swift */,
				5D08B56421A598C900FBF73A /* Rule.swift */,
				5D08B56621A59A4B00FBF73A /* House.swift */,
				5D08B56E21A6D62300FBF73A /* CKManagedObject.swift */,
			);
			path = Entities;
			sourceTree = "<group>";
		};
		5D2B433021B1832F00A80354 /* CloudKit */ = {
			isa = PBXGroup;
			children = (
				5D2B433121B1833D00A80354 /* CloudKitRulesTests.swift */,
			);
			path = CloudKit;
			sourceTree = "<group>";
		};
		E507C5CA21AF161600EEC7E7 /* RuleList */ = {
			isa = PBXGroup;
			children = (
				E507C5DE21B0034800EEC7E7 /* RuleList.storyboard */,
				E507C5DF21B0034800EEC7E7 /* RuleListViewController.swift */,
				E507C5E021B0034800EEC7E7 /* RuleTableViewCell.swift */,
				E507C5E121B0034800EEC7E7 /* RuleTableViewCell.xib */,
				30ABEA5821B6BC6E008C03A3 /* RuleListDelegate.swift */,
			);
			path = RuleList;
			sourceTree = "<group>";
		};
		E507C5CB21AF162500EEC7E7 /* RuleCreate */ = {
			isa = PBXGroup;
			children = (
				E507C5D221B0033600EEC7E7 /* RuleCreate.storyboard */,
				E507C5D021B0033600EEC7E7 /* RuleCreateDelegate.swift */,
				E507C5D121B0033600EEC7E7 /* RuleCreateViewController.swift */,
			);
			path = RuleCreate;
			sourceTree = "<group>";
		};
		E507C5CC21AF163200EEC7E7 /* RuleDetail */ = {
			isa = PBXGroup;
			children = (
				E507C5D821B0034000EEC7E7 /* RuleDetail.storyboard */,
				300D159721B1578400F23AA0 /* ActionlessRuleDetailViewController.swift */,
				E507C5D721B0034000EEC7E7 /* RuleDetailViewController.swift */,
				301CE39321B0182D006B583E /* RuleDetailDelegate.swift */,
				E507C5D621B0034000EEC7E7 /* RulePeekView.swift */,
				E507C5D921B0034000EEC7E7 /* RulePeekView.xib */,
			);
			path = RuleDetail;
			sourceTree = "<group>";
		};
		E507C5CD21AF164D00EEC7E7 /* RuleVotes */ = {
			isa = PBXGroup;
			children = (
				E507C5EA21B0035300EEC7E7 /* OpenVotesTableViewCell.swift */,
				E507C5E621B0035300EEC7E7 /* OpenVotesTableViewCell.xib */,
				E507C5F921B0035C00EEC7E7 /* OpenVotesDelegate.swift */,
				E507C5E821B0035300EEC7E7 /* RuleVotingCardViewCell.swift */,
				E507C5EB21B0035300EEC7E7 /* RuleVotingCardViewCell.xib */,
				E507C5E921B0035300EEC7E7 /* VotingPromptView.swift */,
				E507C5EC21B0035300EEC7E7 /* VotingPromptView.xib */,
				E507C5ED21B0035300EEC7E7 /* VotingPromptViewDelegate.swift */,
				E507C5EE21B0035300EEC7E7 /* VotingStatusView.swift */,
				E507C5E721B0035300EEC7E7 /* VotingStatusView.xib */,
			);
			path = RuleVotes;
			sourceTree = "<group>";
		};
		E507C5FC21B00D2800EEC7E7 /* Homes */ = {
			isa = PBXGroup;
			children = (
				E507C5FD21B01C7300EEC7E7 /* HomeCreate.storyboard */,
				E507C5FF21B02C1600EEC7E7 /* HomeCreateViewController.swift */,
				E507C60521B1784200EEC7E7 /* HomeLogin.storyboard */,
				E507C60321B1783500EEC7E7 /* HomeLoginViewController.swift */,
			);
			path = Homes;
			sourceTree = "<group>";
		};
/* End PBXGroup section */

/* Begin PBXNativeTarget section */
		3065BCF821A2E6E30005339A /* RuleOfThumb */ = {
			isa = PBXNativeTarget;
			buildConfigurationList = 3065BD2421A2E6E50005339A /* Build configuration list for PBXNativeTarget "RuleOfThumb" */;
			buildPhases = (
				3065BCF521A2E6E30005339A /* Sources */,
				3065BCF621A2E6E30005339A /* Frameworks */,
				3065BCF721A2E6E30005339A /* Resources */,
			);
			buildRules = (
			);
			dependencies = (
			);
			name = RuleOfThumb;
			productName = RuleOfThumb;
			productReference = 3065BCF921A2E6E30005339A /* RuleOfThumb.app */;
			productType = "com.apple.product-type.application";
		};
		3065BD0F21A2E6E50005339A /* RuleOfThumbTests */ = {
			isa = PBXNativeTarget;
			buildConfigurationList = 3065BD2721A2E6E50005339A /* Build configuration list for PBXNativeTarget "RuleOfThumbTests" */;
			buildPhases = (
				3065BD0C21A2E6E50005339A /* Sources */,
				3065BD0D21A2E6E50005339A /* Frameworks */,
				3065BD0E21A2E6E50005339A /* Resources */,
			);
			buildRules = (
			);
			dependencies = (
				3065BD1221A2E6E50005339A /* PBXTargetDependency */,
			);
			name = RuleOfThumbTests;
			productName = RuleOfThumbTests;
			productReference = 3065BD1021A2E6E50005339A /* RuleOfThumbTests.xctest */;
			productType = "com.apple.product-type.bundle.unit-test";
		};
		3065BD1A21A2E6E50005339A /* RuleOfThumbUITests */ = {
			isa = PBXNativeTarget;
			buildConfigurationList = 3065BD2A21A2E6E50005339A /* Build configuration list for PBXNativeTarget "RuleOfThumbUITests" */;
			buildPhases = (
				3065BD1721A2E6E50005339A /* Sources */,
				3065BD1821A2E6E50005339A /* Frameworks */,
				3065BD1921A2E6E50005339A /* Resources */,
			);
			buildRules = (
			);
			dependencies = (
				3065BD1D21A2E6E50005339A /* PBXTargetDependency */,
			);
			name = RuleOfThumbUITests;
			productName = RuleOfThumbUITests;
			productReference = 3065BD1B21A2E6E50005339A /* RuleOfThumbUITests.xctest */;
			productType = "com.apple.product-type.bundle.ui-testing";
		};
/* End PBXNativeTarget section */

/* Begin PBXProject section */
		3065BCF121A2E6E30005339A /* Project object */ = {
			isa = PBXProject;
			attributes = {
				LastSwiftUpdateCheck = 1000;
				LastUpgradeCheck = 1000;
				ORGANIZATIONNAME = "So Many Deadlines";
				TargetAttributes = {
					3065BCF821A2E6E30005339A = {
						CreatedOnToolsVersion = 10.0;
						SystemCapabilities = {
							com.apple.Push = {
								enabled = 1;
							};
							com.apple.iCloud = {
								enabled = 1;
							};
						};
					};
					3065BD0F21A2E6E50005339A = {
						CreatedOnToolsVersion = 10.0;
						TestTargetID = 3065BCF821A2E6E30005339A;
					};
					3065BD1A21A2E6E50005339A = {
						CreatedOnToolsVersion = 10.0;
						TestTargetID = 3065BCF821A2E6E30005339A;
					};
				};
			};
			buildConfigurationList = 3065BCF421A2E6E30005339A /* Build configuration list for PBXProject "RuleOfThumb" */;
			compatibilityVersion = "Xcode 9.3";
			developmentRegion = en;
			hasScannedForEncodings = 0;
			knownRegions = (
				en,
				Base,
			);
			mainGroup = 3065BCF021A2E6E30005339A;
			productRefGroup = 3065BCFA21A2E6E30005339A /* Products */;
			projectDirPath = "";
			projectRoot = "";
			targets = (
				3065BCF821A2E6E30005339A /* RuleOfThumb */,
				3065BD0F21A2E6E50005339A /* RuleOfThumbTests */,
				3065BD1A21A2E6E50005339A /* RuleOfThumbUITests */,
			);
		};
/* End PBXProject section */

/* Begin PBXResourcesBuildPhase section */
		3065BCF721A2E6E30005339A /* Resources */ = {
			isa = PBXResourcesBuildPhase;
			buildActionMask = 2147483647;
			files = (
				3065BD0A21A2E6E50005339A /* LaunchScreen.storyboard in Resources */,
				3065BD0721A2E6E50005339A /* Assets.xcassets in Resources */,
				E507C5E221B0034800EEC7E7 /* RuleList.storyboard in Resources */,
				E507C60821B5577200EEC7E7 /* Initial.storyboard in Resources */,
				E507C5D521B0033600EEC7E7 /* RuleCreate.storyboard in Resources */,
				3065BD0221A2E6E30005339A /* Main.storyboard in Resources */,
				E507C5F521B0035300EEC7E7 /* VotingPromptView.xib in Resources */,
				3004AE5721A44E3E0020629B /* CreatorProfileView.xib in Resources */,
				E597835F21A82695009FDDCF /* SugestionModalView.xib in Resources */,
				E507C5F421B0035300EEC7E7 /* RuleVotingCardViewCell.xib in Resources */,
				E507C5E521B0034800EEC7E7 /* RuleTableViewCell.xib in Resources */,
				3065BD0221A2E6E30005339A /* Main.storyboard in Resources */,
				E507C5FE21B01C7300EEC7E7 /* HomeCreate.storyboard in Resources */,
				E507C5EF21B0035300EEC7E7 /* OpenVotesTableViewCell.xib in Resources */,
				E507C60621B1784200EEC7E7 /* HomeLogin.storyboard in Resources */,
				300A58B021A5996D000160DF /* PromptView.xib in Resources */,
				E507C5F021B0035300EEC7E7 /* VotingStatusView.xib in Resources */,
				E507C5DC21B0034000EEC7E7 /* RuleDetail.storyboard in Resources */,
				E507C5DD21B0034000EEC7E7 /* RulePeekView.xib in Resources */,
				E597836321A837E0009FDDCF /* SugestionModal.storyboard in Resources */,
				300A5C4421AC1B0700C6013D /* XibView.xib in Resources */,
			);
			runOnlyForDeploymentPostprocessing = 0;
		};
		3065BD0E21A2E6E50005339A /* Resources */ = {
			isa = PBXResourcesBuildPhase;
			buildActionMask = 2147483647;
			files = (
			);
			runOnlyForDeploymentPostprocessing = 0;
		};
		3065BD1921A2E6E50005339A /* Resources */ = {
			isa = PBXResourcesBuildPhase;
			buildActionMask = 2147483647;
			files = (
			);
			runOnlyForDeploymentPostprocessing = 0;
		};
/* End PBXResourcesBuildPhase section */

/* Begin PBXSourcesBuildPhase section */
		3065BCF521A2E6E30005339A /* Sources */ = {
			isa = PBXSourcesBuildPhase;
			buildActionMask = 2147483647;
			files = (
				E507C60421B1783500EEC7E7 /* HomeLoginViewController.swift in Sources */,
				E597836121A8270D009FDDCF /* SugestionModalView.swift in Sources */,
				E507C5E321B0034800EEC7E7 /* RuleListViewController.swift in Sources */,
				E507C5DA21B0034000EEC7E7 /* RulePeekView.swift in Sources */,
				3004AE5621A44E3E0020629B /* CreatorProfileView.swift in Sources */,
				3065BCFF21A2E6E30005339A /* ViewController.swift in Sources */,
				301CE39421B0182D006B583E /* RuleDetailDelegate.swift in Sources */,
				E507C60C21B56FBF00EEC7E7 /* IJProgressView.swift in Sources */,
				E597836721A839B3009FDDCF /* UIColor.swift in Sources */,
				E507C60021B02C1600EEC7E7 /* HomeCreateViewController.swift in Sources */,
				E597836521A83808009FDDCF /* SecondaryButton.swift in Sources */,
				3004AE5621A44E3E0020629B /* CreatorProfileView.swift in Sources */,
				E507C5F721B0035300EEC7E7 /* VotingStatusView.swift in Sources */,
				3065BCFF21A2E6E30005339A /* ViewController.swift in Sources */,
				5D08B56521A598C900FBF73A /* Rule.swift in Sources */,
				5D08B56F21A6D62300FBF73A /* CKManagedObject.swift in Sources */,
				E507C5E421B0034800EEC7E7 /* RuleTableViewCell.swift in Sources */,
				300D58E121AD6E8300766ECF /* SugestionViewController.swift in Sources */,
				E507C60E21B605BD00EEC7E7 /* PrimaryButton.swift in Sources */,
				E507C5DB21B0034000EEC7E7 /* RuleDetailViewController.swift in Sources */,
				5D2B432821B1828400A80354 /* NotificationManager.swift in Sources */,
				30ABEA5921B6BC6E008C03A3 /* RuleListDelegate.swift in Sources */,
				E507C5D321B0033600EEC7E7 /* RuleCreateDelegate.swift in Sources */,
				E507C5FB21B0035D00EEC7E7 /* OpenVotesDelegate.swift in Sources */,
				5D08B56D21A5A39E00FBF73A /* CloudKitRepository.swift in Sources */,
				3065BD0521A2E6E30005339A /* RuleOfThumb.xcdatamodeld in Sources */,
				300A58B421A5A32B000160DF /* UIAlertController.swift in Sources */,
				300A58AE21A5995F000160DF /* PromptView.swift in Sources */,
				E597836921A83AA5009FDDCF /* FormButton.swift in Sources */,
				300D58E321AD6FD800766ECF /* SugestionModalViewDelegate.swift in Sources */,
				5D2B432A21B1828B00A80354 /* User.swift in Sources */,
				3065BCFD21A2E6E30005339A /* AppDelegate.swift in Sources */,
				E507C60A21B5620F00EEC7E7 /* InitialViewController.swift in Sources */,
				5D08B56721A59A4B00FBF73A /* House.swift in Sources */,
				5D08B56221A5968E00FBF73A /* Repository.swift in Sources */,
				300D159821B1578400F23AA0 /* ActionlessRuleDetailViewController.swift in Sources */,
				E507C5F121B0035300EEC7E7 /* RuleVotingCardViewCell.swift in Sources */,
				301995C721B5632200D86396 /* CoreDataManager.swift in Sources */,
				E507C5F221B0035300EEC7E7 /* VotingPromptView.swift in Sources */,
				E507C5F621B0035300EEC7E7 /* VotingPromptViewDelegate.swift in Sources */,
				E507C5F321B0035300EEC7E7 /* OpenVotesTableViewCell.swift in Sources */,
				E507C5D421B0033600EEC7E7 /* RuleCreateViewController.swift in Sources */,
				300A58AA21A586A8000160DF /* XibView.swift in Sources */,
			);
			runOnlyForDeploymentPostprocessing = 0;
		};
		3065BD0C21A2E6E50005339A /* Sources */ = {
			isa = PBXSourcesBuildPhase;
			buildActionMask = 2147483647;
			files = (
				5D2B433221B1833D00A80354 /* CloudKitRulesTests.swift in Sources */,
				3065BD1521A2E6E50005339A /* RuleOfThumbTests.swift in Sources */,
				301995C421B5507B00D86396 /* RuleModelTests.swift in Sources */,
			);
			runOnlyForDeploymentPostprocessing = 0;
		};
		3065BD1721A2E6E50005339A /* Sources */ = {
			isa = PBXSourcesBuildPhase;
			buildActionMask = 2147483647;
			files = (
				3065BD2021A2E6E50005339A /* RuleOfThumbUITests.swift in Sources */,
			);
			runOnlyForDeploymentPostprocessing = 0;
		};
/* End PBXSourcesBuildPhase section */

/* Begin PBXTargetDependency section */
		3065BD1221A2E6E50005339A /* PBXTargetDependency */ = {
			isa = PBXTargetDependency;
			target = 3065BCF821A2E6E30005339A /* RuleOfThumb */;
			targetProxy = 3065BD1121A2E6E50005339A /* PBXContainerItemProxy */;
		};
		3065BD1D21A2E6E50005339A /* PBXTargetDependency */ = {
			isa = PBXTargetDependency;
			target = 3065BCF821A2E6E30005339A /* RuleOfThumb */;
			targetProxy = 3065BD1C21A2E6E50005339A /* PBXContainerItemProxy */;
		};
/* End PBXTargetDependency section */

/* Begin PBXVariantGroup section */
		3065BD0021A2E6E30005339A /* Main.storyboard */ = {
			isa = PBXVariantGroup;
			children = (
				3065BD0121A2E6E30005339A /* Base */,
			);
			name = Main.storyboard;
			sourceTree = "<group>";
		};
		3065BD0821A2E6E50005339A /* LaunchScreen.storyboard */ = {
			isa = PBXVariantGroup;
			children = (
				3065BD0921A2E6E50005339A /* Base */,
			);
			name = LaunchScreen.storyboard;
			sourceTree = "<group>";
		};
/* End PBXVariantGroup section */

/* Begin XCBuildConfiguration section */
		3065BD2221A2E6E50005339A /* Debug */ = {
			isa = XCBuildConfiguration;
			buildSettings = {
				ALWAYS_SEARCH_USER_PATHS = NO;
				CLANG_ANALYZER_NONNULL = YES;
				CLANG_ANALYZER_NUMBER_OBJECT_CONVERSION = YES_AGGRESSIVE;
				CLANG_CXX_LANGUAGE_STANDARD = "gnu++14";
				CLANG_CXX_LIBRARY = "libc++";
				CLANG_ENABLE_MODULES = YES;
				CLANG_ENABLE_OBJC_ARC = YES;
				CLANG_ENABLE_OBJC_WEAK = YES;
				CLANG_WARN_BLOCK_CAPTURE_AUTORELEASING = YES;
				CLANG_WARN_BOOL_CONVERSION = YES;
				CLANG_WARN_COMMA = YES;
				CLANG_WARN_CONSTANT_CONVERSION = YES;
				CLANG_WARN_DEPRECATED_OBJC_IMPLEMENTATIONS = YES;
				CLANG_WARN_DIRECT_OBJC_ISA_USAGE = YES_ERROR;
				CLANG_WARN_DOCUMENTATION_COMMENTS = YES;
				CLANG_WARN_EMPTY_BODY = YES;
				CLANG_WARN_ENUM_CONVERSION = YES;
				CLANG_WARN_INFINITE_RECURSION = YES;
				CLANG_WARN_INT_CONVERSION = YES;
				CLANG_WARN_NON_LITERAL_NULL_CONVERSION = YES;
				CLANG_WARN_OBJC_IMPLICIT_RETAIN_SELF = YES;
				CLANG_WARN_OBJC_LITERAL_CONVERSION = YES;
				CLANG_WARN_OBJC_ROOT_CLASS = YES_ERROR;
				CLANG_WARN_RANGE_LOOP_ANALYSIS = YES;
				CLANG_WARN_STRICT_PROTOTYPES = YES;
				CLANG_WARN_SUSPICIOUS_MOVE = YES;
				CLANG_WARN_UNGUARDED_AVAILABILITY = YES_AGGRESSIVE;
				CLANG_WARN_UNREACHABLE_CODE = YES;
				CLANG_WARN__DUPLICATE_METHOD_MATCH = YES;
				CODE_SIGN_IDENTITY = "iPhone Developer";
				COPY_PHASE_STRIP = NO;
				DEBUG_INFORMATION_FORMAT = dwarf;
				ENABLE_STRICT_OBJC_MSGSEND = YES;
				ENABLE_TESTABILITY = YES;
				GCC_C_LANGUAGE_STANDARD = gnu11;
				GCC_DYNAMIC_NO_PIC = NO;
				GCC_NO_COMMON_BLOCKS = YES;
				GCC_OPTIMIZATION_LEVEL = 0;
				GCC_PREPROCESSOR_DEFINITIONS = (
					"DEBUG=1",
					"$(inherited)",
				);
				GCC_WARN_64_TO_32_BIT_CONVERSION = YES;
				GCC_WARN_ABOUT_RETURN_TYPE = YES_ERROR;
				GCC_WARN_UNDECLARED_SELECTOR = YES;
				GCC_WARN_UNINITIALIZED_AUTOS = YES_AGGRESSIVE;
				GCC_WARN_UNUSED_FUNCTION = YES;
				GCC_WARN_UNUSED_VARIABLE = YES;
				IPHONEOS_DEPLOYMENT_TARGET = 12.0;
				MTL_ENABLE_DEBUG_INFO = INCLUDE_SOURCE;
				MTL_FAST_MATH = YES;
				ONLY_ACTIVE_ARCH = YES;
				SDKROOT = iphoneos;
				SWIFT_ACTIVE_COMPILATION_CONDITIONS = DEBUG;
				SWIFT_OPTIMIZATION_LEVEL = "-Onone";
			};
			name = Debug;
		};
		3065BD2321A2E6E50005339A /* Release */ = {
			isa = XCBuildConfiguration;
			buildSettings = {
				ALWAYS_SEARCH_USER_PATHS = NO;
				CLANG_ANALYZER_NONNULL = YES;
				CLANG_ANALYZER_NUMBER_OBJECT_CONVERSION = YES_AGGRESSIVE;
				CLANG_CXX_LANGUAGE_STANDARD = "gnu++14";
				CLANG_CXX_LIBRARY = "libc++";
				CLANG_ENABLE_MODULES = YES;
				CLANG_ENABLE_OBJC_ARC = YES;
				CLANG_ENABLE_OBJC_WEAK = YES;
				CLANG_WARN_BLOCK_CAPTURE_AUTORELEASING = YES;
				CLANG_WARN_BOOL_CONVERSION = YES;
				CLANG_WARN_COMMA = YES;
				CLANG_WARN_CONSTANT_CONVERSION = YES;
				CLANG_WARN_DEPRECATED_OBJC_IMPLEMENTATIONS = YES;
				CLANG_WARN_DIRECT_OBJC_ISA_USAGE = YES_ERROR;
				CLANG_WARN_DOCUMENTATION_COMMENTS = YES;
				CLANG_WARN_EMPTY_BODY = YES;
				CLANG_WARN_ENUM_CONVERSION = YES;
				CLANG_WARN_INFINITE_RECURSION = YES;
				CLANG_WARN_INT_CONVERSION = YES;
				CLANG_WARN_NON_LITERAL_NULL_CONVERSION = YES;
				CLANG_WARN_OBJC_IMPLICIT_RETAIN_SELF = YES;
				CLANG_WARN_OBJC_LITERAL_CONVERSION = YES;
				CLANG_WARN_OBJC_ROOT_CLASS = YES_ERROR;
				CLANG_WARN_RANGE_LOOP_ANALYSIS = YES;
				CLANG_WARN_STRICT_PROTOTYPES = YES;
				CLANG_WARN_SUSPICIOUS_MOVE = YES;
				CLANG_WARN_UNGUARDED_AVAILABILITY = YES_AGGRESSIVE;
				CLANG_WARN_UNREACHABLE_CODE = YES;
				CLANG_WARN__DUPLICATE_METHOD_MATCH = YES;
				CODE_SIGN_IDENTITY = "iPhone Developer";
				COPY_PHASE_STRIP = NO;
				DEBUG_INFORMATION_FORMAT = "dwarf-with-dsym";
				ENABLE_NS_ASSERTIONS = NO;
				ENABLE_STRICT_OBJC_MSGSEND = YES;
				GCC_C_LANGUAGE_STANDARD = gnu11;
				GCC_NO_COMMON_BLOCKS = YES;
				GCC_WARN_64_TO_32_BIT_CONVERSION = YES;
				GCC_WARN_ABOUT_RETURN_TYPE = YES_ERROR;
				GCC_WARN_UNDECLARED_SELECTOR = YES;
				GCC_WARN_UNINITIALIZED_AUTOS = YES_AGGRESSIVE;
				GCC_WARN_UNUSED_FUNCTION = YES;
				GCC_WARN_UNUSED_VARIABLE = YES;
				IPHONEOS_DEPLOYMENT_TARGET = 12.0;
				MTL_ENABLE_DEBUG_INFO = NO;
				MTL_FAST_MATH = YES;
				SDKROOT = iphoneos;
				SWIFT_COMPILATION_MODE = wholemodule;
				SWIFT_OPTIMIZATION_LEVEL = "-O";
				VALIDATE_PRODUCT = YES;
			};
			name = Release;
		};
		3065BD2521A2E6E50005339A /* Debug */ = {
			isa = XCBuildConfiguration;
			buildSettings = {
				ASSETCATALOG_COMPILER_APPICON_NAME = AppIcon;
				CODE_SIGN_ENTITLEMENTS = RuleOfThumb/RuleOfThumb.entitlements;
				CODE_SIGN_STYLE = Automatic;
				DEVELOPMENT_TEAM = Y93JMM3H2T;
				INFOPLIST_FILE = RuleOfThumb/Info.plist;
				LD_RUNPATH_SEARCH_PATHS = (
					"$(inherited)",
					"@executable_path/Frameworks",
				);
				PRODUCT_BUNDLE_IDENTIFIER = "somanydeadlines.RuleOfThumb-Matheus";
				PRODUCT_NAME = "$(TARGET_NAME)";
				SWIFT_VERSION = 4.2;
				TARGETED_DEVICE_FAMILY = "1,2";
			};
			name = Debug;
		};
		3065BD2621A2E6E50005339A /* Release */ = {
			isa = XCBuildConfiguration;
			buildSettings = {
				ASSETCATALOG_COMPILER_APPICON_NAME = AppIcon;
				CODE_SIGN_ENTITLEMENTS = RuleOfThumb/RuleOfThumb.entitlements;
				CODE_SIGN_STYLE = Automatic;
				DEVELOPMENT_TEAM = Y93JMM3H2T;
				INFOPLIST_FILE = RuleOfThumb/Info.plist;
				LD_RUNPATH_SEARCH_PATHS = (
					"$(inherited)",
					"@executable_path/Frameworks",
				);
				PRODUCT_BUNDLE_IDENTIFIER = "somanydeadlines.RuleOfThumb-Matheus";
				PRODUCT_NAME = "$(TARGET_NAME)";
				SWIFT_VERSION = 4.2;
				TARGETED_DEVICE_FAMILY = "1,2";
			};
			name = Release;
		};
		3065BD2821A2E6E50005339A /* Debug */ = {
			isa = XCBuildConfiguration;
			buildSettings = {
				ALWAYS_EMBED_SWIFT_STANDARD_LIBRARIES = YES;
				BUNDLE_LOADER = "$(TEST_HOST)";
				CODE_SIGN_STYLE = Automatic;
				DEVELOPMENT_TEAM = U3BJSYBS9R;
				INFOPLIST_FILE = RuleOfThumbTests/Info.plist;
				LD_RUNPATH_SEARCH_PATHS = (
					"$(inherited)",
					"@executable_path/Frameworks",
					"@loader_path/Frameworks",
				);
				PRODUCT_BUNDLE_IDENTIFIER = somanydeadlines.RuleOfThumbTests;
				PRODUCT_NAME = "$(TARGET_NAME)";
				SWIFT_VERSION = 4.2;
				TARGETED_DEVICE_FAMILY = "1,2";
				TEST_HOST = "$(BUILT_PRODUCTS_DIR)/RuleOfThumb.app/RuleOfThumb";
			};
			name = Debug;
		};
		3065BD2921A2E6E50005339A /* Release */ = {
			isa = XCBuildConfiguration;
			buildSettings = {
				ALWAYS_EMBED_SWIFT_STANDARD_LIBRARIES = YES;
				BUNDLE_LOADER = "$(TEST_HOST)";
				CODE_SIGN_STYLE = Automatic;
				DEVELOPMENT_TEAM = U3BJSYBS9R;
				INFOPLIST_FILE = RuleOfThumbTests/Info.plist;
				LD_RUNPATH_SEARCH_PATHS = (
					"$(inherited)",
					"@executable_path/Frameworks",
					"@loader_path/Frameworks",
				);
				PRODUCT_BUNDLE_IDENTIFIER = somanydeadlines.RuleOfThumbTests;
				PRODUCT_NAME = "$(TARGET_NAME)";
				SWIFT_VERSION = 4.2;
				TARGETED_DEVICE_FAMILY = "1,2";
				TEST_HOST = "$(BUILT_PRODUCTS_DIR)/RuleOfThumb.app/RuleOfThumb";
			};
			name = Release;
		};
		3065BD2B21A2E6E50005339A /* Debug */ = {
			isa = XCBuildConfiguration;
			buildSettings = {
				ALWAYS_EMBED_SWIFT_STANDARD_LIBRARIES = YES;
				CODE_SIGN_STYLE = Automatic;
				DEVELOPMENT_TEAM = U3BJSYBS9R;
				INFOPLIST_FILE = RuleOfThumbUITests/Info.plist;
				LD_RUNPATH_SEARCH_PATHS = (
					"$(inherited)",
					"@executable_path/Frameworks",
					"@loader_path/Frameworks",
				);
				PRODUCT_BUNDLE_IDENTIFIER = somanydeadlines.RuleOfThumbUITests;
				PRODUCT_NAME = "$(TARGET_NAME)";
				SWIFT_VERSION = 4.2;
				TARGETED_DEVICE_FAMILY = "1,2";
				TEST_TARGET_NAME = RuleOfThumb;
			};
			name = Debug;
		};
		3065BD2C21A2E6E50005339A /* Release */ = {
			isa = XCBuildConfiguration;
			buildSettings = {
				ALWAYS_EMBED_SWIFT_STANDARD_LIBRARIES = YES;
				CODE_SIGN_STYLE = Automatic;
				DEVELOPMENT_TEAM = U3BJSYBS9R;
				INFOPLIST_FILE = RuleOfThumbUITests/Info.plist;
				LD_RUNPATH_SEARCH_PATHS = (
					"$(inherited)",
					"@executable_path/Frameworks",
					"@loader_path/Frameworks",
				);
				PRODUCT_BUNDLE_IDENTIFIER = somanydeadlines.RuleOfThumbUITests;
				PRODUCT_NAME = "$(TARGET_NAME)";
				SWIFT_VERSION = 4.2;
				TARGETED_DEVICE_FAMILY = "1,2";
				TEST_TARGET_NAME = RuleOfThumb;
			};
			name = Release;
		};
/* End XCBuildConfiguration section */

/* Begin XCConfigurationList section */
		3065BCF421A2E6E30005339A /* Build configuration list for PBXProject "RuleOfThumb" */ = {
			isa = XCConfigurationList;
			buildConfigurations = (
				3065BD2221A2E6E50005339A /* Debug */,
				3065BD2321A2E6E50005339A /* Release */,
			);
			defaultConfigurationIsVisible = 0;
			defaultConfigurationName = Release;
		};
		3065BD2421A2E6E50005339A /* Build configuration list for PBXNativeTarget "RuleOfThumb" */ = {
			isa = XCConfigurationList;
			buildConfigurations = (
				3065BD2521A2E6E50005339A /* Debug */,
				3065BD2621A2E6E50005339A /* Release */,
			);
			defaultConfigurationIsVisible = 0;
			defaultConfigurationName = Release;
		};
		3065BD2721A2E6E50005339A /* Build configuration list for PBXNativeTarget "RuleOfThumbTests" */ = {
			isa = XCConfigurationList;
			buildConfigurations = (
				3065BD2821A2E6E50005339A /* Debug */,
				3065BD2921A2E6E50005339A /* Release */,
			);
			defaultConfigurationIsVisible = 0;
			defaultConfigurationName = Release;
		};
		3065BD2A21A2E6E50005339A /* Build configuration list for PBXNativeTarget "RuleOfThumbUITests" */ = {
			isa = XCConfigurationList;
			buildConfigurations = (
				3065BD2B21A2E6E50005339A /* Debug */,
				3065BD2C21A2E6E50005339A /* Release */,
			);
			defaultConfigurationIsVisible = 0;
			defaultConfigurationName = Release;
		};
/* End XCConfigurationList section */

/* Begin XCVersionGroup section */
		3065BD0321A2E6E30005339A /* RuleOfThumb.xcdatamodeld */ = {
			isa = XCVersionGroup;
			children = (
				3065BD0421A2E6E30005339A /* RuleOfThumb.xcdatamodel */,
			);
			currentVersion = 3065BD0421A2E6E30005339A /* RuleOfThumb.xcdatamodel */;
			path = RuleOfThumb.xcdatamodeld;
			sourceTree = "<group>";
			versionGroupType = wrapper.xcdatamodel;
		};
/* End XCVersionGroup section */
	};
	rootObject = 3065BCF121A2E6E30005339A /* Project object */;
}
