// !$*UTF8*$!
{
	archiveVersion = 1;
	classes = {
	};
	objectVersion = 50;
	objects = {

/* Begin PBXBuildFile section */
		2B257B6221B180AA00D56DEC /* UIFont.swift in Sources */ = {isa = PBXBuildFile; fileRef = 2B257B6121B180AA00D56DEC /* UIFont.swift */; };
		2B257B7221B1863D00D56DEC /* Lato-Light.ttf in Resources */ = {isa = PBXBuildFile; fileRef = 2B257B6821B1863C00D56DEC /* Lato-Light.ttf */; };
		2B257B7421B1863D00D56DEC /* Lato-Regular.ttf in Resources */ = {isa = PBXBuildFile; fileRef = 2B257B6A21B1863D00D56DEC /* Lato-Regular.ttf */; };
		2B257B8921B1865800D56DEC /* Nunito-SemiBold.ttf in Resources */ = {isa = PBXBuildFile; fileRef = 2B257B7B21B1865700D56DEC /* Nunito-SemiBold.ttf */; };
		2B257B8C21B1865800D56DEC /* Nunito-ExtraBold.ttf in Resources */ = {isa = PBXBuildFile; fileRef = 2B257B7E21B1865800D56DEC /* Nunito-ExtraBold.ttf */; };
		2B257B8D21B1865800D56DEC /* Nunito-Regular.ttf in Resources */ = {isa = PBXBuildFile; fileRef = 2B257B7F21B1865800D56DEC /* Nunito-Regular.ttf */; };
		2B257B8E21B1865800D56DEC /* Nunito-Black.ttf in Resources */ = {isa = PBXBuildFile; fileRef = 2B257B8021B1865800D56DEC /* Nunito-Black.ttf */; };
		2B257B9021B1865800D56DEC /* Nunito-Bold.ttf in Resources */ = {isa = PBXBuildFile; fileRef = 2B257B8221B1865800D56DEC /* Nunito-Bold.ttf */; };
		2B281D8421B84C950000695F /* CreatorProfileView.swift in Sources */ = {isa = PBXBuildFile; fileRef = 3004AE5421A44E3E0020629B /* CreatorProfileView.swift */; };
		2B281D8521B84C950000695F /* ViewController.swift in Sources */ = {isa = PBXBuildFile; fileRef = 3065BCFE21A2E6E30005339A /* ViewController.swift */; };
		2B281D8621B84C950000695F /* Main.storyboard in Resources */ = {isa = PBXBuildFile; fileRef = 3065BD0021A2E6E30005339A /* Main.storyboard */; };
		2B34E96C21B94F4D00066DC5 /* RuleEmptyTableViewCell.swift in Sources */ = {isa = PBXBuildFile; fileRef = 2B34E96A21B94F4D00066DC5 /* RuleEmptyTableViewCell.swift */; };
		2B34E96D21B94F4D00066DC5 /* RuleEmptyTableViewCell.xib in Resources */ = {isa = PBXBuildFile; fileRef = 2B34E96B21B94F4D00066DC5 /* RuleEmptyTableViewCell.xib */; };
		2B34E97121B95A1800066DC5 /* MeetingsList.storyboard in Resources */ = {isa = PBXBuildFile; fileRef = 2B34E97021B95A1800066DC5 /* MeetingsList.storyboard */; };
		2BA466C121BA8E72006DE1BC /* RuleVotingEmptyCardViewCell.swift in Sources */ = {isa = PBXBuildFile; fileRef = 2BA466BF21BA8E72006DE1BC /* RuleVotingEmptyCardViewCell.swift */; };
		2BA466C221BA8E72006DE1BC /* RuleVotingEmptyCardViewCell.xib in Resources */ = {isa = PBXBuildFile; fileRef = 2BA466C021BA8E72006DE1BC /* RuleVotingEmptyCardViewCell.xib */; };
		2BD3949021B6C32F00813EAC /* UIView.swift in Sources */ = {isa = PBXBuildFile; fileRef = 2BD3948F21B6C32F00813EAC /* UIView.swift */; };
		2BD3949221B6D61300813EAC /* CAGradientLayer.swift in Sources */ = {isa = PBXBuildFile; fileRef = 2BD3949121B6D61300813EAC /* CAGradientLayer.swift */; };
		2BD3949421B6D72F00813EAC /* UINavigationBar.swift in Sources */ = {isa = PBXBuildFile; fileRef = 2BD3949321B6D72F00813EAC /* UINavigationBar.swift */; };
		2BD3949621B7F10900813EAC /* UIImage.swift in Sources */ = {isa = PBXBuildFile; fileRef = 2BD3949521B7F10900813EAC /* UIImage.swift */; };
		2BD394CB21B8142900813EAC /* RuleCreateDelegate.swift in Sources */ = {isa = PBXBuildFile; fileRef = 2BD394B021B8142900813EAC /* RuleCreateDelegate.swift */; };
		2BD394CC21B8142900813EAC /* RuleCreate.storyboard in Resources */ = {isa = PBXBuildFile; fileRef = 2BD394B121B8142900813EAC /* RuleCreate.storyboard */; };
		2BD394CD21B8142900813EAC /* RuleCreateViewController.swift in Sources */ = {isa = PBXBuildFile; fileRef = 2BD394B221B8142900813EAC /* RuleCreateViewController.swift */; };
		2BD394CE21B8142900813EAC /* RuleDetailDelegate.swift in Sources */ = {isa = PBXBuildFile; fileRef = 2BD394B421B8142900813EAC /* RuleDetailDelegate.swift */; };
		2BD394CF21B8142900813EAC /* RulePeekView.xib in Resources */ = {isa = PBXBuildFile; fileRef = 2BD394B521B8142900813EAC /* RulePeekView.xib */; };
		2BD394D021B8142900813EAC /* RuleDetail.storyboard in Resources */ = {isa = PBXBuildFile; fileRef = 2BD394B621B8142900813EAC /* RuleDetail.storyboard */; };
		2BD394D121B8142900813EAC /* ActionlessRuleDetailViewController.swift in Sources */ = {isa = PBXBuildFile; fileRef = 2BD394B721B8142900813EAC /* ActionlessRuleDetailViewController.swift */; };
		2BD394D221B8142900813EAC /* RulePeekView.swift in Sources */ = {isa = PBXBuildFile; fileRef = 2BD394B821B8142900813EAC /* RulePeekView.swift */; };
		2BD394D321B8142900813EAC /* RuleDetailViewController.swift in Sources */ = {isa = PBXBuildFile; fileRef = 2BD394B921B8142900813EAC /* RuleDetailViewController.swift */; };
		2BD394D421B8142900813EAC /* VotingStatusView.xib in Resources */ = {isa = PBXBuildFile; fileRef = 2BD394BB21B8142900813EAC /* VotingStatusView.xib */; };
		2BD394D521B8142900813EAC /* VotingPromptViewDelegate.swift in Sources */ = {isa = PBXBuildFile; fileRef = 2BD394BC21B8142900813EAC /* VotingPromptViewDelegate.swift */; };
		2BD394D621B8142900813EAC /* OpenVotesDelegate.swift in Sources */ = {isa = PBXBuildFile; fileRef = 2BD394BD21B8142900813EAC /* OpenVotesDelegate.swift */; };
		2BD394D721B8142900813EAC /* OpenVotesTableViewCell.xib in Resources */ = {isa = PBXBuildFile; fileRef = 2BD394BE21B8142900813EAC /* OpenVotesTableViewCell.xib */; };
		2BD394D821B8142900813EAC /* VotingPromptView.xib in Resources */ = {isa = PBXBuildFile; fileRef = 2BD394BF21B8142900813EAC /* VotingPromptView.xib */; };
		2BD394D921B8142900813EAC /* VotingPromptView.swift in Sources */ = {isa = PBXBuildFile; fileRef = 2BD394C021B8142900813EAC /* VotingPromptView.swift */; };
		2BD394DA21B8142900813EAC /* VotingStatusView.swift in Sources */ = {isa = PBXBuildFile; fileRef = 2BD394C121B8142900813EAC /* VotingStatusView.swift */; };
		2BD394DB21B8142900813EAC /* RuleVotingCardViewCell.xib in Resources */ = {isa = PBXBuildFile; fileRef = 2BD394C221B8142900813EAC /* RuleVotingCardViewCell.xib */; };
		2BD394DC21B8142900813EAC /* OpenVotesTableViewCell.swift in Sources */ = {isa = PBXBuildFile; fileRef = 2BD394C321B8142900813EAC /* OpenVotesTableViewCell.swift */; };
		2BD394DD21B8142900813EAC /* RuleVotingCardViewCell.swift in Sources */ = {isa = PBXBuildFile; fileRef = 2BD394C421B8142900813EAC /* RuleVotingCardViewCell.swift */; };
		2BD394DE21B8142900813EAC /* HeaderCell.xib in Resources */ = {isa = PBXBuildFile; fileRef = 2BD394C621B8142900813EAC /* HeaderCell.xib */; };
		2BD394DF21B8142900813EAC /* RuleTableViewCell.xib in Resources */ = {isa = PBXBuildFile; fileRef = 2BD394C721B8142900813EAC /* RuleTableViewCell.xib */; };
		2BD394E021B8142900813EAC /* HeaderCell.swift in Sources */ = {isa = PBXBuildFile; fileRef = 2BD394C821B8142900813EAC /* HeaderCell.swift */; };
		2BD394E121B8142900813EAC /* RuleListViewController.swift in Sources */ = {isa = PBXBuildFile; fileRef = 2BD394C921B8142900813EAC /* RuleListViewController.swift */; };
		2BD394E221B8142900813EAC /* RuleTableViewCell.swift in Sources */ = {isa = PBXBuildFile; fileRef = 2BD394CA21B8142900813EAC /* RuleTableViewCell.swift */; };
		2BD394E421B814B100813EAC /* RuleList.storyboard in Resources */ = {isa = PBXBuildFile; fileRef = 2BD394E321B814B100813EAC /* RuleList.storyboard */; };
		2BD394E621B8238B00813EAC /* RuleListDelegate.swift in Sources */ = {isa = PBXBuildFile; fileRef = 2BD394E521B8238B00813EAC /* RuleListDelegate.swift */; };
		3004AE5721A44E3E0020629B /* CreatorProfileView.xib in Resources */ = {isa = PBXBuildFile; fileRef = 3004AE5521A44E3E0020629B /* CreatorProfileView.xib */; };
		300A58AA21A586A8000160DF /* XibView.swift in Sources */ = {isa = PBXBuildFile; fileRef = 300A58A921A586A8000160DF /* XibView.swift */; };
		300A58AE21A5995F000160DF /* PromptView.swift in Sources */ = {isa = PBXBuildFile; fileRef = 300A58AD21A5995F000160DF /* PromptView.swift */; };
		300A58B021A5996D000160DF /* PromptView.xib in Resources */ = {isa = PBXBuildFile; fileRef = 300A58AF21A5996D000160DF /* PromptView.xib */; };
		300A58B421A5A32B000160DF /* UIAlertController.swift in Sources */ = {isa = PBXBuildFile; fileRef = 300A58B321A5A32B000160DF /* UIAlertController.swift */; };
		300A5C4421AC1B0700C6013D /* XibView.xib in Resources */ = {isa = PBXBuildFile; fileRef = 300A5C4321AC1B0700C6013D /* XibView.xib */; };
		300CCED521B94692002B0527 /* NotificationFormatter.swift in Sources */ = {isa = PBXBuildFile; fileRef = 300CCED421B94692002B0527 /* NotificationFormatter.swift */; };
		300D58E121AD6E8300766ECF /* SugestionViewController.swift in Sources */ = {isa = PBXBuildFile; fileRef = 300D58E021AD6E8300766ECF /* SugestionViewController.swift */; };
		300D58E321AD6FD800766ECF /* SugestionModalViewDelegate.swift in Sources */ = {isa = PBXBuildFile; fileRef = 300D58E221AD6FD800766ECF /* SugestionModalViewDelegate.swift */; };
		301995C421B5507B00D86396 /* RuleModelTests.swift in Sources */ = {isa = PBXBuildFile; fileRef = 301995C321B5507B00D86396 /* RuleModelTests.swift */; };
		301995C721B5632200D86396 /* CoreDataManager.swift in Sources */ = {isa = PBXBuildFile; fileRef = 301995C621B5632200D86396 /* CoreDataManager.swift */; };
		3065BCFD21A2E6E30005339A /* AppDelegate.swift in Sources */ = {isa = PBXBuildFile; fileRef = 3065BCFC21A2E6E30005339A /* AppDelegate.swift */; };
		3065BD0521A2E6E30005339A /* RuleOfThumb.xcdatamodeld in Sources */ = {isa = PBXBuildFile; fileRef = 3065BD0321A2E6E30005339A /* RuleOfThumb.xcdatamodeld */; };
		3065BD0721A2E6E50005339A /* Assets.xcassets in Resources */ = {isa = PBXBuildFile; fileRef = 3065BD0621A2E6E50005339A /* Assets.xcassets */; };
		3065BD0A21A2E6E50005339A /* LaunchScreen.storyboard in Resources */ = {isa = PBXBuildFile; fileRef = 3065BD0821A2E6E50005339A /* LaunchScreen.storyboard */; };
		3065BD1521A2E6E50005339A /* RuleOfThumbTests.swift in Sources */ = {isa = PBXBuildFile; fileRef = 3065BD1421A2E6E50005339A /* RuleOfThumbTests.swift */; };
		3065BD2021A2E6E50005339A /* RuleOfThumbUITests.swift in Sources */ = {isa = PBXBuildFile; fileRef = 3065BD1F21A2E6E50005339A /* RuleOfThumbUITests.swift */; };
		30ABEA6521B7F8A2008C03A3 /* RuleOfThumbNotificationService.appex in Embed App Extensions */ = {isa = PBXBuildFile; fileRef = 30ABEA5E21B7F8A2008C03A3 /* RuleOfThumbNotificationService.appex */; settings = {ATTRIBUTES = (RemoveHeadersOnCopy, ); }; };
		5D08B56221A5968E00FBF73A /* Repository.swift in Sources */ = {isa = PBXBuildFile; fileRef = 5D08B56121A5968E00FBF73A /* Repository.swift */; };
		5D08B56521A598C900FBF73A /* Rule.swift in Sources */ = {isa = PBXBuildFile; fileRef = 5D08B56421A598C900FBF73A /* Rule.swift */; };
		5D08B56721A59A4B00FBF73A /* House.swift in Sources */ = {isa = PBXBuildFile; fileRef = 5D08B56621A59A4B00FBF73A /* House.swift */; };
		5D08B56D21A5A39E00FBF73A /* CloudKitRepository.swift in Sources */ = {isa = PBXBuildFile; fileRef = 5D08B56C21A5A39E00FBF73A /* CloudKitRepository.swift */; };
		5D08B56F21A6D62300FBF73A /* CKManagedObject.swift in Sources */ = {isa = PBXBuildFile; fileRef = 5D08B56E21A6D62300FBF73A /* CKManagedObject.swift */; };
		5D2B432821B1828400A80354 /* NotificationManager.swift in Sources */ = {isa = PBXBuildFile; fileRef = 5D2B432721B1828400A80354 /* NotificationManager.swift */; };
		5D2B432A21B1828B00A80354 /* User.swift in Sources */ = {isa = PBXBuildFile; fileRef = 5D2B432921B1828B00A80354 /* User.swift */; };
		5D2B433221B1833D00A80354 /* CloudKitRulesTests.swift in Sources */ = {isa = PBXBuildFile; fileRef = 5D2B433121B1833D00A80354 /* CloudKitRulesTests.swift */; };
		5D4A935421BA962D0027362A /* NotificationFormatter.swift in Sources */ = {isa = PBXBuildFile; fileRef = 300CCED421B94692002B0527 /* NotificationFormatter.swift */; };
		5D4A935621BAA20E0027362A /* CloudKitRepository+Subscriptions.swift in Sources */ = {isa = PBXBuildFile; fileRef = 5D4A935521BAA20E0027362A /* CloudKitRepository+Subscriptions.swift */; };
		5D4A935821BAAFF10027362A /* CloudKit.framework in Frameworks */ = {isa = PBXBuildFile; fileRef = 5D4A935721BAAFF10027362A /* CloudKit.framework */; };
		E507C5FE21B01C7300EEC7E7 /* HomeCreate.storyboard in Resources */ = {isa = PBXBuildFile; fileRef = E507C5FD21B01C7300EEC7E7 /* HomeCreate.storyboard */; };
		E507C60021B02C1600EEC7E7 /* HomeCreateViewController.swift in Sources */ = {isa = PBXBuildFile; fileRef = E507C5FF21B02C1600EEC7E7 /* HomeCreateViewController.swift */; };
		E507C60421B1783500EEC7E7 /* HomeLoginViewController.swift in Sources */ = {isa = PBXBuildFile; fileRef = E507C60321B1783500EEC7E7 /* HomeLoginViewController.swift */; };
		E507C60621B1784200EEC7E7 /* HomeLogin.storyboard in Resources */ = {isa = PBXBuildFile; fileRef = E507C60521B1784200EEC7E7 /* HomeLogin.storyboard */; };
		E507C60821B5577200EEC7E7 /* Initial.storyboard in Resources */ = {isa = PBXBuildFile; fileRef = E507C60721B5577200EEC7E7 /* Initial.storyboard */; };
		E507C60A21B5620F00EEC7E7 /* InitialViewController.swift in Sources */ = {isa = PBXBuildFile; fileRef = E507C60921B5620F00EEC7E7 /* InitialViewController.swift */; };
		E507C60C21B56FBF00EEC7E7 /* IJProgressView.swift in Sources */ = {isa = PBXBuildFile; fileRef = E507C60B21B56FBF00EEC7E7 /* IJProgressView.swift */; };
		E507C60E21B605BD00EEC7E7 /* PrimaryButton.swift in Sources */ = {isa = PBXBuildFile; fileRef = E507C60D21B605BD00EEC7E7 /* PrimaryButton.swift */; };
		E51A7E7921BE08EE000A1DA0 /* Interface.storyboard in Resources */ = {isa = PBXBuildFile; fileRef = E51A7E7721BE08EE000A1DA0 /* Interface.storyboard */; };
		E51A7E7B21BE08F1000A1DA0 /* Assets.xcassets in Resources */ = {isa = PBXBuildFile; fileRef = E51A7E7A21BE08F1000A1DA0 /* Assets.xcassets */; };
		E51A7E8221BE08F1000A1DA0 /* VeeHomeWatch Extension.appex in Embed App Extensions */ = {isa = PBXBuildFile; fileRef = E51A7E8121BE08F1000A1DA0 /* VeeHomeWatch Extension.appex */; settings = {ATTRIBUTES = (RemoveHeadersOnCopy, ); }; };
		E51A7E8721BE08F1000A1DA0 /* InterfaceController.swift in Sources */ = {isa = PBXBuildFile; fileRef = E51A7E8621BE08F1000A1DA0 /* InterfaceController.swift */; };
		E51A7E8921BE08F1000A1DA0 /* ExtensionDelegate.swift in Sources */ = {isa = PBXBuildFile; fileRef = E51A7E8821BE08F1000A1DA0 /* ExtensionDelegate.swift */; };
		E51A7E8B21BE08F1000A1DA0 /* NotificationController.swift in Sources */ = {isa = PBXBuildFile; fileRef = E51A7E8A21BE08F1000A1DA0 /* NotificationController.swift */; };
		E51A7E8D21BE08F2000A1DA0 /* Assets.xcassets in Resources */ = {isa = PBXBuildFile; fileRef = E51A7E8C21BE08F2000A1DA0 /* Assets.xcassets */; };
		E51A7E9221BE08F2000A1DA0 /* VeeHomeWatch.app in Embed Watch Content */ = {isa = PBXBuildFile; fileRef = E51A7E7521BE08EE000A1DA0 /* VeeHomeWatch.app */; };
		E51A7E9E21BE0971000A1DA0 /* RulesRowController.swift in Sources */ = {isa = PBXBuildFile; fileRef = E51A7E9B21BE0971000A1DA0 /* RulesRowController.swift */; };
		E51A7E9F21BE0971000A1DA0 /* DetailsInterfaceController.swift in Sources */ = {isa = PBXBuildFile; fileRef = E51A7E9C21BE0971000A1DA0 /* DetailsInterfaceController.swift */; };
		E51A7EA021BE0971000A1DA0 /* RulesInterfaceController.swift in Sources */ = {isa = PBXBuildFile; fileRef = E51A7E9D21BE0971000A1DA0 /* RulesInterfaceController.swift */; };
		E51A7EA921BE0CCE000A1DA0 /* RulesDict.swift in Sources */ = {isa = PBXBuildFile; fileRef = E51A7EA821BE0CCE000A1DA0 /* RulesDict.swift */; };
		E51A7EAA21BE1648000A1DA0 /* RulesDict.swift in Sources */ = {isa = PBXBuildFile; fileRef = E51A7EA821BE0CCE000A1DA0 /* RulesDict.swift */; };
		E58CFA0321BCBB1A002A746C /* NotificationService.swift in Sources */ = {isa = PBXBuildFile; fileRef = 30ABEA6021B7F8A2008C03A3 /* NotificationService.swift */; };
		E597835F21A82695009FDDCF /* SugestionModalView.xib in Resources */ = {isa = PBXBuildFile; fileRef = E597835E21A82695009FDDCF /* SugestionModalView.xib */; };
		E597836121A8270D009FDDCF /* SugestionModalView.swift in Sources */ = {isa = PBXBuildFile; fileRef = E597836021A8270D009FDDCF /* SugestionModalView.swift */; };
		E597836321A837E0009FDDCF /* SugestionModal.storyboard in Resources */ = {isa = PBXBuildFile; fileRef = E597836221A837E0009FDDCF /* SugestionModal.storyboard */; };
		E597836521A83808009FDDCF /* SecondaryButton.swift in Sources */ = {isa = PBXBuildFile; fileRef = E597836421A83808009FDDCF /* SecondaryButton.swift */; };
		E597836721A839B3009FDDCF /* UIColor.swift in Sources */ = {isa = PBXBuildFile; fileRef = E597836621A839B3009FDDCF /* UIColor.swift */; };
		E597836921A83AA5009FDDCF /* FormButton.swift in Sources */ = {isa = PBXBuildFile; fileRef = E597836821A83AA5009FDDCF /* FormButton.swift */; };
		E5ACB8FD21BEAAF300156AFB /* CloudkitRepository.swift in Sources */ = {isa = PBXBuildFile; fileRef = E5ACB8FC21BEAAF300156AFB /* CloudkitRepository.swift */; };
/* End PBXBuildFile section */

/* Begin PBXContainerItemProxy section */
		3065BD1121A2E6E50005339A /* PBXContainerItemProxy */ = {
			isa = PBXContainerItemProxy;
			containerPortal = 3065BCF121A2E6E30005339A /* Project object */;
			proxyType = 1;
			remoteGlobalIDString = 3065BCF821A2E6E30005339A;
			remoteInfo = RuleOfThumb;
		};
		3065BD1C21A2E6E50005339A /* PBXContainerItemProxy */ = {
			isa = PBXContainerItemProxy;
			containerPortal = 3065BCF121A2E6E30005339A /* Project object */;
			proxyType = 1;
			remoteGlobalIDString = 3065BCF821A2E6E30005339A;
			remoteInfo = RuleOfThumb;
		};
		30ABEA6321B7F8A2008C03A3 /* PBXContainerItemProxy */ = {
			isa = PBXContainerItemProxy;
			containerPortal = 3065BCF121A2E6E30005339A /* Project object */;
			proxyType = 1;
			remoteGlobalIDString = 30ABEA5D21B7F8A2008C03A3;
			remoteInfo = RuleOfThumbNotificationService;
		};
		E51A7E8321BE08F1000A1DA0 /* PBXContainerItemProxy */ = {
			isa = PBXContainerItemProxy;
			containerPortal = 3065BCF121A2E6E30005339A /* Project object */;
			proxyType = 1;
			remoteGlobalIDString = E51A7E8021BE08F1000A1DA0;
			remoteInfo = "VeeHomeWatch Extension";
		};
		E51A7E9021BE08F2000A1DA0 /* PBXContainerItemProxy */ = {
			isa = PBXContainerItemProxy;
			containerPortal = 3065BCF121A2E6E30005339A /* Project object */;
			proxyType = 1;
			remoteGlobalIDString = E51A7E7421BE08EE000A1DA0;
			remoteInfo = VeeHomeWatch;
		};
/* End PBXContainerItemProxy section */

/* Begin PBXCopyFilesBuildPhase section */
		30ABEA6921B7F8A2008C03A3 /* Embed App Extensions */ = {
			isa = PBXCopyFilesBuildPhase;
			buildActionMask = 2147483647;
			dstPath = "";
			dstSubfolderSpec = 13;
			files = (
				30ABEA6521B7F8A2008C03A3 /* RuleOfThumbNotificationService.appex in Embed App Extensions */,
			);
			name = "Embed App Extensions";
			runOnlyForDeploymentPostprocessing = 0;
		};
		E51A7E9621BE08F2000A1DA0 /* Embed App Extensions */ = {
			isa = PBXCopyFilesBuildPhase;
			buildActionMask = 2147483647;
			dstPath = "";
			dstSubfolderSpec = 13;
			files = (
				E51A7E8221BE08F1000A1DA0 /* VeeHomeWatch Extension.appex in Embed App Extensions */,
			);
			name = "Embed App Extensions";
			runOnlyForDeploymentPostprocessing = 0;
		};
		E51A7E9A21BE08F2000A1DA0 /* Embed Watch Content */ = {
			isa = PBXCopyFilesBuildPhase;
			buildActionMask = 2147483647;
			dstPath = "$(CONTENTS_FOLDER_PATH)/Watch";
			dstSubfolderSpec = 16;
			files = (
				E51A7E9221BE08F2000A1DA0 /* VeeHomeWatch.app in Embed Watch Content */,
			);
			name = "Embed Watch Content";
			runOnlyForDeploymentPostprocessing = 0;
		};
/* End PBXCopyFilesBuildPhase section */

/* Begin PBXFileReference section */
		2B257B6121B180AA00D56DEC /* UIFont.swift */ = {isa = PBXFileReference; lastKnownFileType = sourcecode.swift; path = UIFont.swift; sourceTree = "<group>"; };
		2B257B6821B1863C00D56DEC /* Lato-Light.ttf */ = {isa = PBXFileReference; lastKnownFileType = file; path = "Lato-Light.ttf"; sourceTree = "<group>"; };
		2B257B6A21B1863D00D56DEC /* Lato-Regular.ttf */ = {isa = PBXFileReference; lastKnownFileType = file; path = "Lato-Regular.ttf"; sourceTree = "<group>"; };
		2B257B7B21B1865700D56DEC /* Nunito-SemiBold.ttf */ = {isa = PBXFileReference; lastKnownFileType = file; path = "Nunito-SemiBold.ttf"; sourceTree = "<group>"; };
		2B257B7E21B1865800D56DEC /* Nunito-ExtraBold.ttf */ = {isa = PBXFileReference; lastKnownFileType = file; path = "Nunito-ExtraBold.ttf"; sourceTree = "<group>"; };
		2B257B7F21B1865800D56DEC /* Nunito-Regular.ttf */ = {isa = PBXFileReference; lastKnownFileType = file; path = "Nunito-Regular.ttf"; sourceTree = "<group>"; };
		2B257B8021B1865800D56DEC /* Nunito-Black.ttf */ = {isa = PBXFileReference; lastKnownFileType = file; path = "Nunito-Black.ttf"; sourceTree = "<group>"; };
		2B257B8221B1865800D56DEC /* Nunito-Bold.ttf */ = {isa = PBXFileReference; lastKnownFileType = file; path = "Nunito-Bold.ttf"; sourceTree = "<group>"; };
		2B34E96A21B94F4D00066DC5 /* RuleEmptyTableViewCell.swift */ = {isa = PBXFileReference; lastKnownFileType = sourcecode.swift; path = RuleEmptyTableViewCell.swift; sourceTree = "<group>"; };
		2B34E96B21B94F4D00066DC5 /* RuleEmptyTableViewCell.xib */ = {isa = PBXFileReference; lastKnownFileType = file.xib; path = RuleEmptyTableViewCell.xib; sourceTree = "<group>"; };
		2B34E97021B95A1800066DC5 /* MeetingsList.storyboard */ = {isa = PBXFileReference; lastKnownFileType = file.storyboard; path = MeetingsList.storyboard; sourceTree = "<group>"; };
		2BA466BF21BA8E72006DE1BC /* RuleVotingEmptyCardViewCell.swift */ = {isa = PBXFileReference; lastKnownFileType = sourcecode.swift; path = RuleVotingEmptyCardViewCell.swift; sourceTree = "<group>"; };
		2BA466C021BA8E72006DE1BC /* RuleVotingEmptyCardViewCell.xib */ = {isa = PBXFileReference; lastKnownFileType = file.xib; path = RuleVotingEmptyCardViewCell.xib; sourceTree = "<group>"; };
		2BD3948F21B6C32F00813EAC /* UIView.swift */ = {isa = PBXFileReference; lastKnownFileType = sourcecode.swift; path = UIView.swift; sourceTree = "<group>"; };
		2BD3949121B6D61300813EAC /* CAGradientLayer.swift */ = {isa = PBXFileReference; lastKnownFileType = sourcecode.swift; path = CAGradientLayer.swift; sourceTree = "<group>"; };
		2BD3949321B6D72F00813EAC /* UINavigationBar.swift */ = {isa = PBXFileReference; lastKnownFileType = sourcecode.swift; path = UINavigationBar.swift; sourceTree = "<group>"; };
		2BD3949521B7F10900813EAC /* UIImage.swift */ = {isa = PBXFileReference; lastKnownFileType = sourcecode.swift; path = UIImage.swift; sourceTree = "<group>"; };
		2BD394B021B8142900813EAC /* RuleCreateDelegate.swift */ = {isa = PBXFileReference; fileEncoding = 4; lastKnownFileType = sourcecode.swift; path = RuleCreateDelegate.swift; sourceTree = "<group>"; };
		2BD394B121B8142900813EAC /* RuleCreate.storyboard */ = {isa = PBXFileReference; fileEncoding = 4; lastKnownFileType = file.storyboard; path = RuleCreate.storyboard; sourceTree = "<group>"; };
		2BD394B221B8142900813EAC /* RuleCreateViewController.swift */ = {isa = PBXFileReference; fileEncoding = 4; lastKnownFileType = sourcecode.swift; path = RuleCreateViewController.swift; sourceTree = "<group>"; };
		2BD394B421B8142900813EAC /* RuleDetailDelegate.swift */ = {isa = PBXFileReference; fileEncoding = 4; lastKnownFileType = sourcecode.swift; path = RuleDetailDelegate.swift; sourceTree = "<group>"; };
		2BD394B521B8142900813EAC /* RulePeekView.xib */ = {isa = PBXFileReference; fileEncoding = 4; lastKnownFileType = file.xib; path = RulePeekView.xib; sourceTree = "<group>"; };
		2BD394B621B8142900813EAC /* RuleDetail.storyboard */ = {isa = PBXFileReference; fileEncoding = 4; lastKnownFileType = file.storyboard; path = RuleDetail.storyboard; sourceTree = "<group>"; };
		2BD394B721B8142900813EAC /* ActionlessRuleDetailViewController.swift */ = {isa = PBXFileReference; fileEncoding = 4; lastKnownFileType = sourcecode.swift; path = ActionlessRuleDetailViewController.swift; sourceTree = "<group>"; };
		2BD394B821B8142900813EAC /* RulePeekView.swift */ = {isa = PBXFileReference; fileEncoding = 4; lastKnownFileType = sourcecode.swift; path = RulePeekView.swift; sourceTree = "<group>"; };
		2BD394B921B8142900813EAC /* RuleDetailViewController.swift */ = {isa = PBXFileReference; fileEncoding = 4; lastKnownFileType = sourcecode.swift; path = RuleDetailViewController.swift; sourceTree = "<group>"; };
		2BD394BB21B8142900813EAC /* VotingStatusView.xib */ = {isa = PBXFileReference; fileEncoding = 4; lastKnownFileType = file.xib; path = VotingStatusView.xib; sourceTree = "<group>"; };
		2BD394BC21B8142900813EAC /* VotingPromptViewDelegate.swift */ = {isa = PBXFileReference; fileEncoding = 4; lastKnownFileType = sourcecode.swift; path = VotingPromptViewDelegate.swift; sourceTree = "<group>"; };
		2BD394BD21B8142900813EAC /* OpenVotesDelegate.swift */ = {isa = PBXFileReference; fileEncoding = 4; lastKnownFileType = sourcecode.swift; path = OpenVotesDelegate.swift; sourceTree = "<group>"; };
		2BD394BE21B8142900813EAC /* OpenVotesTableViewCell.xib */ = {isa = PBXFileReference; fileEncoding = 4; lastKnownFileType = file.xib; path = OpenVotesTableViewCell.xib; sourceTree = "<group>"; };
		2BD394BF21B8142900813EAC /* VotingPromptView.xib */ = {isa = PBXFileReference; fileEncoding = 4; lastKnownFileType = file.xib; path = VotingPromptView.xib; sourceTree = "<group>"; };
		2BD394C021B8142900813EAC /* VotingPromptView.swift */ = {isa = PBXFileReference; fileEncoding = 4; lastKnownFileType = sourcecode.swift; path = VotingPromptView.swift; sourceTree = "<group>"; };
		2BD394C121B8142900813EAC /* VotingStatusView.swift */ = {isa = PBXFileReference; fileEncoding = 4; lastKnownFileType = sourcecode.swift; path = VotingStatusView.swift; sourceTree = "<group>"; };
		2BD394C221B8142900813EAC /* RuleVotingCardViewCell.xib */ = {isa = PBXFileReference; fileEncoding = 4; lastKnownFileType = file.xib; path = RuleVotingCardViewCell.xib; sourceTree = "<group>"; };
		2BD394C321B8142900813EAC /* OpenVotesTableViewCell.swift */ = {isa = PBXFileReference; fileEncoding = 4; lastKnownFileType = sourcecode.swift; path = OpenVotesTableViewCell.swift; sourceTree = "<group>"; };
		2BD394C421B8142900813EAC /* RuleVotingCardViewCell.swift */ = {isa = PBXFileReference; fileEncoding = 4; lastKnownFileType = sourcecode.swift; path = RuleVotingCardViewCell.swift; sourceTree = "<group>"; };
		2BD394C621B8142900813EAC /* HeaderCell.xib */ = {isa = PBXFileReference; fileEncoding = 4; lastKnownFileType = file.xib; path = HeaderCell.xib; sourceTree = "<group>"; };
		2BD394C721B8142900813EAC /* RuleTableViewCell.xib */ = {isa = PBXFileReference; fileEncoding = 4; lastKnownFileType = file.xib; path = RuleTableViewCell.xib; sourceTree = "<group>"; };
		2BD394C821B8142900813EAC /* HeaderCell.swift */ = {isa = PBXFileReference; fileEncoding = 4; lastKnownFileType = sourcecode.swift; path = HeaderCell.swift; sourceTree = "<group>"; };
		2BD394C921B8142900813EAC /* RuleListViewController.swift */ = {isa = PBXFileReference; fileEncoding = 4; lastKnownFileType = sourcecode.swift; path = RuleListViewController.swift; sourceTree = "<group>"; };
		2BD394CA21B8142900813EAC /* RuleTableViewCell.swift */ = {isa = PBXFileReference; fileEncoding = 4; lastKnownFileType = sourcecode.swift; path = RuleTableViewCell.swift; sourceTree = "<group>"; };
		2BD394E321B814B100813EAC /* RuleList.storyboard */ = {isa = PBXFileReference; fileEncoding = 4; lastKnownFileType = file.storyboard; path = RuleList.storyboard; sourceTree = "<group>"; };
		2BD394E521B8238B00813EAC /* RuleListDelegate.swift */ = {isa = PBXFileReference; fileEncoding = 4; lastKnownFileType = sourcecode.swift; path = RuleListDelegate.swift; sourceTree = "<group>"; };
		3004AE5421A44E3E0020629B /* CreatorProfileView.swift */ = {isa = PBXFileReference; lastKnownFileType = sourcecode.swift; path = CreatorProfileView.swift; sourceTree = "<group>"; };
		3004AE5521A44E3E0020629B /* CreatorProfileView.xib */ = {isa = PBXFileReference; lastKnownFileType = file.xib; path = CreatorProfileView.xib; sourceTree = "<group>"; };
		300A58A921A586A8000160DF /* XibView.swift */ = {isa = PBXFileReference; lastKnownFileType = sourcecode.swift; path = XibView.swift; sourceTree = "<group>"; };
		300A58AD21A5995F000160DF /* PromptView.swift */ = {isa = PBXFileReference; lastKnownFileType = sourcecode.swift; path = PromptView.swift; sourceTree = "<group>"; };
		300A58AF21A5996D000160DF /* PromptView.xib */ = {isa = PBXFileReference; lastKnownFileType = file.xib; path = PromptView.xib; sourceTree = "<group>"; };
		300A58B321A5A32B000160DF /* UIAlertController.swift */ = {isa = PBXFileReference; lastKnownFileType = sourcecode.swift; path = UIAlertController.swift; sourceTree = "<group>"; };
		300A5C4321AC1B0700C6013D /* XibView.xib */ = {isa = PBXFileReference; lastKnownFileType = file.xib; path = XibView.xib; sourceTree = "<group>"; };
		300CCED421B94692002B0527 /* NotificationFormatter.swift */ = {isa = PBXFileReference; lastKnownFileType = sourcecode.swift; path = NotificationFormatter.swift; sourceTree = "<group>"; };
		300D58E021AD6E8300766ECF /* SugestionViewController.swift */ = {isa = PBXFileReference; lastKnownFileType = sourcecode.swift; path = SugestionViewController.swift; sourceTree = "<group>"; };
		300D58E221AD6FD800766ECF /* SugestionModalViewDelegate.swift */ = {isa = PBXFileReference; lastKnownFileType = sourcecode.swift; path = SugestionModalViewDelegate.swift; sourceTree = "<group>"; };
		301995C321B5507B00D86396 /* RuleModelTests.swift */ = {isa = PBXFileReference; lastKnownFileType = sourcecode.swift; path = RuleModelTests.swift; sourceTree = "<group>"; };
		301995C621B5632200D86396 /* CoreDataManager.swift */ = {isa = PBXFileReference; lastKnownFileType = sourcecode.swift; path = CoreDataManager.swift; sourceTree = "<group>"; };
		3065BCF921A2E6E30005339A /* RuleOfThumb.app */ = {isa = PBXFileReference; explicitFileType = wrapper.application; includeInIndex = 0; path = RuleOfThumb.app; sourceTree = BUILT_PRODUCTS_DIR; };
		3065BCFC21A2E6E30005339A /* AppDelegate.swift */ = {isa = PBXFileReference; lastKnownFileType = sourcecode.swift; path = AppDelegate.swift; sourceTree = "<group>"; };
		3065BCFE21A2E6E30005339A /* ViewController.swift */ = {isa = PBXFileReference; lastKnownFileType = sourcecode.swift; path = ViewController.swift; sourceTree = "<group>"; };
		3065BD0121A2E6E30005339A /* Base */ = {isa = PBXFileReference; lastKnownFileType = file.storyboard; name = Base; path = Base.lproj/Main.storyboard; sourceTree = "<group>"; };
		3065BD0421A2E6E30005339A /* RuleOfThumb.xcdatamodel */ = {isa = PBXFileReference; lastKnownFileType = wrapper.xcdatamodel; path = RuleOfThumb.xcdatamodel; sourceTree = "<group>"; };
		3065BD0621A2E6E50005339A /* Assets.xcassets */ = {isa = PBXFileReference; lastKnownFileType = folder.assetcatalog; path = Assets.xcassets; sourceTree = "<group>"; };
		3065BD0921A2E6E50005339A /* Base */ = {isa = PBXFileReference; lastKnownFileType = file.storyboard; name = Base; path = Base.lproj/LaunchScreen.storyboard; sourceTree = "<group>"; };
		3065BD0B21A2E6E50005339A /* Info.plist */ = {isa = PBXFileReference; lastKnownFileType = text.plist.xml; path = Info.plist; sourceTree = "<group>"; };
		3065BD1021A2E6E50005339A /* RuleOfThumbTests.xctest */ = {isa = PBXFileReference; explicitFileType = wrapper.cfbundle; includeInIndex = 0; path = RuleOfThumbTests.xctest; sourceTree = BUILT_PRODUCTS_DIR; };
		3065BD1421A2E6E50005339A /* RuleOfThumbTests.swift */ = {isa = PBXFileReference; lastKnownFileType = sourcecode.swift; path = RuleOfThumbTests.swift; sourceTree = "<group>"; };
		3065BD1621A2E6E50005339A /* Info.plist */ = {isa = PBXFileReference; lastKnownFileType = text.plist.xml; path = Info.plist; sourceTree = "<group>"; };
		3065BD1B21A2E6E50005339A /* RuleOfThumbUITests.xctest */ = {isa = PBXFileReference; explicitFileType = wrapper.cfbundle; includeInIndex = 0; path = RuleOfThumbUITests.xctest; sourceTree = BUILT_PRODUCTS_DIR; };
		3065BD1F21A2E6E50005339A /* RuleOfThumbUITests.swift */ = {isa = PBXFileReference; lastKnownFileType = sourcecode.swift; path = RuleOfThumbUITests.swift; sourceTree = "<group>"; };
		3065BD2121A2E6E50005339A /* Info.plist */ = {isa = PBXFileReference; lastKnownFileType = text.plist.xml; path = Info.plist; sourceTree = "<group>"; };
		3065BD3121A2EB990005339A /* .gitkeep */ = {isa = PBXFileReference; lastKnownFileType = text; path = .gitkeep; sourceTree = "<group>"; };
		3065BD3721A2EC1B0005339A /* .gitkeep */ = {isa = PBXFileReference; lastKnownFileType = text; path = .gitkeep; sourceTree = "<group>"; };
		3065BD3921A2EEBD0005339A /* RuleOfThumb.entitlements */ = {isa = PBXFileReference; lastKnownFileType = text.plist.entitlements; path = RuleOfThumb.entitlements; sourceTree = "<group>"; };
		30ABEA5E21B7F8A2008C03A3 /* RuleOfThumbNotificationService.appex */ = {isa = PBXFileReference; explicitFileType = "wrapper.app-extension"; includeInIndex = 0; path = RuleOfThumbNotificationService.appex; sourceTree = BUILT_PRODUCTS_DIR; };
		30ABEA6021B7F8A2008C03A3 /* NotificationService.swift */ = {isa = PBXFileReference; lastKnownFileType = sourcecode.swift; path = NotificationService.swift; sourceTree = "<group>"; };
		30ABEA6221B7F8A2008C03A3 /* Info.plist */ = {isa = PBXFileReference; lastKnownFileType = text.plist.xml; path = Info.plist; sourceTree = "<group>"; };
		5D08B56121A5968E00FBF73A /* Repository.swift */ = {isa = PBXFileReference; lastKnownFileType = sourcecode.swift; path = Repository.swift; sourceTree = "<group>"; };
		5D08B56421A598C900FBF73A /* Rule.swift */ = {isa = PBXFileReference; lastKnownFileType = sourcecode.swift; path = Rule.swift; sourceTree = "<group>"; };
		5D08B56621A59A4B00FBF73A /* House.swift */ = {isa = PBXFileReference; lastKnownFileType = sourcecode.swift; path = House.swift; sourceTree = "<group>"; };
		5D08B56C21A5A39E00FBF73A /* CloudKitRepository.swift */ = {isa = PBXFileReference; lastKnownFileType = sourcecode.swift; path = CloudKitRepository.swift; sourceTree = "<group>"; };
		5D08B56E21A6D62300FBF73A /* CKManagedObject.swift */ = {isa = PBXFileReference; lastKnownFileType = sourcecode.swift; path = CKManagedObject.swift; sourceTree = "<group>"; };
		5D2B432721B1828400A80354 /* NotificationManager.swift */ = {isa = PBXFileReference; fileEncoding = 4; lastKnownFileType = sourcecode.swift; path = NotificationManager.swift; sourceTree = "<group>"; };
		5D2B432921B1828B00A80354 /* User.swift */ = {isa = PBXFileReference; fileEncoding = 4; lastKnownFileType = sourcecode.swift; path = User.swift; sourceTree = "<group>"; };
		5D2B433121B1833D00A80354 /* CloudKitRulesTests.swift */ = {isa = PBXFileReference; fileEncoding = 4; lastKnownFileType = sourcecode.swift; path = CloudKitRulesTests.swift; sourceTree = "<group>"; };
		5D4A935521BAA20E0027362A /* CloudKitRepository+Subscriptions.swift */ = {isa = PBXFileReference; lastKnownFileType = sourcecode.swift; path = "CloudKitRepository+Subscriptions.swift"; sourceTree = "<group>"; };
		5D4A935721BAAFF10027362A /* CloudKit.framework */ = {isa = PBXFileReference; lastKnownFileType = wrapper.framework; name = CloudKit.framework; path = System/Library/Frameworks/CloudKit.framework; sourceTree = SDKROOT; };
		E507C5FD21B01C7300EEC7E7 /* HomeCreate.storyboard */ = {isa = PBXFileReference; lastKnownFileType = file.storyboard; path = HomeCreate.storyboard; sourceTree = "<group>"; };
		E507C5FF21B02C1600EEC7E7 /* HomeCreateViewController.swift */ = {isa = PBXFileReference; lastKnownFileType = sourcecode.swift; path = HomeCreateViewController.swift; sourceTree = "<group>"; };
		E507C60321B1783500EEC7E7 /* HomeLoginViewController.swift */ = {isa = PBXFileReference; lastKnownFileType = sourcecode.swift; path = HomeLoginViewController.swift; sourceTree = "<group>"; };
		E507C60521B1784200EEC7E7 /* HomeLogin.storyboard */ = {isa = PBXFileReference; lastKnownFileType = file.storyboard; path = HomeLogin.storyboard; sourceTree = "<group>"; };
		E507C60721B5577200EEC7E7 /* Initial.storyboard */ = {isa = PBXFileReference; lastKnownFileType = file.storyboard; path = Initial.storyboard; sourceTree = "<group>"; };
		E507C60921B5620F00EEC7E7 /* InitialViewController.swift */ = {isa = PBXFileReference; lastKnownFileType = sourcecode.swift; path = InitialViewController.swift; sourceTree = "<group>"; };
		E507C60B21B56FBF00EEC7E7 /* IJProgressView.swift */ = {isa = PBXFileReference; lastKnownFileType = sourcecode.swift; path = IJProgressView.swift; sourceTree = "<group>"; };
		E507C60D21B605BD00EEC7E7 /* PrimaryButton.swift */ = {isa = PBXFileReference; lastKnownFileType = sourcecode.swift; path = PrimaryButton.swift; sourceTree = "<group>"; };
		E51A7E7521BE08EE000A1DA0 /* VeeHomeWatch.app */ = {isa = PBXFileReference; explicitFileType = wrapper.application; includeInIndex = 0; path = VeeHomeWatch.app; sourceTree = BUILT_PRODUCTS_DIR; };
		E51A7E7821BE08EE000A1DA0 /* Base */ = {isa = PBXFileReference; lastKnownFileType = file.storyboard; name = Base; path = Base.lproj/Interface.storyboard; sourceTree = "<group>"; };
		E51A7E7A21BE08F1000A1DA0 /* Assets.xcassets */ = {isa = PBXFileReference; lastKnownFileType = folder.assetcatalog; path = Assets.xcassets; sourceTree = "<group>"; };
		E51A7E7C21BE08F1000A1DA0 /* Info.plist */ = {isa = PBXFileReference; lastKnownFileType = text.plist.xml; path = Info.plist; sourceTree = "<group>"; };
		E51A7E8121BE08F1000A1DA0 /* VeeHomeWatch Extension.appex */ = {isa = PBXFileReference; explicitFileType = "wrapper.app-extension"; includeInIndex = 0; path = "VeeHomeWatch Extension.appex"; sourceTree = BUILT_PRODUCTS_DIR; };
		E51A7E8621BE08F1000A1DA0 /* InterfaceController.swift */ = {isa = PBXFileReference; lastKnownFileType = sourcecode.swift; path = InterfaceController.swift; sourceTree = "<group>"; };
		E51A7E8821BE08F1000A1DA0 /* ExtensionDelegate.swift */ = {isa = PBXFileReference; lastKnownFileType = sourcecode.swift; path = ExtensionDelegate.swift; sourceTree = "<group>"; };
		E51A7E8A21BE08F1000A1DA0 /* NotificationController.swift */ = {isa = PBXFileReference; lastKnownFileType = sourcecode.swift; path = NotificationController.swift; sourceTree = "<group>"; };
		E51A7E8C21BE08F2000A1DA0 /* Assets.xcassets */ = {isa = PBXFileReference; lastKnownFileType = folder.assetcatalog; path = Assets.xcassets; sourceTree = "<group>"; };
		E51A7E8E21BE08F2000A1DA0 /* Info.plist */ = {isa = PBXFileReference; lastKnownFileType = text.plist.xml; path = Info.plist; sourceTree = "<group>"; };
		E51A7E8F21BE08F2000A1DA0 /* PushNotificationPayload.apns */ = {isa = PBXFileReference; lastKnownFileType = text; path = PushNotificationPayload.apns; sourceTree = "<group>"; };
		E51A7E9B21BE0971000A1DA0 /* RulesRowController.swift */ = {isa = PBXFileReference; fileEncoding = 4; lastKnownFileType = sourcecode.swift; path = RulesRowController.swift; sourceTree = "<group>"; };
		E51A7E9C21BE0971000A1DA0 /* DetailsInterfaceController.swift */ = {isa = PBXFileReference; fileEncoding = 4; lastKnownFileType = sourcecode.swift; path = DetailsInterfaceController.swift; sourceTree = "<group>"; };
		E51A7E9D21BE0971000A1DA0 /* RulesInterfaceController.swift */ = {isa = PBXFileReference; fileEncoding = 4; lastKnownFileType = sourcecode.swift; path = RulesInterfaceController.swift; sourceTree = "<group>"; };
		E51A7EA821BE0CCE000A1DA0 /* RulesDict.swift */ = {isa = PBXFileReference; lastKnownFileType = sourcecode.swift; path = RulesDict.swift; sourceTree = "<group>"; };
		E53AE78321BE9DBB00C3BC56 /* VeeHomeWatch Extension.entitlements */ = {isa = PBXFileReference; lastKnownFileType = text.plist.entitlements; path = "VeeHomeWatch Extension.entitlements"; sourceTree = "<group>"; };
		E597835E21A82695009FDDCF /* SugestionModalView.xib */ = {isa = PBXFileReference; lastKnownFileType = file.xib; path = SugestionModalView.xib; sourceTree = "<group>"; };
		E597836021A8270D009FDDCF /* SugestionModalView.swift */ = {isa = PBXFileReference; lastKnownFileType = sourcecode.swift; path = SugestionModalView.swift; sourceTree = "<group>"; };
		E597836221A837E0009FDDCF /* SugestionModal.storyboard */ = {isa = PBXFileReference; lastKnownFileType = file.storyboard; path = SugestionModal.storyboard; sourceTree = "<group>"; };
		E597836421A83808009FDDCF /* SecondaryButton.swift */ = {isa = PBXFileReference; lastKnownFileType = sourcecode.swift; path = SecondaryButton.swift; sourceTree = "<group>"; };
		E597836621A839B3009FDDCF /* UIColor.swift */ = {isa = PBXFileReference; lastKnownFileType = sourcecode.swift; path = UIColor.swift; sourceTree = "<group>"; };
		E597836821A83AA5009FDDCF /* FormButton.swift */ = {isa = PBXFileReference; lastKnownFileType = sourcecode.swift; path = FormButton.swift; sourceTree = "<group>"; };
		E5ACB8FC21BEAAF300156AFB /* CloudkitRepository.swift */ = {isa = PBXFileReference; lastKnownFileType = sourcecode.swift; path = CloudkitRepository.swift; sourceTree = "<group>"; };
/* End PBXFileReference section */

/* Begin PBXFrameworksBuildPhase section */
		3065BCF621A2E6E30005339A /* Frameworks */ = {
			isa = PBXFrameworksBuildPhase;
			buildActionMask = 2147483647;
			files = (
				5D4A935821BAAFF10027362A /* CloudKit.framework in Frameworks */,
			);
			runOnlyForDeploymentPostprocessing = 0;
		};
		3065BD0D21A2E6E50005339A /* Frameworks */ = {
			isa = PBXFrameworksBuildPhase;
			buildActionMask = 2147483647;
			files = (
			);
			runOnlyForDeploymentPostprocessing = 0;
		};
		3065BD1821A2E6E50005339A /* Frameworks */ = {
			isa = PBXFrameworksBuildPhase;
			buildActionMask = 2147483647;
			files = (
			);
			runOnlyForDeploymentPostprocessing = 0;
		};
		30ABEA5B21B7F8A2008C03A3 /* Frameworks */ = {
			isa = PBXFrameworksBuildPhase;
			buildActionMask = 2147483647;
			files = (
			);
			runOnlyForDeploymentPostprocessing = 0;
		};
		E51A7E7E21BE08F1000A1DA0 /* Frameworks */ = {
			isa = PBXFrameworksBuildPhase;
			buildActionMask = 2147483647;
			files = (
			);
			runOnlyForDeploymentPostprocessing = 0;
		};
/* End PBXFrameworksBuildPhase section */

/* Begin PBXGroup section */
		2B257B6321B1860100D56DEC /* Fonts */ = {
			isa = PBXGroup;
			children = (
				2B257B6521B1861B00D56DEC /* Lato */,
				2B257B6421B1861600D56DEC /* Nunito */,
			);
			path = Fonts;
			sourceTree = "<group>";
		};
		2B257B6421B1861600D56DEC /* Nunito */ = {
			isa = PBXGroup;
			children = (
				2B257B8021B1865800D56DEC /* Nunito-Black.ttf */,
				2B257B8221B1865800D56DEC /* Nunito-Bold.ttf */,
				2B257B7E21B1865800D56DEC /* Nunito-ExtraBold.ttf */,
				2B257B7F21B1865800D56DEC /* Nunito-Regular.ttf */,
				2B257B7B21B1865700D56DEC /* Nunito-SemiBold.ttf */,
			);
			path = Nunito;
			sourceTree = "<group>";
		};
		2B257B6521B1861B00D56DEC /* Lato */ = {
			isa = PBXGroup;
			children = (
				2B257B6821B1863C00D56DEC /* Lato-Light.ttf */,
				2B257B6A21B1863D00D56DEC /* Lato-Regular.ttf */,
			);
			path = Lato;
			sourceTree = "<group>";
		};
		2B34E96721B94F0C00066DC5 /* RuleTableViewEmptyCell */ = {
			isa = PBXGroup;
			children = (
				2B34E96A21B94F4D00066DC5 /* RuleEmptyTableViewCell.swift */,
				2B34E96B21B94F4D00066DC5 /* RuleEmptyTableViewCell.xib */,
			);
			path = RuleTableViewEmptyCell;
			sourceTree = "<group>";
		};
		2B34E96E21B94F5F00066DC5 /* RuleTableViewCell */ = {
			isa = PBXGroup;
			children = (
				2BD394CA21B8142900813EAC /* RuleTableViewCell.swift */,
				2BD394C721B8142900813EAC /* RuleTableViewCell.xib */,
			);
			path = RuleTableViewCell;
			sourceTree = "<group>";
		};
		2B34E96F21B94F7800066DC5 /* HeaderCell */ = {
			isa = PBXGroup;
			children = (
				2BD394C821B8142900813EAC /* HeaderCell.swift */,
				2BD394C621B8142900813EAC /* HeaderCell.xib */,
			);
			path = HeaderCell;
			sourceTree = "<group>";
		};
		2B34E97221B95C3D00066DC5 /* VotingStatus */ = {
			isa = PBXGroup;
			children = (
				2BD394BB21B8142900813EAC /* VotingStatusView.xib */,
				2BD394C121B8142900813EAC /* VotingStatusView.swift */,
			);
			path = VotingStatus;
			sourceTree = "<group>";
		};
		2B34E97321B95C4C00066DC5 /* VotingPrompt */ = {
			isa = PBXGroup;
			children = (
				2BD394BC21B8142900813EAC /* VotingPromptViewDelegate.swift */,
				2BD394BF21B8142900813EAC /* VotingPromptView.xib */,
				2BD394C021B8142900813EAC /* VotingPromptView.swift */,
			);
			path = VotingPrompt;
			sourceTree = "<group>";
		};
		2B34E97421B95C5A00066DC5 /* OpenVotesTableViewCell */ = {
			isa = PBXGroup;
			children = (
				2BD394BD21B8142900813EAC /* OpenVotesDelegate.swift */,
				2BD394BE21B8142900813EAC /* OpenVotesTableViewCell.xib */,
				2BD394C321B8142900813EAC /* OpenVotesTableViewCell.swift */,
			);
			path = OpenVotesTableViewCell;
			sourceTree = "<group>";
		};
		2B34E97721B95C8E00066DC5 /* RuleVotingCardViewCell */ = {
			isa = PBXGroup;
			children = (
				2BD394C221B8142900813EAC /* RuleVotingCardViewCell.xib */,
				2BD394C421B8142900813EAC /* RuleVotingCardViewCell.swift */,
			);
			path = RuleVotingCardViewCell;
			sourceTree = "<group>";
		};
		2BA466BE21BA8E3D006DE1BC /* RuleVotingEmptyCardViewCell */ = {
			isa = PBXGroup;
			children = (
				2BA466BF21BA8E72006DE1BC /* RuleVotingEmptyCardViewCell.swift */,
				2BA466C021BA8E72006DE1BC /* RuleVotingEmptyCardViewCell.xib */,
			);
			path = RuleVotingEmptyCardViewCell;
			sourceTree = "<group>";
		};
		2BD394AE21B8142900813EAC /* Rules */ = {
			isa = PBXGroup;
			children = (
				2BD394AF21B8142900813EAC /* RuleCreate */,
				2BD394B321B8142900813EAC /* RuleDetail */,
				2BD394BA21B8142900813EAC /* RuleVotes */,
				2BD394C521B8142900813EAC /* RuleList */,
			);
			path = Rules;
			sourceTree = "<group>";
		};
		2BD394AF21B8142900813EAC /* RuleCreate */ = {
			isa = PBXGroup;
			children = (
				2BD394B021B8142900813EAC /* RuleCreateDelegate.swift */,
				2BD394B121B8142900813EAC /* RuleCreate.storyboard */,
				2BD394B221B8142900813EAC /* RuleCreateViewController.swift */,
			);
			path = RuleCreate;
			sourceTree = "<group>";
		};
		2BD394B321B8142900813EAC /* RuleDetail */ = {
			isa = PBXGroup;
			children = (
				2BD394B421B8142900813EAC /* RuleDetailDelegate.swift */,
				2BD394B521B8142900813EAC /* RulePeekView.xib */,
				2BD394B621B8142900813EAC /* RuleDetail.storyboard */,
				2BD394B721B8142900813EAC /* ActionlessRuleDetailViewController.swift */,
				2BD394B821B8142900813EAC /* RulePeekView.swift */,
				2BD394B921B8142900813EAC /* RuleDetailViewController.swift */,
			);
			path = RuleDetail;
			sourceTree = "<group>";
		};
		2BD394BA21B8142900813EAC /* RuleVotes */ = {
			isa = PBXGroup;
			children = (
				2BA466BE21BA8E3D006DE1BC /* RuleVotingEmptyCardViewCell */,
				2B34E97721B95C8E00066DC5 /* RuleVotingCardViewCell */,
				2B34E97421B95C5A00066DC5 /* OpenVotesTableViewCell */,
				2B34E97321B95C4C00066DC5 /* VotingPrompt */,
				2B34E97221B95C3D00066DC5 /* VotingStatus */,
			);
			path = RuleVotes;
			sourceTree = "<group>";
		};
		2BD394C521B8142900813EAC /* RuleList */ = {
			isa = PBXGroup;
			children = (
				2BD394E321B814B100813EAC /* RuleList.storyboard */,
				2BD394C921B8142900813EAC /* RuleListViewController.swift */,
				2BD394E521B8238B00813EAC /* RuleListDelegate.swift */,
				2B34E96F21B94F7800066DC5 /* HeaderCell */,
				2B34E96E21B94F5F00066DC5 /* RuleTableViewCell */,
				2B34E96721B94F0C00066DC5 /* RuleTableViewEmptyCell */,
			);
			path = RuleList;
			sourceTree = "<group>";
		};
		300A58B221A59C8E000160DF /* Views */ = {
			isa = PBXGroup;
			children = (
				3004AE5421A44E3E0020629B /* CreatorProfileView.swift */,
				3004AE5521A44E3E0020629B /* CreatorProfileView.xib */,
				300A58AD21A5995F000160DF /* PromptView.swift */,
				300A58AF21A5996D000160DF /* PromptView.xib */,
				300A58A921A586A8000160DF /* XibView.swift */,
				300A5C4321AC1B0700C6013D /* XibView.xib */,
				E597835E21A82695009FDDCF /* SugestionModalView.xib */,
				E597836021A8270D009FDDCF /* SugestionModalView.swift */,
				300D58E221AD6FD800766ECF /* SugestionModalViewDelegate.swift */,
				E597836221A837E0009FDDCF /* SugestionModal.storyboard */,
				300D58E021AD6E8300766ECF /* SugestionViewController.swift */,
				E507C60B21B56FBF00EEC7E7 /* IJProgressView.swift */,
				E597836421A83808009FDDCF /* SecondaryButton.swift */,
				E507C60D21B605BD00EEC7E7 /* PrimaryButton.swift */,
				E597836821A83AA5009FDDCF /* FormButton.swift */,
			);
			path = Views;
			sourceTree = "<group>";
		};
		300A58B521A5A332000160DF /* Class Extensions */ = {
			isa = PBXGroup;
			children = (
				300A58B321A5A32B000160DF /* UIAlertController.swift */,
				E597836621A839B3009FDDCF /* UIColor.swift */,
				2B257B6121B180AA00D56DEC /* UIFont.swift */,
				2BD3948F21B6C32F00813EAC /* UIView.swift */,
				2BD3949521B7F10900813EAC /* UIImage.swift */,
				2BD3949121B6D61300813EAC /* CAGradientLayer.swift */,
				2BD3949321B6D72F00813EAC /* UINavigationBar.swift */,
			);
			path = "Class Extensions";
			sourceTree = "<group>";
		};
		301995C021B5500500D86396 /* Rules */ = {
			isa = PBXGroup;
			children = (
				301995C321B5507B00D86396 /* RuleModelTests.swift */,
			);
			path = Rules;
			sourceTree = "<group>";
		};
		301995C521B562EB00D86396 /* CoreData */ = {
			isa = PBXGroup;
			children = (
				301995C621B5632200D86396 /* CoreDataManager.swift */,
			);
			path = CoreData;
			sourceTree = "<group>";
		};
		3065BCF021A2E6E30005339A = {
			isa = PBXGroup;
			children = (
				3065BCFB21A2E6E30005339A /* RuleOfThumb */,
				3065BD1321A2E6E50005339A /* RuleOfThumbTests */,
				3065BD1E21A2E6E50005339A /* RuleOfThumbUITests */,
				30ABEA5F21B7F8A2008C03A3 /* RuleOfThumbNotificationService */,
				E51A7E7621BE08EE000A1DA0 /* VeeHomeWatch */,
				E51A7E8521BE08F1000A1DA0 /* VeeHomeWatch Extension */,
				3065BCFA21A2E6E30005339A /* Products */,
				3065BD3A21A2EEBF0005339A /* Frameworks */,
				5D4A935B21BABFF50027362A /* Recovered References */,
			);
			sourceTree = "<group>";
		};
		3065BCFA21A2E6E30005339A /* Products */ = {
			isa = PBXGroup;
			children = (
				3065BCF921A2E6E30005339A /* RuleOfThumb.app */,
				3065BD1021A2E6E50005339A /* RuleOfThumbTests.xctest */,
				3065BD1B21A2E6E50005339A /* RuleOfThumbUITests.xctest */,
				30ABEA5E21B7F8A2008C03A3 /* RuleOfThumbNotificationService.appex */,
				E51A7E7521BE08EE000A1DA0 /* VeeHomeWatch.app */,
				E51A7E8121BE08F1000A1DA0 /* VeeHomeWatch Extension.appex */,
			);
			name = Products;
			sourceTree = "<group>";
		};
		3065BCFB21A2E6E30005339A /* RuleOfThumb */ = {
			isa = PBXGroup;
			children = (
				2B257B6321B1860100D56DEC /* Fonts */,
				5D08B55F21A5965600FBF73A /* Shared */,
				3065BD3921A2EEBD0005339A /* RuleOfThumb.entitlements */,
				3065BD3021A2EB430005339A /* Meetings */,
				3065BD2F21A2EB240005339A /* Notifications */,
				2BD394AE21B8142900813EAC /* Rules */,
				E507C5FC21B00D2800EEC7E7 /* Homes */,
				3065BD2D21A2EB0E0005339A /* Profile */,
				3065BCFC21A2E6E30005339A /* AppDelegate.swift */,
				3065BCFE21A2E6E30005339A /* ViewController.swift */,
				3065BD0021A2E6E30005339A /* Main.storyboard */,
				3065BD0621A2E6E50005339A /* Assets.xcassets */,
				3065BD0821A2E6E50005339A /* LaunchScreen.storyboard */,
				3065BD0B21A2E6E50005339A /* Info.plist */,
				3065BD0321A2E6E30005339A /* RuleOfThumb.xcdatamodeld */,
				E507C60721B5577200EEC7E7 /* Initial.storyboard */,
				E507C60921B5620F00EEC7E7 /* InitialViewController.swift */,
			);
			path = RuleOfThumb;
			sourceTree = "<group>";
		};
		3065BD1321A2E6E50005339A /* RuleOfThumbTests */ = {
			isa = PBXGroup;
			children = (
				301995C021B5500500D86396 /* Rules */,
				5D2B433021B1832F00A80354 /* CloudKit */,
				3065BD1421A2E6E50005339A /* RuleOfThumbTests.swift */,
				3065BD1621A2E6E50005339A /* Info.plist */,
			);
			path = RuleOfThumbTests;
			sourceTree = "<group>";
		};
		3065BD1E21A2E6E50005339A /* RuleOfThumbUITests */ = {
			isa = PBXGroup;
			children = (
				3065BD1F21A2E6E50005339A /* RuleOfThumbUITests.swift */,
				3065BD2121A2E6E50005339A /* Info.plist */,
			);
			path = RuleOfThumbUITests;
			sourceTree = "<group>";
		};
		3065BD2D21A2EB0E0005339A /* Profile */ = {
			isa = PBXGroup;
			children = (
				3065BD3721A2EC1B0005339A /* .gitkeep */,
			);
			path = Profile;
			sourceTree = "<group>";
		};
		3065BD2F21A2EB240005339A /* Notifications */ = {
			isa = PBXGroup;
			children = (
				5D2B432721B1828400A80354 /* NotificationManager.swift */,
				300CCED421B94692002B0527 /* NotificationFormatter.swift */,
			);
			path = Notifications;
			sourceTree = "<group>";
		};
		3065BD3021A2EB430005339A /* Meetings */ = {
			isa = PBXGroup;
			children = (
				3065BD3121A2EB990005339A /* .gitkeep */,
				2B34E97021B95A1800066DC5 /* MeetingsList.storyboard */,
			);
			path = Meetings;
			sourceTree = "<group>";
		};
		3065BD3A21A2EEBF0005339A /* Frameworks */ = {
			isa = PBXGroup;
			children = (
				5D4A935721BAAFF10027362A /* CloudKit.framework */,
			);
			name = Frameworks;
			sourceTree = "<group>";
		};
		30ABEA5F21B7F8A2008C03A3 /* RuleOfThumbNotificationService */ = {
			isa = PBXGroup;
			children = (
				30ABEA6021B7F8A2008C03A3 /* NotificationService.swift */,
				30ABEA6221B7F8A2008C03A3 /* Info.plist */,
			);
			path = RuleOfThumbNotificationService;
			sourceTree = "<group>";
		};
		5D08B55F21A5965600FBF73A /* Shared */ = {
			isa = PBXGroup;
			children = (
				301995C521B562EB00D86396 /* CoreData */,
				300A58B521A5A332000160DF /* Class Extensions */,
				300A58B221A59C8E000160DF /* Views */,
				5D08B56321A598AB00FBF73A /* Entities */,
				5D08B56021A5965F00FBF73A /* CloudKit */,
				5D08B56121A5968E00FBF73A /* Repository.swift */,
			);
			path = Shared;
			sourceTree = "<group>";
		};
		5D08B56021A5965F00FBF73A /* CloudKit */ = {
			isa = PBXGroup;
			children = (
				5D08B56C21A5A39E00FBF73A /* CloudKitRepository.swift */,
				5D4A935521BAA20E0027362A /* CloudKitRepository+Subscriptions.swift */,
			);
			path = CloudKit;
			sourceTree = "<group>";
		};
		5D08B56321A598AB00FBF73A /* Entities */ = {
			isa = PBXGroup;
			children = (
				5D2B432921B1828B00A80354 /* User.swift */,
				5D08B56421A598C900FBF73A /* Rule.swift */,
				5D08B56621A59A4B00FBF73A /* House.swift */,
				5D08B56E21A6D62300FBF73A /* CKManagedObject.swift */,
				E51A7EA821BE0CCE000A1DA0 /* RulesDict.swift */,
			);
			path = Entities;
			sourceTree = "<group>";
		};
		5D2B433021B1832F00A80354 /* CloudKit */ = {
			isa = PBXGroup;
			children = (
				5D2B433121B1833D00A80354 /* CloudKitRulesTests.swift */,
			);
			path = CloudKit;
			sourceTree = "<group>";
		};
		5D4A935B21BABFF50027362A /* Recovered References */ = {
			isa = PBXGroup;
			children = (
			);
			name = "Recovered References";
			sourceTree = "<group>";
		};
		E507C5FC21B00D2800EEC7E7 /* Homes */ = {
			isa = PBXGroup;
			children = (
				E507C5FD21B01C7300EEC7E7 /* HomeCreate.storyboard */,
				E507C5FF21B02C1600EEC7E7 /* HomeCreateViewController.swift */,
				E507C60521B1784200EEC7E7 /* HomeLogin.storyboard */,
				E507C60321B1783500EEC7E7 /* HomeLoginViewController.swift */,
			);
			path = Homes;
			sourceTree = "<group>";
		};
		E51A7E7621BE08EE000A1DA0 /* VeeHomeWatch */ = {
			isa = PBXGroup;
			children = (
				E51A7E7721BE08EE000A1DA0 /* Interface.storyboard */,
				E51A7E7A21BE08F1000A1DA0 /* Assets.xcassets */,
				E51A7E7C21BE08F1000A1DA0 /* Info.plist */,
			);
			path = VeeHomeWatch;
			sourceTree = "<group>";
		};
		E51A7E8521BE08F1000A1DA0 /* VeeHomeWatch Extension */ = {
			isa = PBXGroup;
			children = (
				E53AE78321BE9DBB00C3BC56 /* VeeHomeWatch Extension.entitlements */,
				E51A7E9C21BE0971000A1DA0 /* DetailsInterfaceController.swift */,
				E51A7E9D21BE0971000A1DA0 /* RulesInterfaceController.swift */,
				E51A7E9B21BE0971000A1DA0 /* RulesRowController.swift */,
				E51A7E8621BE08F1000A1DA0 /* InterfaceController.swift */,
				E51A7E8821BE08F1000A1DA0 /* ExtensionDelegate.swift */,
				E51A7E8A21BE08F1000A1DA0 /* NotificationController.swift */,
				E51A7E8C21BE08F2000A1DA0 /* Assets.xcassets */,
				E51A7E8E21BE08F2000A1DA0 /* Info.plist */,
				E51A7E8F21BE08F2000A1DA0 /* PushNotificationPayload.apns */,
				E5ACB8FC21BEAAF300156AFB /* CloudkitRepository.swift */,
			);
			path = "VeeHomeWatch Extension";
			sourceTree = "<group>";
		};
/* End PBXGroup section */

/* Begin PBXNativeTarget section */
		3065BCF821A2E6E30005339A /* RuleOfThumb */ = {
			isa = PBXNativeTarget;
			buildConfigurationList = 3065BD2421A2E6E50005339A /* Build configuration list for PBXNativeTarget "RuleOfThumb" */;
			buildPhases = (
				3065BCF521A2E6E30005339A /* Sources */,
				3065BCF621A2E6E30005339A /* Frameworks */,
				3065BCF721A2E6E30005339A /* Resources */,
				30ABEA6921B7F8A2008C03A3 /* Embed App Extensions */,
				E51A7E9A21BE08F2000A1DA0 /* Embed Watch Content */,
			);
			buildRules = (
			);
			dependencies = (
				30ABEA6421B7F8A2008C03A3 /* PBXTargetDependency */,
				E51A7E9121BE08F2000A1DA0 /* PBXTargetDependency */,
			);
			name = RuleOfThumb;
			productName = RuleOfThumb;
			productReference = 3065BCF921A2E6E30005339A /* RuleOfThumb.app */;
			productType = "com.apple.product-type.application";
		};
		3065BD0F21A2E6E50005339A /* RuleOfThumbTests */ = {
			isa = PBXNativeTarget;
			buildConfigurationList = 3065BD2721A2E6E50005339A /* Build configuration list for PBXNativeTarget "RuleOfThumbTests" */;
			buildPhases = (
				3065BD0C21A2E6E50005339A /* Sources */,
				3065BD0D21A2E6E50005339A /* Frameworks */,
				3065BD0E21A2E6E50005339A /* Resources */,
			);
			buildRules = (
			);
			dependencies = (
				3065BD1221A2E6E50005339A /* PBXTargetDependency */,
			);
			name = RuleOfThumbTests;
			productName = RuleOfThumbTests;
			productReference = 3065BD1021A2E6E50005339A /* RuleOfThumbTests.xctest */;
			productType = "com.apple.product-type.bundle.unit-test";
		};
		3065BD1A21A2E6E50005339A /* RuleOfThumbUITests */ = {
			isa = PBXNativeTarget;
			buildConfigurationList = 3065BD2A21A2E6E50005339A /* Build configuration list for PBXNativeTarget "RuleOfThumbUITests" */;
			buildPhases = (
				3065BD1721A2E6E50005339A /* Sources */,
				3065BD1821A2E6E50005339A /* Frameworks */,
				3065BD1921A2E6E50005339A /* Resources */,
			);
			buildRules = (
			);
			dependencies = (
				3065BD1D21A2E6E50005339A /* PBXTargetDependency */,
			);
			name = RuleOfThumbUITests;
			productName = RuleOfThumbUITests;
			productReference = 3065BD1B21A2E6E50005339A /* RuleOfThumbUITests.xctest */;
			productType = "com.apple.product-type.bundle.ui-testing";
		};
		30ABEA5D21B7F8A2008C03A3 /* RuleOfThumbNotificationService */ = {
			isa = PBXNativeTarget;
			buildConfigurationList = 30ABEA6621B7F8A2008C03A3 /* Build configuration list for PBXNativeTarget "RuleOfThumbNotificationService" */;
			buildPhases = (
				30ABEA5A21B7F8A2008C03A3 /* Sources */,
				30ABEA5B21B7F8A2008C03A3 /* Frameworks */,
				30ABEA5C21B7F8A2008C03A3 /* Resources */,
			);
			buildRules = (
			);
			dependencies = (
			);
			name = RuleOfThumbNotificationService;
			productName = RuleOfThumbNotificationService;
			productReference = 30ABEA5E21B7F8A2008C03A3 /* RuleOfThumbNotificationService.appex */;
			productType = "com.apple.product-type.app-extension";
		};
		E51A7E7421BE08EE000A1DA0 /* VeeHomeWatch */ = {
			isa = PBXNativeTarget;
			buildConfigurationList = E51A7E9721BE08F2000A1DA0 /* Build configuration list for PBXNativeTarget "VeeHomeWatch" */;
			buildPhases = (
				E51A7E7321BE08EE000A1DA0 /* Resources */,
				E51A7E9621BE08F2000A1DA0 /* Embed App Extensions */,
			);
			buildRules = (
			);
			dependencies = (
				E51A7E8421BE08F1000A1DA0 /* PBXTargetDependency */,
			);
			name = VeeHomeWatch;
			productName = VeeHomeWatch;
			productReference = E51A7E7521BE08EE000A1DA0 /* VeeHomeWatch.app */;
			productType = "com.apple.product-type.application.watchapp2";
		};
		E51A7E8021BE08F1000A1DA0 /* VeeHomeWatch Extension */ = {
			isa = PBXNativeTarget;
			buildConfigurationList = E51A7E9321BE08F2000A1DA0 /* Build configuration list for PBXNativeTarget "VeeHomeWatch Extension" */;
			buildPhases = (
				E51A7E7D21BE08F1000A1DA0 /* Sources */,
				E51A7E7E21BE08F1000A1DA0 /* Frameworks */,
				E51A7E7F21BE08F1000A1DA0 /* Resources */,
			);
			buildRules = (
			);
			dependencies = (
			);
			name = "VeeHomeWatch Extension";
			productName = "VeeHomeWatch Extension";
			productReference = E51A7E8121BE08F1000A1DA0 /* VeeHomeWatch Extension.appex */;
			productType = "com.apple.product-type.watchkit2-extension";
		};
/* End PBXNativeTarget section */

/* Begin PBXProject section */
		3065BCF121A2E6E30005339A /* Project object */ = {
			isa = PBXProject;
			attributes = {
				LastSwiftUpdateCheck = 1010;
				LastUpgradeCheck = 1010;
				ORGANIZATIONNAME = "So Many Deadlines";
				TargetAttributes = {
					3065BCF821A2E6E30005339A = {
						CreatedOnToolsVersion = 10.0;
						SystemCapabilities = {
							com.apple.ApplicationGroups.iOS = {
								enabled = 1;
							};
							com.apple.Push = {
								enabled = 1;
							};
							com.apple.iCloud = {
								enabled = 1;
							};
						};
					};
					3065BD0F21A2E6E50005339A = {
						CreatedOnToolsVersion = 10.0;
						TestTargetID = 3065BCF821A2E6E30005339A;
					};
					3065BD1A21A2E6E50005339A = {
						CreatedOnToolsVersion = 10.0;
						TestTargetID = 3065BCF821A2E6E30005339A;
					};
					30ABEA5D21B7F8A2008C03A3 = {
						CreatedOnToolsVersion = 10.0;
						SystemCapabilities = {
							com.apple.Push = {
								enabled = 0;
							};
							com.apple.iCloud = {
								enabled = 0;
							};
						};
					};
					E51A7E7421BE08EE000A1DA0 = {
						CreatedOnToolsVersion = 10.1;
					};
					E51A7E8021BE08F1000A1DA0 = {
						CreatedOnToolsVersion = 10.1;
						SystemCapabilities = {
							com.apple.ApplicationGroups.iOS = {
								enabled = 1;
							};
						};
					};
				};
			};
			buildConfigurationList = 3065BCF421A2E6E30005339A /* Build configuration list for PBXProject "RuleOfThumb" */;
			compatibilityVersion = "Xcode 9.3";
			developmentRegion = en;
			hasScannedForEncodings = 0;
			knownRegions = (
				en,
				Base,
			);
			mainGroup = 3065BCF021A2E6E30005339A;
			productRefGroup = 3065BCFA21A2E6E30005339A /* Products */;
			projectDirPath = "";
			projectRoot = "";
			targets = (
				3065BCF821A2E6E30005339A /* RuleOfThumb */,
				3065BD0F21A2E6E50005339A /* RuleOfThumbTests */,
				3065BD1A21A2E6E50005339A /* RuleOfThumbUITests */,
				30ABEA5D21B7F8A2008C03A3 /* RuleOfThumbNotificationService */,
				E51A7E7421BE08EE000A1DA0 /* VeeHomeWatch */,
				E51A7E8021BE08F1000A1DA0 /* VeeHomeWatch Extension */,
			);
		};
/* End PBXProject section */

/* Begin PBXResourcesBuildPhase section */
		3065BCF721A2E6E30005339A /* Resources */ = {
			isa = PBXResourcesBuildPhase;
			buildActionMask = 2147483647;
			files = (
				2BA466C221BA8E72006DE1BC /* RuleVotingEmptyCardViewCell.xib in Resources */,
				2B257B8C21B1865800D56DEC /* Nunito-ExtraBold.ttf in Resources */,
				2B257B8E21B1865800D56DEC /* Nunito-Black.ttf in Resources */,
				3065BD0A21A2E6E50005339A /* LaunchScreen.storyboard in Resources */,
				3065BD0721A2E6E50005339A /* Assets.xcassets in Resources */,
				2B34E96D21B94F4D00066DC5 /* RuleEmptyTableViewCell.xib in Resources */,
				2BD394DE21B8142900813EAC /* HeaderCell.xib in Resources */,
				E507C60821B5577200EEC7E7 /* Initial.storyboard in Resources */,
				2BD394D721B8142900813EAC /* OpenVotesTableViewCell.xib in Resources */,
				2B281D8621B84C950000695F /* Main.storyboard in Resources */,
				2B257B7221B1863D00D56DEC /* Lato-Light.ttf in Resources */,
				3004AE5721A44E3E0020629B /* CreatorProfileView.xib in Resources */,
				2B257B7421B1863D00D56DEC /* Lato-Regular.ttf in Resources */,
				E597835F21A82695009FDDCF /* SugestionModalView.xib in Resources */,
				2B257B9021B1865800D56DEC /* Nunito-Bold.ttf in Resources */,
				E507C5FE21B01C7300EEC7E7 /* HomeCreate.storyboard in Resources */,
				E507C60621B1784200EEC7E7 /* HomeLogin.storyboard in Resources */,
				2B34E97121B95A1800066DC5 /* MeetingsList.storyboard in Resources */,
				2BD394D821B8142900813EAC /* VotingPromptView.xib in Resources */,
				2BD394DB21B8142900813EAC /* RuleVotingCardViewCell.xib in Resources */,
				300A58B021A5996D000160DF /* PromptView.xib in Resources */,
				2BD394CC21B8142900813EAC /* RuleCreate.storyboard in Resources */,
				2BD394D021B8142900813EAC /* RuleDetail.storyboard in Resources */,
				2BD394E421B814B100813EAC /* RuleList.storyboard in Resources */,
				2BD394D421B8142900813EAC /* VotingStatusView.xib in Resources */,
				2B257B8921B1865800D56DEC /* Nunito-SemiBold.ttf in Resources */,
				2BD394CF21B8142900813EAC /* RulePeekView.xib in Resources */,
				E597836321A837E0009FDDCF /* SugestionModal.storyboard in Resources */,
				300A5C4421AC1B0700C6013D /* XibView.xib in Resources */,
				2B257B8D21B1865800D56DEC /* Nunito-Regular.ttf in Resources */,
				2BD394DF21B8142900813EAC /* RuleTableViewCell.xib in Resources */,
			);
			runOnlyForDeploymentPostprocessing = 0;
		};
		3065BD0E21A2E6E50005339A /* Resources */ = {
			isa = PBXResourcesBuildPhase;
			buildActionMask = 2147483647;
			files = (
			);
			runOnlyForDeploymentPostprocessing = 0;
		};
		3065BD1921A2E6E50005339A /* Resources */ = {
			isa = PBXResourcesBuildPhase;
			buildActionMask = 2147483647;
			files = (
			);
			runOnlyForDeploymentPostprocessing = 0;
		};
		30ABEA5C21B7F8A2008C03A3 /* Resources */ = {
			isa = PBXResourcesBuildPhase;
			buildActionMask = 2147483647;
			files = (
			);
			runOnlyForDeploymentPostprocessing = 0;
		};
		E51A7E7321BE08EE000A1DA0 /* Resources */ = {
			isa = PBXResourcesBuildPhase;
			buildActionMask = 2147483647;
			files = (
				E51A7E7B21BE08F1000A1DA0 /* Assets.xcassets in Resources */,
				E51A7E7921BE08EE000A1DA0 /* Interface.storyboard in Resources */,
			);
			runOnlyForDeploymentPostprocessing = 0;
		};
		E51A7E7F21BE08F1000A1DA0 /* Resources */ = {
			isa = PBXResourcesBuildPhase;
			buildActionMask = 2147483647;
			files = (
				E51A7E8D21BE08F2000A1DA0 /* Assets.xcassets in Resources */,
			);
			runOnlyForDeploymentPostprocessing = 0;
		};
/* End PBXResourcesBuildPhase section */

/* Begin PBXSourcesBuildPhase section */
		3065BCF521A2E6E30005339A /* Sources */ = {
			isa = PBXSourcesBuildPhase;
			buildActionMask = 2147483647;
			files = (
				2BA466C121BA8E72006DE1BC /* RuleVotingEmptyCardViewCell.swift in Sources */,
				2BD394D921B8142900813EAC /* VotingPromptView.swift in Sources */,
				E507C60421B1783500EEC7E7 /* HomeLoginViewController.swift in Sources */,
				E597836121A8270D009FDDCF /* SugestionModalView.swift in Sources */,
				2BD394DD21B8142900813EAC /* RuleVotingCardViewCell.swift in Sources */,
				2BD394CD21B8142900813EAC /* RuleCreateViewController.swift in Sources */,
				2B281D8421B84C950000695F /* CreatorProfileView.swift in Sources */,
				2B281D8521B84C950000695F /* ViewController.swift in Sources */,
				2BD3949421B6D72F00813EAC /* UINavigationBar.swift in Sources */,
				E51A7EA921BE0CCE000A1DA0 /* RulesDict.swift in Sources */,
				E507C60C21B56FBF00EEC7E7 /* IJProgressView.swift in Sources */,
				2BD394E121B8142900813EAC /* RuleListViewController.swift in Sources */,
				2BD3949621B7F10900813EAC /* UIImage.swift in Sources */,
				2BD394CB21B8142900813EAC /* RuleCreateDelegate.swift in Sources */,
				E597836721A839B3009FDDCF /* UIColor.swift in Sources */,
				E507C60021B02C1600EEC7E7 /* HomeCreateViewController.swift in Sources */,
				2BD394D121B8142900813EAC /* ActionlessRuleDetailViewController.swift in Sources */,
				E597836521A83808009FDDCF /* SecondaryButton.swift in Sources */,
				2BD3949221B6D61300813EAC /* CAGradientLayer.swift in Sources */,
				2BD394DA21B8142900813EAC /* VotingStatusView.swift in Sources */,
				300CCED521B94692002B0527 /* NotificationFormatter.swift in Sources */,
				5D08B56521A598C900FBF73A /* Rule.swift in Sources */,
				5D08B56F21A6D62300FBF73A /* CKManagedObject.swift in Sources */,
				2BD394CE21B8142900813EAC /* RuleDetailDelegate.swift in Sources */,
				2BD394D621B8142900813EAC /* OpenVotesDelegate.swift in Sources */,
				2BD394D221B8142900813EAC /* RulePeekView.swift in Sources */,
				300D58E121AD6E8300766ECF /* SugestionViewController.swift in Sources */,
				E507C60E21B605BD00EEC7E7 /* PrimaryButton.swift in Sources */,
				5D2B432821B1828400A80354 /* NotificationManager.swift in Sources */,
				2B257B6221B180AA00D56DEC /* UIFont.swift in Sources */,
				2BD3949021B6C32F00813EAC /* UIView.swift in Sources */,
				5D08B56D21A5A39E00FBF73A /* CloudKitRepository.swift in Sources */,
				3065BD0521A2E6E30005339A /* RuleOfThumb.xcdatamodeld in Sources */,
				2BD394E021B8142900813EAC /* HeaderCell.swift in Sources */,
				300A58B421A5A32B000160DF /* UIAlertController.swift in Sources */,
				300A58AE21A5995F000160DF /* PromptView.swift in Sources */,
				2B34E96C21B94F4D00066DC5 /* RuleEmptyTableViewCell.swift in Sources */,
				E597836921A83AA5009FDDCF /* FormButton.swift in Sources */,
				300D58E321AD6FD800766ECF /* SugestionModalViewDelegate.swift in Sources */,
				5D2B432A21B1828B00A80354 /* User.swift in Sources */,
				2BD394E221B8142900813EAC /* RuleTableViewCell.swift in Sources */,
				2BD394D521B8142900813EAC /* VotingPromptViewDelegate.swift in Sources */,
				3065BCFD21A2E6E30005339A /* AppDelegate.swift in Sources */,
				E507C60A21B5620F00EEC7E7 /* InitialViewController.swift in Sources */,
				2BD394E621B8238B00813EAC /* RuleListDelegate.swift in Sources */,
				5D08B56721A59A4B00FBF73A /* House.swift in Sources */,
				5D08B56221A5968E00FBF73A /* Repository.swift in Sources */,
				301995C721B5632200D86396 /* CoreDataManager.swift in Sources */,
				5D4A935621BAA20E0027362A /* CloudKitRepository+Subscriptions.swift in Sources */,
				2BD394DC21B8142900813EAC /* OpenVotesTableViewCell.swift in Sources */,
				300A58AA21A586A8000160DF /* XibView.swift in Sources */,
				2BD394D321B8142900813EAC /* RuleDetailViewController.swift in Sources */,
			);
			runOnlyForDeploymentPostprocessing = 0;
		};
		3065BD0C21A2E6E50005339A /* Sources */ = {
			isa = PBXSourcesBuildPhase;
			buildActionMask = 2147483647;
			files = (
				5D2B433221B1833D00A80354 /* CloudKitRulesTests.swift in Sources */,
				3065BD1521A2E6E50005339A /* RuleOfThumbTests.swift in Sources */,
				301995C421B5507B00D86396 /* RuleModelTests.swift in Sources */,
			);
			runOnlyForDeploymentPostprocessing = 0;
		};
		3065BD1721A2E6E50005339A /* Sources */ = {
			isa = PBXSourcesBuildPhase;
			buildActionMask = 2147483647;
			files = (
				3065BD2021A2E6E50005339A /* RuleOfThumbUITests.swift in Sources */,
			);
			runOnlyForDeploymentPostprocessing = 0;
		};
		30ABEA5A21B7F8A2008C03A3 /* Sources */ = {
			isa = PBXSourcesBuildPhase;
			buildActionMask = 2147483647;
			files = (
				E58CFA0321BCBB1A002A746C /* NotificationService.swift in Sources */,
				5D4A935421BA962D0027362A /* NotificationFormatter.swift in Sources */,
			);
			runOnlyForDeploymentPostprocessing = 0;
		};
		E51A7E7D21BE08F1000A1DA0 /* Sources */ = {
			isa = PBXSourcesBuildPhase;
			buildActionMask = 2147483647;
			files = (
				E51A7E8B21BE08F1000A1DA0 /* NotificationController.swift in Sources */,
				E51A7EAA21BE1648000A1DA0 /* RulesDict.swift in Sources */,
				E5ACB8FD21BEAAF300156AFB /* CloudkitRepository.swift in Sources */,
				E51A7EA021BE0971000A1DA0 /* RulesInterfaceController.swift in Sources */,
				E51A7E9F21BE0971000A1DA0 /* DetailsInterfaceController.swift in Sources */,
				E51A7E8921BE08F1000A1DA0 /* ExtensionDelegate.swift in Sources */,
				E51A7E9E21BE0971000A1DA0 /* RulesRowController.swift in Sources */,
				E51A7E8721BE08F1000A1DA0 /* InterfaceController.swift in Sources */,
			);
			runOnlyForDeploymentPostprocessing = 0;
		};
/* End PBXSourcesBuildPhase section */

/* Begin PBXTargetDependency section */
		3065BD1221A2E6E50005339A /* PBXTargetDependency */ = {
			isa = PBXTargetDependency;
			target = 3065BCF821A2E6E30005339A /* RuleOfThumb */;
			targetProxy = 3065BD1121A2E6E50005339A /* PBXContainerItemProxy */;
		};
		3065BD1D21A2E6E50005339A /* PBXTargetDependency */ = {
			isa = PBXTargetDependency;
			target = 3065BCF821A2E6E30005339A /* RuleOfThumb */;
			targetProxy = 3065BD1C21A2E6E50005339A /* PBXContainerItemProxy */;
		};
		30ABEA6421B7F8A2008C03A3 /* PBXTargetDependency */ = {
			isa = PBXTargetDependency;
			target = 30ABEA5D21B7F8A2008C03A3 /* RuleOfThumbNotificationService */;
			targetProxy = 30ABEA6321B7F8A2008C03A3 /* PBXContainerItemProxy */;
		};
		E51A7E8421BE08F1000A1DA0 /* PBXTargetDependency */ = {
			isa = PBXTargetDependency;
			target = E51A7E8021BE08F1000A1DA0 /* VeeHomeWatch Extension */;
			targetProxy = E51A7E8321BE08F1000A1DA0 /* PBXContainerItemProxy */;
		};
		E51A7E9121BE08F2000A1DA0 /* PBXTargetDependency */ = {
			isa = PBXTargetDependency;
			target = E51A7E7421BE08EE000A1DA0 /* VeeHomeWatch */;
			targetProxy = E51A7E9021BE08F2000A1DA0 /* PBXContainerItemProxy */;
		};
/* End PBXTargetDependency section */

/* Begin PBXVariantGroup section */
		3065BD0021A2E6E30005339A /* Main.storyboard */ = {
			isa = PBXVariantGroup;
			children = (
				3065BD0121A2E6E30005339A /* Base */,
			);
			name = Main.storyboard;
			sourceTree = "<group>";
		};
		3065BD0821A2E6E50005339A /* LaunchScreen.storyboard */ = {
			isa = PBXVariantGroup;
			children = (
				3065BD0921A2E6E50005339A /* Base */,
			);
			name = LaunchScreen.storyboard;
			sourceTree = "<group>";
		};
		E51A7E7721BE08EE000A1DA0 /* Interface.storyboard */ = {
			isa = PBXVariantGroup;
			children = (
				E51A7E7821BE08EE000A1DA0 /* Base */,
			);
			name = Interface.storyboard;
			sourceTree = "<group>";
		};
/* End PBXVariantGroup section */

/* Begin XCBuildConfiguration section */
		3065BD2221A2E6E50005339A /* Debug */ = {
			isa = XCBuildConfiguration;
			buildSettings = {
				ALWAYS_SEARCH_USER_PATHS = NO;
				CLANG_ANALYZER_NONNULL = YES;
				CLANG_ANALYZER_NUMBER_OBJECT_CONVERSION = YES_AGGRESSIVE;
				CLANG_CXX_LANGUAGE_STANDARD = "gnu++14";
				CLANG_CXX_LIBRARY = "libc++";
				CLANG_ENABLE_MODULES = YES;
				CLANG_ENABLE_OBJC_ARC = YES;
				CLANG_ENABLE_OBJC_WEAK = YES;
				CLANG_WARN_BLOCK_CAPTURE_AUTORELEASING = YES;
				CLANG_WARN_BOOL_CONVERSION = YES;
				CLANG_WARN_COMMA = YES;
				CLANG_WARN_CONSTANT_CONVERSION = YES;
				CLANG_WARN_DEPRECATED_OBJC_IMPLEMENTATIONS = YES;
				CLANG_WARN_DIRECT_OBJC_ISA_USAGE = YES_ERROR;
				CLANG_WARN_DOCUMENTATION_COMMENTS = YES;
				CLANG_WARN_EMPTY_BODY = YES;
				CLANG_WARN_ENUM_CONVERSION = YES;
				CLANG_WARN_INFINITE_RECURSION = YES;
				CLANG_WARN_INT_CONVERSION = YES;
				CLANG_WARN_NON_LITERAL_NULL_CONVERSION = YES;
				CLANG_WARN_OBJC_IMPLICIT_RETAIN_SELF = YES;
				CLANG_WARN_OBJC_LITERAL_CONVERSION = YES;
				CLANG_WARN_OBJC_ROOT_CLASS = YES_ERROR;
				CLANG_WARN_RANGE_LOOP_ANALYSIS = YES;
				CLANG_WARN_STRICT_PROTOTYPES = YES;
				CLANG_WARN_SUSPICIOUS_MOVE = YES;
				CLANG_WARN_UNGUARDED_AVAILABILITY = YES_AGGRESSIVE;
				CLANG_WARN_UNREACHABLE_CODE = YES;
				CLANG_WARN__DUPLICATE_METHOD_MATCH = YES;
				CODE_SIGN_IDENTITY = "iPhone Developer";
				COPY_PHASE_STRIP = NO;
				DEBUG_INFORMATION_FORMAT = dwarf;
				ENABLE_STRICT_OBJC_MSGSEND = YES;
				ENABLE_TESTABILITY = YES;
				GCC_C_LANGUAGE_STANDARD = gnu11;
				GCC_DYNAMIC_NO_PIC = NO;
				GCC_NO_COMMON_BLOCKS = YES;
				GCC_OPTIMIZATION_LEVEL = 0;
				GCC_PREPROCESSOR_DEFINITIONS = (
					"DEBUG=1",
					"$(inherited)",
				);
				GCC_WARN_64_TO_32_BIT_CONVERSION = YES;
				GCC_WARN_ABOUT_RETURN_TYPE = YES_ERROR;
				GCC_WARN_UNDECLARED_SELECTOR = YES;
				GCC_WARN_UNINITIALIZED_AUTOS = YES_AGGRESSIVE;
				GCC_WARN_UNUSED_FUNCTION = YES;
				GCC_WARN_UNUSED_VARIABLE = YES;
				IPHONEOS_DEPLOYMENT_TARGET = 12.1;
				MTL_ENABLE_DEBUG_INFO = INCLUDE_SOURCE;
				MTL_FAST_MATH = YES;
				ONLY_ACTIVE_ARCH = YES;
				SDKROOT = iphoneos;
				SWIFT_ACTIVE_COMPILATION_CONDITIONS = DEBUG;
				SWIFT_OPTIMIZATION_LEVEL = "-Onone";
			};
			name = Debug;
		};
		3065BD2321A2E6E50005339A /* Release */ = {
			isa = XCBuildConfiguration;
			buildSettings = {
				ALWAYS_SEARCH_USER_PATHS = NO;
				CLANG_ANALYZER_NONNULL = YES;
				CLANG_ANALYZER_NUMBER_OBJECT_CONVERSION = YES_AGGRESSIVE;
				CLANG_CXX_LANGUAGE_STANDARD = "gnu++14";
				CLANG_CXX_LIBRARY = "libc++";
				CLANG_ENABLE_MODULES = YES;
				CLANG_ENABLE_OBJC_ARC = YES;
				CLANG_ENABLE_OBJC_WEAK = YES;
				CLANG_WARN_BLOCK_CAPTURE_AUTORELEASING = YES;
				CLANG_WARN_BOOL_CONVERSION = YES;
				CLANG_WARN_COMMA = YES;
				CLANG_WARN_CONSTANT_CONVERSION = YES;
				CLANG_WARN_DEPRECATED_OBJC_IMPLEMENTATIONS = YES;
				CLANG_WARN_DIRECT_OBJC_ISA_USAGE = YES_ERROR;
				CLANG_WARN_DOCUMENTATION_COMMENTS = YES;
				CLANG_WARN_EMPTY_BODY = YES;
				CLANG_WARN_ENUM_CONVERSION = YES;
				CLANG_WARN_INFINITE_RECURSION = YES;
				CLANG_WARN_INT_CONVERSION = YES;
				CLANG_WARN_NON_LITERAL_NULL_CONVERSION = YES;
				CLANG_WARN_OBJC_IMPLICIT_RETAIN_SELF = YES;
				CLANG_WARN_OBJC_LITERAL_CONVERSION = YES;
				CLANG_WARN_OBJC_ROOT_CLASS = YES_ERROR;
				CLANG_WARN_RANGE_LOOP_ANALYSIS = YES;
				CLANG_WARN_STRICT_PROTOTYPES = YES;
				CLANG_WARN_SUSPICIOUS_MOVE = YES;
				CLANG_WARN_UNGUARDED_AVAILABILITY = YES_AGGRESSIVE;
				CLANG_WARN_UNREACHABLE_CODE = YES;
				CLANG_WARN__DUPLICATE_METHOD_MATCH = YES;
				CODE_SIGN_IDENTITY = "iPhone Developer";
				COPY_PHASE_STRIP = NO;
				DEBUG_INFORMATION_FORMAT = "dwarf-with-dsym";
				ENABLE_NS_ASSERTIONS = NO;
				ENABLE_STRICT_OBJC_MSGSEND = YES;
				GCC_C_LANGUAGE_STANDARD = gnu11;
				GCC_NO_COMMON_BLOCKS = YES;
				GCC_WARN_64_TO_32_BIT_CONVERSION = YES;
				GCC_WARN_ABOUT_RETURN_TYPE = YES_ERROR;
				GCC_WARN_UNDECLARED_SELECTOR = YES;
				GCC_WARN_UNINITIALIZED_AUTOS = YES_AGGRESSIVE;
				GCC_WARN_UNUSED_FUNCTION = YES;
				GCC_WARN_UNUSED_VARIABLE = YES;
				IPHONEOS_DEPLOYMENT_TARGET = 12.1;
				MTL_ENABLE_DEBUG_INFO = NO;
				MTL_FAST_MATH = YES;
				SDKROOT = iphoneos;
				SWIFT_COMPILATION_MODE = wholemodule;
				SWIFT_OPTIMIZATION_LEVEL = "-O";
				VALIDATE_PRODUCT = YES;
			};
			name = Release;
		};
		3065BD2521A2E6E50005339A /* Debug */ = {
			isa = XCBuildConfiguration;
			buildSettings = {
				ALWAYS_EMBED_SWIFT_STANDARD_LIBRARIES = YES;
				ASSETCATALOG_COMPILER_APPICON_NAME = AppIcon;
				CODE_SIGN_ENTITLEMENTS = RuleOfThumb/RuleOfThumb.entitlements;
				CODE_SIGN_STYLE = Automatic;
				DEVELOPMENT_TEAM = 4YUW7D4357;
				INFOPLIST_FILE = RuleOfThumb/Info.plist;
				LD_RUNPATH_SEARCH_PATHS = (
					"$(inherited)",
					"@executable_path/Frameworks",
				);
				PRODUCT_BUNDLE_IDENTIFIER = "somanydeadlines.RuleOfThumb-Debora";
				PRODUCT_NAME = "$(TARGET_NAME)";
				SWIFT_VERSION = 4.2;
				TARGETED_DEVICE_FAMILY = "1,2";
			};
			name = Debug;
		};
		3065BD2621A2E6E50005339A /* Release */ = {
			isa = XCBuildConfiguration;
			buildSettings = {
				ALWAYS_EMBED_SWIFT_STANDARD_LIBRARIES = YES;
				ASSETCATALOG_COMPILER_APPICON_NAME = AppIcon;
				CODE_SIGN_ENTITLEMENTS = RuleOfThumb/RuleOfThumb.entitlements;
				CODE_SIGN_STYLE = Automatic;
				DEVELOPMENT_TEAM = 4YUW7D4357;
				INFOPLIST_FILE = RuleOfThumb/Info.plist;
				LD_RUNPATH_SEARCH_PATHS = (
					"$(inherited)",
					"@executable_path/Frameworks",
				);
				PRODUCT_BUNDLE_IDENTIFIER = "somanydeadlines.RuleOfThumb-Debora";
				PRODUCT_NAME = "$(TARGET_NAME)";
				SWIFT_VERSION = 4.2;
				TARGETED_DEVICE_FAMILY = "1,2";
			};
			name = Release;
		};
		3065BD2821A2E6E50005339A /* Debug */ = {
			isa = XCBuildConfiguration;
			buildSettings = {
				ALWAYS_EMBED_SWIFT_STANDARD_LIBRARIES = YES;
				BUNDLE_LOADER = "$(TEST_HOST)";
				CODE_SIGN_STYLE = Automatic;
				DEVELOPMENT_TEAM = Y93JMM3H2T;
				INFOPLIST_FILE = RuleOfThumbTests/Info.plist;
				LD_RUNPATH_SEARCH_PATHS = (
					"$(inherited)",
					"@executable_path/Frameworks",
					"@loader_path/Frameworks",
				);
				PRODUCT_BUNDLE_IDENTIFIER = somanydeadlines.RuleOfThumbTests;
				PRODUCT_NAME = "$(TARGET_NAME)";
				SWIFT_VERSION = 4.2;
				TARGETED_DEVICE_FAMILY = "1,2";
				TEST_HOST = "$(BUILT_PRODUCTS_DIR)/RuleOfThumb.app/RuleOfThumb";
			};
			name = Debug;
		};
		3065BD2921A2E6E50005339A /* Release */ = {
			isa = XCBuildConfiguration;
			buildSettings = {
				ALWAYS_EMBED_SWIFT_STANDARD_LIBRARIES = YES;
				BUNDLE_LOADER = "$(TEST_HOST)";
				CODE_SIGN_STYLE = Automatic;
				DEVELOPMENT_TEAM = Y93JMM3H2T;
				INFOPLIST_FILE = RuleOfThumbTests/Info.plist;
				LD_RUNPATH_SEARCH_PATHS = (
					"$(inherited)",
					"@executable_path/Frameworks",
					"@loader_path/Frameworks",
				);
				PRODUCT_BUNDLE_IDENTIFIER = somanydeadlines.RuleOfThumbTests;
				PRODUCT_NAME = "$(TARGET_NAME)";
				SWIFT_VERSION = 4.2;
				TARGETED_DEVICE_FAMILY = "1,2";
				TEST_HOST = "$(BUILT_PRODUCTS_DIR)/RuleOfThumb.app/RuleOfThumb";
			};
			name = Release;
		};
		3065BD2B21A2E6E50005339A /* Debug */ = {
			isa = XCBuildConfiguration;
			buildSettings = {
				ALWAYS_EMBED_SWIFT_STANDARD_LIBRARIES = YES;
				CODE_SIGN_STYLE = Automatic;
				DEVELOPMENT_TEAM = Y93JMM3H2T;
				INFOPLIST_FILE = RuleOfThumbUITests/Info.plist;
				LD_RUNPATH_SEARCH_PATHS = (
					"$(inherited)",
					"@executable_path/Frameworks",
					"@loader_path/Frameworks",
				);
				PRODUCT_BUNDLE_IDENTIFIER = somanydeadlines.RuleOfThumbUITests;
				PRODUCT_NAME = "$(TARGET_NAME)";
				SWIFT_VERSION = 4.2;
				TARGETED_DEVICE_FAMILY = "1,2";
				TEST_TARGET_NAME = RuleOfThumb;
			};
			name = Debug;
		};
		3065BD2C21A2E6E50005339A /* Release */ = {
			isa = XCBuildConfiguration;
			buildSettings = {
				ALWAYS_EMBED_SWIFT_STANDARD_LIBRARIES = YES;
				CODE_SIGN_STYLE = Automatic;
				DEVELOPMENT_TEAM = Y93JMM3H2T;
				INFOPLIST_FILE = RuleOfThumbUITests/Info.plist;
				LD_RUNPATH_SEARCH_PATHS = (
					"$(inherited)",
					"@executable_path/Frameworks",
					"@loader_path/Frameworks",
				);
				PRODUCT_BUNDLE_IDENTIFIER = somanydeadlines.RuleOfThumbUITests;
				PRODUCT_NAME = "$(TARGET_NAME)";
				SWIFT_VERSION = 4.2;
				TARGETED_DEVICE_FAMILY = "1,2";
				TEST_TARGET_NAME = RuleOfThumb;
			};
			name = Release;
		};
		30ABEA6721B7F8A2008C03A3 /* Debug */ = {
			isa = XCBuildConfiguration;
			buildSettings = {
				CODE_SIGN_STYLE = Automatic;
				DEVELOPMENT_TEAM = 4YUW7D4357;
				INFOPLIST_FILE = RuleOfThumbNotificationService/Info.plist;
				LD_RUNPATH_SEARCH_PATHS = (
					"$(inherited)",
					"@executable_path/Frameworks",
					"@executable_path/../../Frameworks",
				);
				PRODUCT_BUNDLE_IDENTIFIER = "somanydeadlines.RuleOfThumb-Debora.RuleOfThumbNotificationService";
				PRODUCT_NAME = "$(TARGET_NAME)";
				SKIP_INSTALL = YES;
				SWIFT_VERSION = 4.2;
				TARGETED_DEVICE_FAMILY = "1,2";
			};
			name = Debug;
		};
		30ABEA6821B7F8A2008C03A3 /* Release */ = {
			isa = XCBuildConfiguration;
			buildSettings = {
				CODE_SIGN_STYLE = Automatic;
				DEVELOPMENT_TEAM = 4YUW7D4357;
				INFOPLIST_FILE = RuleOfThumbNotificationService/Info.plist;
				LD_RUNPATH_SEARCH_PATHS = (
					"$(inherited)",
					"@executable_path/Frameworks",
					"@executable_path/../../Frameworks",
				);
				PRODUCT_BUNDLE_IDENTIFIER = "somanydeadlines.RuleOfThumb-Debora.RuleOfThumbNotificationService";
				PRODUCT_NAME = "$(TARGET_NAME)";
				SKIP_INSTALL = YES;
				SWIFT_VERSION = 4.2;
				TARGETED_DEVICE_FAMILY = "1,2";
			};
			name = Release;
		};
		E51A7E9421BE08F2000A1DA0 /* Debug */ = {
			isa = XCBuildConfiguration;
			buildSettings = {
				ASSETCATALOG_COMPILER_COMPLICATION_NAME = Complication;
				CODE_SIGN_ENTITLEMENTS = "VeeHomeWatch Extension/VeeHomeWatch Extension.entitlements";
				CODE_SIGN_STYLE = Automatic;
				DEVELOPMENT_TEAM = 4YUW7D4357;
				INFOPLIST_FILE = "VeeHomeWatch Extension/Info.plist";
				LD_RUNPATH_SEARCH_PATHS = (
					"$(inherited)",
					"@executable_path/Frameworks",
					"@executable_path/../../Frameworks",
				);
				PRODUCT_BUNDLE_IDENTIFIER = "somanydeadlines.RuleOfThumb-Debora.watchkitapp.watchkitextension";
				PRODUCT_NAME = "${TARGET_NAME}";
				SDKROOT = watchos;
				SKIP_INSTALL = YES;
				SWIFT_VERSION = 4.2;
				TARGETED_DEVICE_FAMILY = 4;
				WATCHOS_DEPLOYMENT_TARGET = 4.3;
			};
			name = Debug;
		};
		E51A7E9521BE08F2000A1DA0 /* Release */ = {
			isa = XCBuildConfiguration;
			buildSettings = {
				ASSETCATALOG_COMPILER_COMPLICATION_NAME = Complication;
				CODE_SIGN_ENTITLEMENTS = "VeeHomeWatch Extension/VeeHomeWatch Extension.entitlements";
				CODE_SIGN_STYLE = Automatic;
				DEVELOPMENT_TEAM = 4YUW7D4357;
				INFOPLIST_FILE = "VeeHomeWatch Extension/Info.plist";
				LD_RUNPATH_SEARCH_PATHS = (
					"$(inherited)",
					"@executable_path/Frameworks",
					"@executable_path/../../Frameworks",
				);
				PRODUCT_BUNDLE_IDENTIFIER = "somanydeadlines.RuleOfThumb-Debora.watchkitapp.watchkitextension";
				PRODUCT_NAME = "${TARGET_NAME}";
				SDKROOT = watchos;
				SKIP_INSTALL = YES;
				SWIFT_VERSION = 4.2;
				TARGETED_DEVICE_FAMILY = 4;
				WATCHOS_DEPLOYMENT_TARGET = 4.3;
			};
			name = Release;
		};
		E51A7E9821BE08F2000A1DA0 /* Debug */ = {
			isa = XCBuildConfiguration;
			buildSettings = {
				ALWAYS_EMBED_SWIFT_STANDARD_LIBRARIES = YES;
				ASSETCATALOG_COMPILER_APPICON_NAME = AppIcon;
				CODE_SIGN_STYLE = Automatic;
				DEVELOPMENT_TEAM = 4YUW7D4357;
				IBSC_MODULE = VeeHomeWatch_Extension;
				INFOPLIST_FILE = VeeHomeWatch/Info.plist;
				PRODUCT_BUNDLE_IDENTIFIER = "somanydeadlines.RuleOfThumb-Debora.watchkitapp";
				PRODUCT_NAME = "$(TARGET_NAME)";
				SDKROOT = watchos;
				SKIP_INSTALL = YES;
				SWIFT_VERSION = 4.2;
				TARGETED_DEVICE_FAMILY = 4;
				WATCHOS_DEPLOYMENT_TARGET = 4.3;
			};
			name = Debug;
		};
		E51A7E9921BE08F2000A1DA0 /* Release */ = {
			isa = XCBuildConfiguration;
			buildSettings = {
				ALWAYS_EMBED_SWIFT_STANDARD_LIBRARIES = YES;
				ASSETCATALOG_COMPILER_APPICON_NAME = AppIcon;
				CODE_SIGN_STYLE = Automatic;
				DEVELOPMENT_TEAM = 4YUW7D4357;
				IBSC_MODULE = VeeHomeWatch_Extension;
				INFOPLIST_FILE = VeeHomeWatch/Info.plist;
				PRODUCT_BUNDLE_IDENTIFIER = "somanydeadlines.RuleOfThumb-Debora.watchkitapp";
				PRODUCT_NAME = "$(TARGET_NAME)";
				SDKROOT = watchos;
				SKIP_INSTALL = YES;
				SWIFT_VERSION = 4.2;
				TARGETED_DEVICE_FAMILY = 4;
				WATCHOS_DEPLOYMENT_TARGET = 4.3;
			};
			name = Release;
		};
/* End XCBuildConfiguration section */

/* Begin XCConfigurationList section */
		3065BCF421A2E6E30005339A /* Build configuration list for PBXProject "RuleOfThumb" */ = {
			isa = XCConfigurationList;
			buildConfigurations = (
				3065BD2221A2E6E50005339A /* Debug */,
				3065BD2321A2E6E50005339A /* Release */,
			);
			defaultConfigurationIsVisible = 0;
			defaultConfigurationName = Release;
		};
		3065BD2421A2E6E50005339A /* Build configuration list for PBXNativeTarget "RuleOfThumb" */ = {
			isa = XCConfigurationList;
			buildConfigurations = (
				3065BD2521A2E6E50005339A /* Debug */,
				3065BD2621A2E6E50005339A /* Release */,
			);
			defaultConfigurationIsVisible = 0;
			defaultConfigurationName = Release;
		};
		3065BD2721A2E6E50005339A /* Build configuration list for PBXNativeTarget "RuleOfThumbTests" */ = {
			isa = XCConfigurationList;
			buildConfigurations = (
				3065BD2821A2E6E50005339A /* Debug */,
				3065BD2921A2E6E50005339A /* Release */,
			);
			defaultConfigurationIsVisible = 0;
			defaultConfigurationName = Release;
		};
		3065BD2A21A2E6E50005339A /* Build configuration list for PBXNativeTarget "RuleOfThumbUITests" */ = {
			isa = XCConfigurationList;
			buildConfigurations = (
				3065BD2B21A2E6E50005339A /* Debug */,
				3065BD2C21A2E6E50005339A /* Release */,
			);
			defaultConfigurationIsVisible = 0;
			defaultConfigurationName = Release;
		};
		30ABEA6621B7F8A2008C03A3 /* Build configuration list for PBXNativeTarget "RuleOfThumbNotificationService" */ = {
			isa = XCConfigurationList;
			buildConfigurations = (
				30ABEA6721B7F8A2008C03A3 /* Debug */,
				30ABEA6821B7F8A2008C03A3 /* Release */,
			);
			defaultConfigurationIsVisible = 0;
			defaultConfigurationName = Release;
		};
		E51A7E9321BE08F2000A1DA0 /* Build configuration list for PBXNativeTarget "VeeHomeWatch Extension" */ = {
			isa = XCConfigurationList;
			buildConfigurations = (
				E51A7E9421BE08F2000A1DA0 /* Debug */,
				E51A7E9521BE08F2000A1DA0 /* Release */,
			);
			defaultConfigurationIsVisible = 0;
			defaultConfigurationName = Release;
		};
		E51A7E9721BE08F2000A1DA0 /* Build configuration list for PBXNativeTarget "VeeHomeWatch" */ = {
			isa = XCConfigurationList;
			buildConfigurations = (
				E51A7E9821BE08F2000A1DA0 /* Debug */,
				E51A7E9921BE08F2000A1DA0 /* Release */,
			);
			defaultConfigurationIsVisible = 0;
			defaultConfigurationName = Release;
		};
/* End XCConfigurationList section */

/* Begin XCVersionGroup section */
		3065BD0321A2E6E30005339A /* RuleOfThumb.xcdatamodeld */ = {
			isa = XCVersionGroup;
			children = (
				3065BD0421A2E6E30005339A /* RuleOfThumb.xcdatamodel */,
			);
			currentVersion = 3065BD0421A2E6E30005339A /* RuleOfThumb.xcdatamodel */;
			path = RuleOfThumb.xcdatamodeld;
			sourceTree = "<group>";
			versionGroupType = wrapper.xcdatamodel;
		};
/* End XCVersionGroup section */
	};
	rootObject = 3065BCF121A2E6E30005339A /* Project object */;
}
